// !$*UTF8*$!
{
	archiveVersion = 1;
	classes = {
	};
	objectVersion = 46;
	objects = {

/* Begin PBXBuildFile section */
		3A055DBE1ADE36F10005B6E3 /* Animation.swift in Sources */ = {isa = PBXBuildFile; fileRef = 3A055DBD1ADE36F10005B6E3 /* Animation.swift */; };
		3A3021451ADD6C3B00FBE3B2 /* freeze.sks in Resources */ = {isa = PBXBuildFile; fileRef = 3A3021431ADD6C3B00FBE3B2 /* freeze.sks */; };
		3A3021481ADD779900FBE3B2 /* ice-fog.sks in Resources */ = {isa = PBXBuildFile; fileRef = 3A3021471ADD779900FBE3B2 /* ice-fog.sks */; };
		3A49F83F1ADFA35C0008B2CB /* button-back.png in Resources */ = {isa = PBXBuildFile; fileRef = 3A49F83A1ADFA35C0008B2CB /* button-back.png */; };
		3A49F8401ADFA35C0008B2CB /* button-continue.png in Resources */ = {isa = PBXBuildFile; fileRef = 3A49F83B1ADFA35C0008B2CB /* button-continue.png */; };
		3A49F8411ADFA35C0008B2CB /* button-home.png in Resources */ = {isa = PBXBuildFile; fileRef = 3A49F83C1ADFA35C0008B2CB /* button-home.png */; };
		3A49F8421ADFA35C0008B2CB /* button-pause.png in Resources */ = {isa = PBXBuildFile; fileRef = 3A49F83D1ADFA35C0008B2CB /* button-pause.png */; };
		3A49F8431ADFA35C0008B2CB /* button-restart.png in Resources */ = {isa = PBXBuildFile; fileRef = 3A49F83E1ADFA35C0008B2CB /* button-restart.png */; };
		3A49F8451ADFA5680008B2CB /* ButtonNode.swift in Sources */ = {isa = PBXBuildFile; fileRef = 3A49F8441ADFA5680008B2CB /* ButtonNode.swift */; };
		3A49F8471ADFA5F60008B2CB /* GameButton.swift in Sources */ = {isa = PBXBuildFile; fileRef = 3A49F8461ADFA5F60008B2CB /* GameButton.swift */; };
		3A70129D1ADA3CA9002D2BB9 /* MenuViewController.swift in Sources */ = {isa = PBXBuildFile; fileRef = 3A70129C1ADA3CA9002D2BB9 /* MenuViewController.swift */; };
		3A7012A01ADA3CEC002D2BB9 /* background.jpg in Resources */ = {isa = PBXBuildFile; fileRef = 3A70129F1ADA3CEC002D2BB9 /* background.jpg */; };
		3A7012A21ADA4082002D2BB9 /* InstructionViewController.swift in Sources */ = {isa = PBXBuildFile; fileRef = 3A7012A11ADA4082002D2BB9 /* InstructionViewController.swift */; };
		3A7012A61ADA41EA002D2BB9 /* button-instruction.png in Resources */ = {isa = PBXBuildFile; fileRef = 3A7012A41ADA41EA002D2BB9 /* button-instruction.png */; };
		3A7012A71ADA41EA002D2BB9 /* button-start-game.png in Resources */ = {isa = PBXBuildFile; fileRef = 3A7012A51ADA41EA002D2BB9 /* button-start-game.png */; };
		3A7687A01ADE9CBE00BA87F2 /* upgrade.sks in Resources */ = {isa = PBXBuildFile; fileRef = 3A76879F1ADE9CBE00BA87F2 /* upgrade.sks */; };
		3AD4A3BC1ADA4D4B00E63495 /* goat-big.png in Resources */ = {isa = PBXBuildFile; fileRef = 3AD4A3B71ADA4D4B00E63495 /* goat-big.png */; };
		3AD4A3BD1ADA4D4B00E63495 /* goat-huge.png in Resources */ = {isa = PBXBuildFile; fileRef = 3AD4A3B81ADA4D4B00E63495 /* goat-huge.png */; };
		3AD4A3BE1ADA4D4B00E63495 /* goat-medium.png in Resources */ = {isa = PBXBuildFile; fileRef = 3AD4A3B91ADA4D4B00E63495 /* goat-medium.png */; };
		3AD4A3BF1ADA4D4B00E63495 /* goat-small.png in Resources */ = {isa = PBXBuildFile; fileRef = 3AD4A3BA1ADA4D4B00E63495 /* goat-small.png */; };
		3AD4A3C01ADA4D4B00E63495 /* goat-tiny.png in Resources */ = {isa = PBXBuildFile; fileRef = 3AD4A3BB1ADA4D4B00E63495 /* goat-tiny.png */; };
		3AD4A4241ADA50CD00E63495 /* PowerUp.swift in Sources */ = {isa = PBXBuildFile; fileRef = 3AD4A4231ADA50CD00E63495 /* PowerUp.swift */; };
		3AD4A4371ADB232700E63495 /* CategoryNode.swift in Sources */ = {isa = PBXBuildFile; fileRef = 3AD4A4361ADB232700E63495 /* CategoryNode.swift */; };
		3AD713171ADE5EB400E9544C /* fire.sks in Resources */ = {isa = PBXBuildFile; fileRef = 3AD713151ADE5EB400E9544C /* fire.sks */; };
		3AD713181ADE5EB400E9544C /* spark.png in Resources */ = {isa = PBXBuildFile; fileRef = 3AD713161ADE5EB400E9544C /* spark.png */; };
		3AE20F831AD9A6FC00EE8CE0 /* topbar3.png in Resources */ = {isa = PBXBuildFile; fileRef = 3AE20F811AD9A6FC00EE8CE0 /* topbar3.png */; };
		3BBBA6811ADD565F003A401D /* PageItemController.swift in Sources */ = {isa = PBXBuildFile; fileRef = 3BBBA6801ADD565F003A401D /* PageItemController.swift */; };
		3BBE77A01ADF00560071CFEE /* back-button-hi.png in Resources */ = {isa = PBXBuildFile; fileRef = 3BBE779F1ADF00560071CFEE /* back-button-hi.png */; };
		3BD81EDF1AD6EE8900599E30 /* PowerUpNode.swift in Sources */ = {isa = PBXBuildFile; fileRef = 3BD81EDE1AD6EE8900599E30 /* PowerUpNode.swift */; };
		9606B63D1ADFDCCA005442EF /* EasyAI.swift in Sources */ = {isa = PBXBuildFile; fileRef = 9606B63C1ADFDCCA005442EF /* EasyAI.swift */; };
		9616925F1AC4621C0016523C /* GameModel.swift in Sources */ = {isa = PBXBuildFile; fileRef = 9616925E1AC4621C0016523C /* GameModel.swift */; };
		9660B9FF1AC44F4A00A053A2 /* LoadingNode.swift in Sources */ = {isa = PBXBuildFile; fileRef = 9660B9FE1AC44F4A00A053A2 /* LoadingNode.swift */; };
		967F6D891AC55C1B00B50207 /* Animal.swift in Sources */ = {isa = PBXBuildFile; fileRef = 967F6D881AC55C1B00B50207 /* Animal.swift */; };
		96972B461AC2C77000FF2DC5 /* AppDelegate.swift in Sources */ = {isa = PBXBuildFile; fileRef = 96972B451AC2C77000FF2DC5 /* AppDelegate.swift */; };
		96972B481AC2C77000FF2DC5 /* GameScene.sks in Resources */ = {isa = PBXBuildFile; fileRef = 96972B471AC2C77000FF2DC5 /* GameScene.sks */; };
		96972B4A1AC2C77000FF2DC5 /* GameScene.swift in Sources */ = {isa = PBXBuildFile; fileRef = 96972B491AC2C77000FF2DC5 /* GameScene.swift */; };
		96972B4C1AC2C77000FF2DC5 /* GameViewController.swift in Sources */ = {isa = PBXBuildFile; fileRef = 96972B4B1AC2C77000FF2DC5 /* GameViewController.swift */; };
		96972B4F1AC2C77000FF2DC5 /* Main.storyboard in Resources */ = {isa = PBXBuildFile; fileRef = 96972B4D1AC2C77000FF2DC5 /* Main.storyboard */; };
		96972B511AC2C77000FF2DC5 /* Images.xcassets in Resources */ = {isa = PBXBuildFile; fileRef = 96972B501AC2C77000FF2DC5 /* Images.xcassets */; };
		96972B541AC2C77000FF2DC5 /* LaunchScreen.xib in Resources */ = {isa = PBXBuildFile; fileRef = 96972B521AC2C77000FF2DC5 /* LaunchScreen.xib */; };
		96972B601AC2C77000FF2DC5 /* CattleBattleTests.swift in Sources */ = {isa = PBXBuildFile; fileRef = 96972B5F1AC2C77000FF2DC5 /* CattleBattleTests.swift */; };
		96CAA74B1AD0074B0094AC44 /* ArrowNode.swift in Sources */ = {isa = PBXBuildFile; fileRef = 96CAA74A1AD0074B0094AC44 /* ArrowNode.swift */; };
		C33F32271ADC001E00964B5D /* item-selected-blackhole.png in Resources */ = {isa = PBXBuildFile; fileRef = C33F321D1ADC001E00964B5D /* item-selected-blackhole.png */; };
		C33F32281ADC001E00964B5D /* item-selected-freeze.png in Resources */ = {isa = PBXBuildFile; fileRef = C33F321E1ADC001E00964B5D /* item-selected-freeze.png */; };
		C33F32291ADC001E00964B5D /* item-selected-fire.png in Resources */ = {isa = PBXBuildFile; fileRef = C33F321F1ADC001E00964B5D /* item-selected-fire.png */; };
		C33F322A1ADC001E00964B5D /* item-selected-upgrade.png in Resources */ = {isa = PBXBuildFile; fileRef = C33F32201ADC001E00964B5D /* item-selected-upgrade.png */; };
		C33F322B1ADC001E00964B5D /* item-waiting-blackhole.png in Resources */ = {isa = PBXBuildFile; fileRef = C33F32221ADC001E00964B5D /* item-waiting-blackhole.png */; };
		C33F322C1ADC001E00964B5D /* item-waiting-freeze.png in Resources */ = {isa = PBXBuildFile; fileRef = C33F32231ADC001E00964B5D /* item-waiting-freeze.png */; };
		C33F322D1ADC001E00964B5D /* item-waiting-fire.png in Resources */ = {isa = PBXBuildFile; fileRef = C33F32241ADC001E00964B5D /* item-waiting-fire.png */; };
		C33F322E1ADC001E00964B5D /* item-waiting-upgrade.png in Resources */ = {isa = PBXBuildFile; fileRef = C33F32251ADC001E00964B5D /* item-waiting-upgrade.png */; };
		C33F32301ADC3B9300964B5D /* AnimationNode.swift in Sources */ = {isa = PBXBuildFile; fileRef = C33F322F1ADC3B9300964B5D /* AnimationNode.swift */; };
		C35441521ACD7EAE00BA7369 /* AnimalNode.swift in Sources */ = {isa = PBXBuildFile; fileRef = C35441511ACD7EAE00BA7369 /* AnimalNode.swift */; };
		C35441581ACDC0AC00BA7369 /* arrow-left.png in Resources */ = {isa = PBXBuildFile; fileRef = C35441541ACDC0AC00BA7369 /* arrow-left.png */; };
		C35441591ACDC0AC00BA7369 /* arrow-right.png in Resources */ = {isa = PBXBuildFile; fileRef = C35441551ACDC0AC00BA7369 /* arrow-right.png */; };
		C354415A1ACDC0AC00BA7369 /* bank-left.png in Resources */ = {isa = PBXBuildFile; fileRef = C35441561ACDC0AC00BA7369 /* bank-left.png */; };
		C354415B1ACDC0AC00BA7369 /* bank-right.png in Resources */ = {isa = PBXBuildFile; fileRef = C35441571ACDC0AC00BA7369 /* bank-right.png */; };
		C385F6A81AD14813003B4E74 /* SKNodeExtension.swift in Sources */ = {isa = PBXBuildFile; fileRef = C385F6A71AD14813003B4E74 /* SKNodeExtension.swift */; };
		C3AE5D551ACB081B00E8E8F2 /* bridge.png in Resources */ = {isa = PBXBuildFile; fileRef = C3AE5D521ACB081B00E8E8F2 /* bridge.png */; };
		C3B37F301ADD62DE00CB747C /* animation-freezing2.png in Resources */ = {isa = PBXBuildFile; fileRef = C3B37F2D1ADD62DE00CB747C /* animation-freezing2.png */; };
		C3B37F311ADD62DE00CB747C /* animation-blackhole.png in Resources */ = {isa = PBXBuildFile; fileRef = C3B37F2E1ADD62DE00CB747C /* animation-blackhole.png */; };
		C3B37F321ADD62DE00CB747C /* animation-freezing1.png in Resources */ = {isa = PBXBuildFile; fileRef = C3B37F2F1ADD62DE00CB747C /* animation-freezing1.png */; };
		C3D7EACE1ACFEE9200A61851 /* goat-bumping-black-1.png in Resources */ = {isa = PBXBuildFile; fileRef = C3D7EAA81ACFEE9200A61851 /* goat-bumping-black-1.png */; };
		C3D7EACF1ACFEE9200A61851 /* goat-bumping-black-2.png in Resources */ = {isa = PBXBuildFile; fileRef = C3D7EAA91ACFEE9200A61851 /* goat-bumping-black-2.png */; };
		C3D7EAD01ACFEE9200A61851 /* goat-bumping-black-3.png in Resources */ = {isa = PBXBuildFile; fileRef = C3D7EAAA1ACFEE9200A61851 /* goat-bumping-black-3.png */; };
		C3D7EAD11ACFEE9200A61851 /* goat-bumping-black-4.png in Resources */ = {isa = PBXBuildFile; fileRef = C3D7EAAB1ACFEE9200A61851 /* goat-bumping-black-4.png */; };
		C3D7EAD21ACFEE9200A61851 /* goat-bumping-black-5.png in Resources */ = {isa = PBXBuildFile; fileRef = C3D7EAAC1ACFEE9200A61851 /* goat-bumping-black-5.png */; };
		C3D7EAD31ACFEE9200A61851 /* goat-bumping-white-1.png in Resources */ = {isa = PBXBuildFile; fileRef = C3D7EAAE1ACFEE9200A61851 /* goat-bumping-white-1.png */; };
		C3D7EAD41ACFEE9200A61851 /* goat-bumping-white-2.png in Resources */ = {isa = PBXBuildFile; fileRef = C3D7EAAF1ACFEE9200A61851 /* goat-bumping-white-2.png */; };
		C3D7EAD51ACFEE9200A61851 /* goat-bumping-white-3.png in Resources */ = {isa = PBXBuildFile; fileRef = C3D7EAB01ACFEE9200A61851 /* goat-bumping-white-3.png */; };
		C3D7EAD61ACFEE9200A61851 /* goat-bumping-white-4.png in Resources */ = {isa = PBXBuildFile; fileRef = C3D7EAB11ACFEE9200A61851 /* goat-bumping-white-4.png */; };
		C3D7EAD71ACFEE9200A61851 /* goat-bumping-white-5.png in Resources */ = {isa = PBXBuildFile; fileRef = C3D7EAB21ACFEE9200A61851 /* goat-bumping-white-5.png */; };
		C3D7EAD81ACFEE9200A61851 /* goat-button-black-1.png in Resources */ = {isa = PBXBuildFile; fileRef = C3D7EAB51ACFEE9200A61851 /* goat-button-black-1.png */; };
		C3D7EAD91ACFEE9200A61851 /* goat-button-black-2.png in Resources */ = {isa = PBXBuildFile; fileRef = C3D7EAB61ACFEE9200A61851 /* goat-button-black-2.png */; };
		C3D7EADA1ACFEE9200A61851 /* goat-button-black-3.png in Resources */ = {isa = PBXBuildFile; fileRef = C3D7EAB71ACFEE9200A61851 /* goat-button-black-3.png */; };
		C3D7EADB1ACFEE9200A61851 /* goat-button-black-4.png in Resources */ = {isa = PBXBuildFile; fileRef = C3D7EAB81ACFEE9200A61851 /* goat-button-black-4.png */; };
		C3D7EADC1ACFEE9200A61851 /* goat-button-black-5.png in Resources */ = {isa = PBXBuildFile; fileRef = C3D7EAB91ACFEE9200A61851 /* goat-button-black-5.png */; };
		C3D7EADD1ACFEE9200A61851 /* goat-button-white-1.png in Resources */ = {isa = PBXBuildFile; fileRef = C3D7EABB1ACFEE9200A61851 /* goat-button-white-1.png */; };
		C3D7EADE1ACFEE9200A61851 /* goat-button-white-2.png in Resources */ = {isa = PBXBuildFile; fileRef = C3D7EABC1ACFEE9200A61851 /* goat-button-white-2.png */; };
		C3D7EADF1ACFEE9200A61851 /* goat-button-white-3.png in Resources */ = {isa = PBXBuildFile; fileRef = C3D7EABD1ACFEE9200A61851 /* goat-button-white-3.png */; };
		C3D7EAE01ACFEE9200A61851 /* goat-button-white-4.png in Resources */ = {isa = PBXBuildFile; fileRef = C3D7EABE1ACFEE9200A61851 /* goat-button-white-4.png */; };
		C3D7EAE11ACFEE9200A61851 /* goat-button-white-5.png in Resources */ = {isa = PBXBuildFile; fileRef = C3D7EABF1ACFEE9200A61851 /* goat-button-white-5.png */; };
		C3D7EAE21ACFEE9200A61851 /* goat-deployed-black-1.png in Resources */ = {isa = PBXBuildFile; fileRef = C3D7EAC21ACFEE9200A61851 /* goat-deployed-black-1.png */; };
		C3D7EAE31ACFEE9200A61851 /* goat-deployed-black-2.png in Resources */ = {isa = PBXBuildFile; fileRef = C3D7EAC31ACFEE9200A61851 /* goat-deployed-black-2.png */; };
		C3D7EAE41ACFEE9200A61851 /* goat-deployed-black-3.png in Resources */ = {isa = PBXBuildFile; fileRef = C3D7EAC41ACFEE9200A61851 /* goat-deployed-black-3.png */; };
		C3D7EAE51ACFEE9200A61851 /* goat-deployed-black-4.png in Resources */ = {isa = PBXBuildFile; fileRef = C3D7EAC51ACFEE9200A61851 /* goat-deployed-black-4.png */; };
		C3D7EAE61ACFEE9200A61851 /* goat-deployed-black-5.png in Resources */ = {isa = PBXBuildFile; fileRef = C3D7EAC61ACFEE9200A61851 /* goat-deployed-black-5.png */; };
		C3D7EAE81ACFEE9200A61851 /* goat-deployed-white-1.png in Resources */ = {isa = PBXBuildFile; fileRef = C3D7EAC91ACFEE9200A61851 /* goat-deployed-white-1.png */; };
		C3D7EAE91ACFEE9200A61851 /* goat-deployed-white-2.png in Resources */ = {isa = PBXBuildFile; fileRef = C3D7EACA1ACFEE9200A61851 /* goat-deployed-white-2.png */; };
		C3D7EAEA1ACFEE9200A61851 /* goat-deployed-white-3.png in Resources */ = {isa = PBXBuildFile; fileRef = C3D7EACB1ACFEE9200A61851 /* goat-deployed-white-3.png */; };
		C3D7EAEB1ACFEE9200A61851 /* goat-deployed-white-4.png in Resources */ = {isa = PBXBuildFile; fileRef = C3D7EACC1ACFEE9200A61851 /* goat-deployed-white-4.png */; };
		C3D7EAEC1ACFEE9200A61851 /* goat-deployed-white-5.png in Resources */ = {isa = PBXBuildFile; fileRef = C3D7EACD1ACFEE9200A61851 /* goat-deployed-white-5.png */; };
		C3D7EB001AD069D800A61851 /* category-left.png in Resources */ = {isa = PBXBuildFile; fileRef = C3D7EAFC1AD069D800A61851 /* category-left.png */; };
		C3D7EB011AD069D800A61851 /* category-right.png in Resources */ = {isa = PBXBuildFile; fileRef = C3D7EAFD1AD069D800A61851 /* category-right.png */; };
		C3D7EB021AD069D800A61851 /* topbar.png in Resources */ = {isa = PBXBuildFile; fileRef = C3D7EAFE1AD069D800A61851 /* topbar.png */; };
		C3D7EB031AD069D800A61851 /* topbar2.png in Resources */ = {isa = PBXBuildFile; fileRef = C3D7EAFF1AD069D800A61851 /* topbar2.png */; };
		C3D7EB051AD0704400A61851 /* river.gif in Resources */ = {isa = PBXBuildFile; fileRef = C3D7EB041AD0704400A61851 /* river.gif */; };
/* End PBXBuildFile section */

/* Begin PBXContainerItemProxy section */
		96972B5A1AC2C77000FF2DC5 /* PBXContainerItemProxy */ = {
			isa = PBXContainerItemProxy;
			containerPortal = 96972B381AC2C76F00FF2DC5 /* Project object */;
			proxyType = 1;
			remoteGlobalIDString = 96972B3F1AC2C76F00FF2DC5;
			remoteInfo = CattleBattle;
		};
/* End PBXContainerItemProxy section */

/* Begin PBXFileReference section */
		3A055DBD1ADE36F10005B6E3 /* Animation.swift */ = {isa = PBXFileReference; fileEncoding = 4; lastKnownFileType = sourcecode.swift; path = Animation.swift; sourceTree = "<group>"; };
		3A3021431ADD6C3B00FBE3B2 /* freeze.sks */ = {isa = PBXFileReference; lastKnownFileType = file.sks; path = freeze.sks; sourceTree = "<group>"; };
		3A3021471ADD779900FBE3B2 /* ice-fog.sks */ = {isa = PBXFileReference; lastKnownFileType = file.sks; path = "ice-fog.sks"; sourceTree = "<group>"; };
		3A49F83A1ADFA35C0008B2CB /* button-back.png */ = {isa = PBXFileReference; lastKnownFileType = image.png; name = "button-back.png"; path = "Buttons/button-back.png"; sourceTree = "<group>"; };
		3A49F83B1ADFA35C0008B2CB /* button-continue.png */ = {isa = PBXFileReference; lastKnownFileType = image.png; name = "button-continue.png"; path = "Buttons/button-continue.png"; sourceTree = "<group>"; };
		3A49F83C1ADFA35C0008B2CB /* button-home.png */ = {isa = PBXFileReference; lastKnownFileType = image.png; name = "button-home.png"; path = "Buttons/button-home.png"; sourceTree = "<group>"; };
		3A49F83D1ADFA35C0008B2CB /* button-pause.png */ = {isa = PBXFileReference; lastKnownFileType = image.png; name = "button-pause.png"; path = "Buttons/button-pause.png"; sourceTree = "<group>"; };
		3A49F83E1ADFA35C0008B2CB /* button-restart.png */ = {isa = PBXFileReference; lastKnownFileType = image.png; name = "button-restart.png"; path = "Buttons/button-restart.png"; sourceTree = "<group>"; };
		3A49F8441ADFA5680008B2CB /* ButtonNode.swift */ = {isa = PBXFileReference; fileEncoding = 4; lastKnownFileType = sourcecode.swift; path = ButtonNode.swift; sourceTree = "<group>"; };
		3A49F8461ADFA5F60008B2CB /* GameButton.swift */ = {isa = PBXFileReference; fileEncoding = 4; lastKnownFileType = sourcecode.swift; path = GameButton.swift; sourceTree = "<group>"; };
		3A70129C1ADA3CA9002D2BB9 /* MenuViewController.swift */ = {isa = PBXFileReference; fileEncoding = 4; lastKnownFileType = sourcecode.swift; path = MenuViewController.swift; sourceTree = "<group>"; };
		3A70129F1ADA3CEC002D2BB9 /* background.jpg */ = {isa = PBXFileReference; lastKnownFileType = image.jpeg; path = background.jpg; sourceTree = "<group>"; };
		3A7012A11ADA4082002D2BB9 /* InstructionViewController.swift */ = {isa = PBXFileReference; fileEncoding = 4; lastKnownFileType = sourcecode.swift; path = InstructionViewController.swift; sourceTree = "<group>"; };
		3A7012A41ADA41EA002D2BB9 /* button-instruction.png */ = {isa = PBXFileReference; lastKnownFileType = image.png; name = "button-instruction.png"; path = "Buttons/button-instruction.png"; sourceTree = "<group>"; };
		3A7012A51ADA41EA002D2BB9 /* button-start-game.png */ = {isa = PBXFileReference; lastKnownFileType = image.png; name = "button-start-game.png"; path = "Buttons/button-start-game.png"; sourceTree = "<group>"; };
		3A76879F1ADE9CBE00BA87F2 /* upgrade.sks */ = {isa = PBXFileReference; lastKnownFileType = file.sks; name = upgrade.sks; path = ../upgrade.sks; sourceTree = "<group>"; };
		3AD4A3B71ADA4D4B00E63495 /* goat-big.png */ = {isa = PBXFileReference; lastKnownFileType = image.png; path = "goat-big.png"; sourceTree = "<group>"; };
		3AD4A3B81ADA4D4B00E63495 /* goat-huge.png */ = {isa = PBXFileReference; lastKnownFileType = image.png; path = "goat-huge.png"; sourceTree = "<group>"; };
		3AD4A3B91ADA4D4B00E63495 /* goat-medium.png */ = {isa = PBXFileReference; lastKnownFileType = image.png; path = "goat-medium.png"; sourceTree = "<group>"; };
		3AD4A3BA1ADA4D4B00E63495 /* goat-small.png */ = {isa = PBXFileReference; lastKnownFileType = image.png; path = "goat-small.png"; sourceTree = "<group>"; };
		3AD4A3BB1ADA4D4B00E63495 /* goat-tiny.png */ = {isa = PBXFileReference; lastKnownFileType = image.png; path = "goat-tiny.png"; sourceTree = "<group>"; };
		3AD4A4231ADA50CD00E63495 /* PowerUp.swift */ = {isa = PBXFileReference; fileEncoding = 4; lastKnownFileType = sourcecode.swift; path = PowerUp.swift; sourceTree = "<group>"; };
		3AD4A4361ADB232700E63495 /* CategoryNode.swift */ = {isa = PBXFileReference; fileEncoding = 4; lastKnownFileType = sourcecode.swift; path = CategoryNode.swift; sourceTree = "<group>"; };
		3AD713151ADE5EB400E9544C /* fire.sks */ = {isa = PBXFileReference; lastKnownFileType = file.sks; path = fire.sks; sourceTree = "<group>"; };
		3AD713161ADE5EB400E9544C /* spark.png */ = {isa = PBXFileReference; lastKnownFileType = image.png; path = spark.png; sourceTree = "<group>"; };
		3AE20F811AD9A6FC00EE8CE0 /* topbar3.png */ = {isa = PBXFileReference; lastKnownFileType = image.png; path = topbar3.png; sourceTree = "<group>"; };
		3BBBA6801ADD565F003A401D /* PageItemController.swift */ = {isa = PBXFileReference; fileEncoding = 4; lastKnownFileType = sourcecode.swift; path = PageItemController.swift; sourceTree = "<group>"; };
		3BBE779F1ADF00560071CFEE /* back-button-hi.png */ = {isa = PBXFileReference; lastKnownFileType = image.png; path = "back-button-hi.png"; sourceTree = "<group>"; };
		3BD81EDE1AD6EE8900599E30 /* PowerUpNode.swift */ = {isa = PBXFileReference; fileEncoding = 4; lastKnownFileType = sourcecode.swift; path = PowerUpNode.swift; sourceTree = "<group>"; };
		9606B63C1ADFDCCA005442EF /* EasyAI.swift */ = {isa = PBXFileReference; fileEncoding = 4; lastKnownFileType = sourcecode.swift; path = EasyAI.swift; sourceTree = "<group>"; };
		9616925E1AC4621C0016523C /* GameModel.swift */ = {isa = PBXFileReference; fileEncoding = 4; lastKnownFileType = sourcecode.swift; path = GameModel.swift; sourceTree = "<group>"; };
		9660B9FE1AC44F4A00A053A2 /* LoadingNode.swift */ = {isa = PBXFileReference; fileEncoding = 4; lastKnownFileType = sourcecode.swift; path = LoadingNode.swift; sourceTree = "<group>"; };
		967F6D881AC55C1B00B50207 /* Animal.swift */ = {isa = PBXFileReference; fileEncoding = 4; lastKnownFileType = sourcecode.swift; path = Animal.swift; sourceTree = "<group>"; };
		96972B401AC2C77000FF2DC5 /* CattleBattle.app */ = {isa = PBXFileReference; explicitFileType = wrapper.application; includeInIndex = 0; path = CattleBattle.app; sourceTree = BUILT_PRODUCTS_DIR; };
		96972B441AC2C77000FF2DC5 /* Info.plist */ = {isa = PBXFileReference; lastKnownFileType = text.plist.xml; path = Info.plist; sourceTree = "<group>"; };
		96972B451AC2C77000FF2DC5 /* AppDelegate.swift */ = {isa = PBXFileReference; lastKnownFileType = sourcecode.swift; path = AppDelegate.swift; sourceTree = "<group>"; };
		96972B471AC2C77000FF2DC5 /* GameScene.sks */ = {isa = PBXFileReference; lastKnownFileType = file.sks; path = GameScene.sks; sourceTree = "<group>"; };
		96972B491AC2C77000FF2DC5 /* GameScene.swift */ = {isa = PBXFileReference; lastKnownFileType = sourcecode.swift; path = GameScene.swift; sourceTree = "<group>"; };
		96972B4B1AC2C77000FF2DC5 /* GameViewController.swift */ = {isa = PBXFileReference; lastKnownFileType = sourcecode.swift; path = GameViewController.swift; sourceTree = "<group>"; };
		96972B4E1AC2C77000FF2DC5 /* Base */ = {isa = PBXFileReference; lastKnownFileType = file.storyboard; name = Base; path = Base.lproj/Main.storyboard; sourceTree = "<group>"; };
		96972B501AC2C77000FF2DC5 /* Images.xcassets */ = {isa = PBXFileReference; lastKnownFileType = folder.assetcatalog; path = Images.xcassets; sourceTree = "<group>"; };
		96972B531AC2C77000FF2DC5 /* Base */ = {isa = PBXFileReference; lastKnownFileType = file.xib; name = Base; path = Base.lproj/LaunchScreen.xib; sourceTree = "<group>"; };
		96972B591AC2C77000FF2DC5 /* CattleBattleTests.xctest */ = {isa = PBXFileReference; explicitFileType = wrapper.cfbundle; includeInIndex = 0; path = CattleBattleTests.xctest; sourceTree = BUILT_PRODUCTS_DIR; };
		96972B5E1AC2C77000FF2DC5 /* Info.plist */ = {isa = PBXFileReference; lastKnownFileType = text.plist.xml; path = Info.plist; sourceTree = "<group>"; };
		96972B5F1AC2C77000FF2DC5 /* CattleBattleTests.swift */ = {isa = PBXFileReference; lastKnownFileType = sourcecode.swift; path = CattleBattleTests.swift; sourceTree = "<group>"; };
		96CAA74A1AD0074B0094AC44 /* ArrowNode.swift */ = {isa = PBXFileReference; fileEncoding = 4; lastKnownFileType = sourcecode.swift; path = ArrowNode.swift; sourceTree = "<group>"; };
		C33F321D1ADC001E00964B5D /* item-selected-blackhole.png */ = {isa = PBXFileReference; lastKnownFileType = image.png; path = "item-selected-blackhole.png"; sourceTree = "<group>"; };
		C33F321E1ADC001E00964B5D /* item-selected-freeze.png */ = {isa = PBXFileReference; lastKnownFileType = image.png; path = "item-selected-freeze.png"; sourceTree = "<group>"; };
		C33F321F1ADC001E00964B5D /* item-selected-fire.png */ = {isa = PBXFileReference; lastKnownFileType = image.png; path = "item-selected-fire.png"; sourceTree = "<group>"; };
		C33F32201ADC001E00964B5D /* item-selected-upgrade.png */ = {isa = PBXFileReference; lastKnownFileType = image.png; path = "item-selected-upgrade.png"; sourceTree = "<group>"; };
		C33F32221ADC001E00964B5D /* item-waiting-blackhole.png */ = {isa = PBXFileReference; lastKnownFileType = image.png; path = "item-waiting-blackhole.png"; sourceTree = "<group>"; };
		C33F32231ADC001E00964B5D /* item-waiting-freeze.png */ = {isa = PBXFileReference; lastKnownFileType = image.png; path = "item-waiting-freeze.png"; sourceTree = "<group>"; };
		C33F32241ADC001E00964B5D /* item-waiting-fire.png */ = {isa = PBXFileReference; lastKnownFileType = image.png; path = "item-waiting-fire.png"; sourceTree = "<group>"; };
		C33F32251ADC001E00964B5D /* item-waiting-upgrade.png */ = {isa = PBXFileReference; lastKnownFileType = image.png; path = "item-waiting-upgrade.png"; sourceTree = "<group>"; };
		C33F322F1ADC3B9300964B5D /* AnimationNode.swift */ = {isa = PBXFileReference; fileEncoding = 4; lastKnownFileType = sourcecode.swift; path = AnimationNode.swift; sourceTree = "<group>"; };
		C35441511ACD7EAE00BA7369 /* AnimalNode.swift */ = {isa = PBXFileReference; fileEncoding = 4; lastKnownFileType = sourcecode.swift; path = AnimalNode.swift; sourceTree = "<group>"; };
		C35441541ACDC0AC00BA7369 /* arrow-left.png */ = {isa = PBXFileReference; lastKnownFileType = image.png; path = "arrow-left.png"; sourceTree = "<group>"; };
		C35441551ACDC0AC00BA7369 /* arrow-right.png */ = {isa = PBXFileReference; lastKnownFileType = image.png; path = "arrow-right.png"; sourceTree = "<group>"; };
		C35441561ACDC0AC00BA7369 /* bank-left.png */ = {isa = PBXFileReference; lastKnownFileType = image.png; path = "bank-left.png"; sourceTree = "<group>"; };
		C35441571ACDC0AC00BA7369 /* bank-right.png */ = {isa = PBXFileReference; lastKnownFileType = image.png; path = "bank-right.png"; sourceTree = "<group>"; };
		C385F6A71AD14813003B4E74 /* SKNodeExtension.swift */ = {isa = PBXFileReference; fileEncoding = 4; lastKnownFileType = sourcecode.swift; path = SKNodeExtension.swift; sourceTree = "<group>"; };
		C3AE5D521ACB081B00E8E8F2 /* bridge.png */ = {isa = PBXFileReference; lastKnownFileType = image.png; path = bridge.png; sourceTree = "<group>"; };
		C3B37F2D1ADD62DE00CB747C /* animation-freezing2.png */ = {isa = PBXFileReference; lastKnownFileType = image.png; path = "animation-freezing2.png"; sourceTree = "<group>"; };
		C3B37F2E1ADD62DE00CB747C /* animation-blackhole.png */ = {isa = PBXFileReference; lastKnownFileType = image.png; path = "animation-blackhole.png"; sourceTree = "<group>"; };
		C3B37F2F1ADD62DE00CB747C /* animation-freezing1.png */ = {isa = PBXFileReference; lastKnownFileType = image.png; path = "animation-freezing1.png"; sourceTree = "<group>"; };
		C3D7EAA81ACFEE9200A61851 /* goat-bumping-black-1.png */ = {isa = PBXFileReference; lastKnownFileType = image.png; path = "goat-bumping-black-1.png"; sourceTree = "<group>"; };
		C3D7EAA91ACFEE9200A61851 /* goat-bumping-black-2.png */ = {isa = PBXFileReference; lastKnownFileType = image.png; path = "goat-bumping-black-2.png"; sourceTree = "<group>"; };
		C3D7EAAA1ACFEE9200A61851 /* goat-bumping-black-3.png */ = {isa = PBXFileReference; lastKnownFileType = image.png; path = "goat-bumping-black-3.png"; sourceTree = "<group>"; };
		C3D7EAAB1ACFEE9200A61851 /* goat-bumping-black-4.png */ = {isa = PBXFileReference; lastKnownFileType = image.png; path = "goat-bumping-black-4.png"; sourceTree = "<group>"; };
		C3D7EAAC1ACFEE9200A61851 /* goat-bumping-black-5.png */ = {isa = PBXFileReference; lastKnownFileType = image.png; path = "goat-bumping-black-5.png"; sourceTree = "<group>"; };
		C3D7EAAE1ACFEE9200A61851 /* goat-bumping-white-1.png */ = {isa = PBXFileReference; lastKnownFileType = image.png; path = "goat-bumping-white-1.png"; sourceTree = "<group>"; };
		C3D7EAAF1ACFEE9200A61851 /* goat-bumping-white-2.png */ = {isa = PBXFileReference; lastKnownFileType = image.png; path = "goat-bumping-white-2.png"; sourceTree = "<group>"; };
		C3D7EAB01ACFEE9200A61851 /* goat-bumping-white-3.png */ = {isa = PBXFileReference; lastKnownFileType = image.png; path = "goat-bumping-white-3.png"; sourceTree = "<group>"; };
		C3D7EAB11ACFEE9200A61851 /* goat-bumping-white-4.png */ = {isa = PBXFileReference; lastKnownFileType = image.png; path = "goat-bumping-white-4.png"; sourceTree = "<group>"; };
		C3D7EAB21ACFEE9200A61851 /* goat-bumping-white-5.png */ = {isa = PBXFileReference; lastKnownFileType = image.png; path = "goat-bumping-white-5.png"; sourceTree = "<group>"; };
		C3D7EAB51ACFEE9200A61851 /* goat-button-black-1.png */ = {isa = PBXFileReference; lastKnownFileType = image.png; path = "goat-button-black-1.png"; sourceTree = "<group>"; };
		C3D7EAB61ACFEE9200A61851 /* goat-button-black-2.png */ = {isa = PBXFileReference; lastKnownFileType = image.png; path = "goat-button-black-2.png"; sourceTree = "<group>"; };
		C3D7EAB71ACFEE9200A61851 /* goat-button-black-3.png */ = {isa = PBXFileReference; lastKnownFileType = image.png; path = "goat-button-black-3.png"; sourceTree = "<group>"; };
		C3D7EAB81ACFEE9200A61851 /* goat-button-black-4.png */ = {isa = PBXFileReference; lastKnownFileType = image.png; path = "goat-button-black-4.png"; sourceTree = "<group>"; };
		C3D7EAB91ACFEE9200A61851 /* goat-button-black-5.png */ = {isa = PBXFileReference; lastKnownFileType = image.png; path = "goat-button-black-5.png"; sourceTree = "<group>"; };
		C3D7EABB1ACFEE9200A61851 /* goat-button-white-1.png */ = {isa = PBXFileReference; lastKnownFileType = image.png; path = "goat-button-white-1.png"; sourceTree = "<group>"; };
		C3D7EABC1ACFEE9200A61851 /* goat-button-white-2.png */ = {isa = PBXFileReference; lastKnownFileType = image.png; path = "goat-button-white-2.png"; sourceTree = "<group>"; };
		C3D7EABD1ACFEE9200A61851 /* goat-button-white-3.png */ = {isa = PBXFileReference; lastKnownFileType = image.png; path = "goat-button-white-3.png"; sourceTree = "<group>"; };
		C3D7EABE1ACFEE9200A61851 /* goat-button-white-4.png */ = {isa = PBXFileReference; lastKnownFileType = image.png; path = "goat-button-white-4.png"; sourceTree = "<group>"; };
		C3D7EABF1ACFEE9200A61851 /* goat-button-white-5.png */ = {isa = PBXFileReference; lastKnownFileType = image.png; path = "goat-button-white-5.png"; sourceTree = "<group>"; };
		C3D7EAC21ACFEE9200A61851 /* goat-deployed-black-1.png */ = {isa = PBXFileReference; lastKnownFileType = image.png; path = "goat-deployed-black-1.png"; sourceTree = "<group>"; };
		C3D7EAC31ACFEE9200A61851 /* goat-deployed-black-2.png */ = {isa = PBXFileReference; lastKnownFileType = image.png; path = "goat-deployed-black-2.png"; sourceTree = "<group>"; };
		C3D7EAC41ACFEE9200A61851 /* goat-deployed-black-3.png */ = {isa = PBXFileReference; lastKnownFileType = image.png; path = "goat-deployed-black-3.png"; sourceTree = "<group>"; };
		C3D7EAC51ACFEE9200A61851 /* goat-deployed-black-4.png */ = {isa = PBXFileReference; lastKnownFileType = image.png; path = "goat-deployed-black-4.png"; sourceTree = "<group>"; };
		C3D7EAC61ACFEE9200A61851 /* goat-deployed-black-5.png */ = {isa = PBXFileReference; lastKnownFileType = image.png; path = "goat-deployed-black-5.png"; sourceTree = "<group>"; };
		C3D7EAC91ACFEE9200A61851 /* goat-deployed-white-1.png */ = {isa = PBXFileReference; lastKnownFileType = image.png; path = "goat-deployed-white-1.png"; sourceTree = "<group>"; };
		C3D7EACA1ACFEE9200A61851 /* goat-deployed-white-2.png */ = {isa = PBXFileReference; lastKnownFileType = image.png; path = "goat-deployed-white-2.png"; sourceTree = "<group>"; };
		C3D7EACB1ACFEE9200A61851 /* goat-deployed-white-3.png */ = {isa = PBXFileReference; lastKnownFileType = image.png; path = "goat-deployed-white-3.png"; sourceTree = "<group>"; };
		C3D7EACC1ACFEE9200A61851 /* goat-deployed-white-4.png */ = {isa = PBXFileReference; lastKnownFileType = image.png; path = "goat-deployed-white-4.png"; sourceTree = "<group>"; };
		C3D7EACD1ACFEE9200A61851 /* goat-deployed-white-5.png */ = {isa = PBXFileReference; lastKnownFileType = image.png; path = "goat-deployed-white-5.png"; sourceTree = "<group>"; };
		C3D7EAFC1AD069D800A61851 /* category-left.png */ = {isa = PBXFileReference; lastKnownFileType = image.png; path = "category-left.png"; sourceTree = "<group>"; };
		C3D7EAFD1AD069D800A61851 /* category-right.png */ = {isa = PBXFileReference; lastKnownFileType = image.png; path = "category-right.png"; sourceTree = "<group>"; };
		C3D7EAFE1AD069D800A61851 /* topbar.png */ = {isa = PBXFileReference; lastKnownFileType = image.png; path = topbar.png; sourceTree = "<group>"; };
		C3D7EAFF1AD069D800A61851 /* topbar2.png */ = {isa = PBXFileReference; lastKnownFileType = image.png; path = topbar2.png; sourceTree = "<group>"; };
		C3D7EB041AD0704400A61851 /* river.gif */ = {isa = PBXFileReference; lastKnownFileType = image.gif; path = river.gif; sourceTree = "<group>"; };
/* End PBXFileReference section */

/* Begin PBXFrameworksBuildPhase section */
		96972B3D1AC2C76F00FF2DC5 /* Frameworks */ = {
			isa = PBXFrameworksBuildPhase;
			buildActionMask = 2147483647;
			files = (
			);
			runOnlyForDeploymentPostprocessing = 0;
		};
		96972B561AC2C77000FF2DC5 /* Frameworks */ = {
			isa = PBXFrameworksBuildPhase;
			buildActionMask = 2147483647;
			files = (
			);
			runOnlyForDeploymentPostprocessing = 0;
		};
/* End PBXFrameworksBuildPhase section */

/* Begin PBXGroup section */
		3A70129E1ADA3CB6002D2BB9 /* View Controller */ = {
			isa = PBXGroup;
			children = (
				96972B4B1AC2C77000FF2DC5 /* GameViewController.swift */,
				3A7012A11ADA4082002D2BB9 /* InstructionViewController.swift */,
				3BBBA6801ADD565F003A401D /* PageItemController.swift */,
			);
			name = "View Controller";
			sourceTree = "<group>";
		};
		3A7012A31ADA41D4002D2BB9 /* Buttons */ = {
			isa = PBXGroup;
			children = (
				3A49F83A1ADFA35C0008B2CB /* button-back.png */,
				3A49F83B1ADFA35C0008B2CB /* button-continue.png */,
				3A49F83C1ADFA35C0008B2CB /* button-home.png */,
				3A49F83D1ADFA35C0008B2CB /* button-pause.png */,
				3A49F83E1ADFA35C0008B2CB /* button-restart.png */,
				3A7012A41ADA41EA002D2BB9 /* button-instruction.png */,
				3A7012A51ADA41EA002D2BB9 /* button-start-game.png */,
			);
			name = Buttons;
			sourceTree = "<group>";
		};
		3AD4A3B61ADA4D4B00E63495 /* Modal */ = {
			isa = PBXGroup;
			children = (
				3AD4A3B71ADA4D4B00E63495 /* goat-big.png */,
				3AD4A3B81ADA4D4B00E63495 /* goat-huge.png */,
				3AD4A3B91ADA4D4B00E63495 /* goat-medium.png */,
				3AD4A3BA1ADA4D4B00E63495 /* goat-small.png */,
				3AD4A3BB1ADA4D4B00E63495 /* goat-tiny.png */,
			);
			path = Modal;
			sourceTree = "<group>";
		};
		3AD4A4251ADA50D700E63495 /* PowerUp */ = {
			isa = PBXGroup;
			children = (
				3A055DBD1ADE36F10005B6E3 /* Animation.swift */,
				C33F322F1ADC3B9300964B5D /* AnimationNode.swift */,
				3BD81EDE1AD6EE8900599E30 /* PowerUpNode.swift */,
				3AD4A4231ADA50CD00E63495 /* PowerUp.swift */,
			);
			path = PowerUp;
			sourceTree = "<group>";
		};
		3AD4A4261ADA50E200E63495 /* Animal */ = {
			isa = PBXGroup;
			children = (
				C35441511ACD7EAE00BA7369 /* AnimalNode.swift */,
				967F6D881AC55C1B00B50207 /* Animal.swift */,
			);
			path = Animal;
			sourceTree = "<group>";
		};
		3AD4A4271ADA6FBC00E63495 /* PowerUp */ = {
			isa = PBXGroup;
			children = (
				C3B37F2C1ADD62DE00CB747C /* Effect */,
				C33F321A1ADC001E00964B5D /* Item */,
			);
			path = PowerUp;
			sourceTree = "<group>";
		};
		96972B371AC2C76F00FF2DC5 = {
			isa = PBXGroup;
			children = (
				96972B421AC2C77000FF2DC5 /* CattleBattle */,
				96972B5C1AC2C77000FF2DC5 /* CattleBattleTests */,
				96972B411AC2C77000FF2DC5 /* Products */,
			);
			sourceTree = "<group>";
		};
		96972B411AC2C77000FF2DC5 /* Products */ = {
			isa = PBXGroup;
			children = (
				96972B401AC2C77000FF2DC5 /* CattleBattle.app */,
				96972B591AC2C77000FF2DC5 /* CattleBattleTests.xctest */,
			);
			name = Products;
			sourceTree = "<group>";
		};
		96972B421AC2C77000FF2DC5 /* CattleBattle */ = {
			isa = PBXGroup;
			children = (
				3A76879F1ADE9CBE00BA87F2 /* upgrade.sks */,
				3A3021431ADD6C3B00FBE3B2 /* freeze.sks */,
				3AD713151ADE5EB400E9544C /* fire.sks */,
				3AD713161ADE5EB400E9544C /* spark.png */,
				3A3021471ADD779900FBE3B2 /* ice-fog.sks */,
				3BBE779F1ADF00560071CFEE /* back-button-hi.png */,
				96972B471AC2C77000FF2DC5 /* GameScene.sks */,
				96972B491AC2C77000FF2DC5 /* GameScene.swift */,
				3A70129C1ADA3CA9002D2BB9 /* MenuViewController.swift */,
				3A70129E1ADA3CB6002D2BB9 /* View Controller */,
				9616925E1AC4621C0016523C /* GameModel.swift */,
				96CAA74A1AD0074B0094AC44 /* ArrowNode.swift */,
				9660B9FE1AC44F4A00A053A2 /* LoadingNode.swift */,
				3A49F8441ADFA5680008B2CB /* ButtonNode.swift */,
				3A49F8461ADFA5F60008B2CB /* GameButton.swift */,
				3AD4A4361ADB232700E63495 /* CategoryNode.swift */,
				9606B63C1ADFDCCA005442EF /* EasyAI.swift */,
				3AD4A4261ADA50E200E63495 /* Animal */,
				3AD4A4251ADA50D700E63495 /* PowerUp */,
				C385F6A71AD14813003B4E74 /* SKNodeExtension.swift */,
				C35441531ACDB14700BA7369 /* TemporaryCode */,
				96972B4D1AC2C77000FF2DC5 /* Main.storyboard */,
				96972B501AC2C77000FF2DC5 /* Images.xcassets */,
				96972B451AC2C77000FF2DC5 /* AppDelegate.swift */,
				96972B521AC2C77000FF2DC5 /* LaunchScreen.xib */,
				C34E580A1AC98E96000E282B /* Images */,
				96972B431AC2C77000FF2DC5 /* Supporting Files */,
			);
			path = CattleBattle;
			sourceTree = "<group>";
		};
		96972B431AC2C77000FF2DC5 /* Supporting Files */ = {
			isa = PBXGroup;
			children = (
				96972B441AC2C77000FF2DC5 /* Info.plist */,
			);
			name = "Supporting Files";
			sourceTree = "<group>";
		};
		96972B5C1AC2C77000FF2DC5 /* CattleBattleTests */ = {
			isa = PBXGroup;
			children = (
				96972B5F1AC2C77000FF2DC5 /* CattleBattleTests.swift */,
				96972B5D1AC2C77000FF2DC5 /* Supporting Files */,
			);
			path = CattleBattleTests;
			sourceTree = "<group>";
		};
		96972B5D1AC2C77000FF2DC5 /* Supporting Files */ = {
			isa = PBXGroup;
			children = (
				96972B5E1AC2C77000FF2DC5 /* Info.plist */,
			);
			name = "Supporting Files";
			sourceTree = "<group>";
		};
		C33F321A1ADC001E00964B5D /* Item */ = {
			isa = PBXGroup;
			children = (
				C33F321C1ADC001E00964B5D /* Selected */,
				C33F32211ADC001E00964B5D /* Waiting */,
			);
			path = Item;
			sourceTree = "<group>";
		};
		C33F321C1ADC001E00964B5D /* Selected */ = {
			isa = PBXGroup;
			children = (
				C33F321D1ADC001E00964B5D /* item-selected-blackhole.png */,
				C33F321E1ADC001E00964B5D /* item-selected-freeze.png */,
				C33F321F1ADC001E00964B5D /* item-selected-fire.png */,
				C33F32201ADC001E00964B5D /* item-selected-upgrade.png */,
			);
			path = Selected;
			sourceTree = "<group>";
		};
		C33F32211ADC001E00964B5D /* Waiting */ = {
			isa = PBXGroup;
			children = (
				C33F32221ADC001E00964B5D /* item-waiting-blackhole.png */,
				C33F32231ADC001E00964B5D /* item-waiting-freeze.png */,
				C33F32241ADC001E00964B5D /* item-waiting-fire.png */,
				C33F32251ADC001E00964B5D /* item-waiting-upgrade.png */,
			);
			path = Waiting;
			sourceTree = "<group>";
		};
		C34E580A1AC98E96000E282B /* Images */ = {
			isa = PBXGroup;
			children = (
				3AD4A4271ADA6FBC00E63495 /* PowerUp */,
				3A7012A31ADA41D4002D2BB9 /* Buttons */,
				C3D7EAA51ACFEE9200A61851 /* Goat */,
				C3AE5D511ACB081B00E8E8F2 /* Background */,
			);
			path = Images;
			sourceTree = "<group>";
		};
		C35441531ACDB14700BA7369 /* TemporaryCode */ = {
			isa = PBXGroup;
			children = (
			);
			name = TemporaryCode;
			sourceTree = "<group>";
		};
		C3AE5D511ACB081B00E8E8F2 /* Background */ = {
			isa = PBXGroup;
			children = (
				3A70129F1ADA3CEC002D2BB9 /* background.jpg */,
				3AE20F811AD9A6FC00EE8CE0 /* topbar3.png */,
				C3D7EB041AD0704400A61851 /* river.gif */,
				C3D7EAFC1AD069D800A61851 /* category-left.png */,
				C3D7EAFD1AD069D800A61851 /* category-right.png */,
				C3D7EAFE1AD069D800A61851 /* topbar.png */,
				C3D7EAFF1AD069D800A61851 /* topbar2.png */,
				C35441541ACDC0AC00BA7369 /* arrow-left.png */,
				C35441551ACDC0AC00BA7369 /* arrow-right.png */,
				C35441561ACDC0AC00BA7369 /* bank-left.png */,
				C35441571ACDC0AC00BA7369 /* bank-right.png */,
				C3AE5D521ACB081B00E8E8F2 /* bridge.png */,
			);
			path = Background;
			sourceTree = "<group>";
		};
		C3B37F2C1ADD62DE00CB747C /* Effect */ = {
			isa = PBXGroup;
			children = (
				C3B37F2D1ADD62DE00CB747C /* animation-freezing2.png */,
				C3B37F2E1ADD62DE00CB747C /* animation-blackhole.png */,
				C3B37F2F1ADD62DE00CB747C /* animation-freezing1.png */,
			);
			path = Effect;
			sourceTree = "<group>";
		};
		C3D7EAA51ACFEE9200A61851 /* Goat */ = {
			isa = PBXGroup;
			children = (
				3AD4A3B61ADA4D4B00E63495 /* Modal */,
				C3D7EAA61ACFEE9200A61851 /* Bumping */,
				C3D7EAB31ACFEE9200A61851 /* Button */,
				C3D7EAC01ACFEE9200A61851 /* Deployed */,
			);
			path = Goat;
			sourceTree = "<group>";
		};
		C3D7EAA61ACFEE9200A61851 /* Bumping */ = {
			isa = PBXGroup;
			children = (
				C3D7EAA71ACFEE9200A61851 /* Black */,
				C3D7EAAD1ACFEE9200A61851 /* White */,
			);
			path = Bumping;
			sourceTree = "<group>";
		};
		C3D7EAA71ACFEE9200A61851 /* Black */ = {
			isa = PBXGroup;
			children = (
				C3D7EAA81ACFEE9200A61851 /* goat-bumping-black-1.png */,
				C3D7EAA91ACFEE9200A61851 /* goat-bumping-black-2.png */,
				C3D7EAAA1ACFEE9200A61851 /* goat-bumping-black-3.png */,
				C3D7EAAB1ACFEE9200A61851 /* goat-bumping-black-4.png */,
				C3D7EAAC1ACFEE9200A61851 /* goat-bumping-black-5.png */,
			);
			path = Black;
			sourceTree = "<group>";
		};
		C3D7EAAD1ACFEE9200A61851 /* White */ = {
			isa = PBXGroup;
			children = (
				C3D7EAAE1ACFEE9200A61851 /* goat-bumping-white-1.png */,
				C3D7EAAF1ACFEE9200A61851 /* goat-bumping-white-2.png */,
				C3D7EAB01ACFEE9200A61851 /* goat-bumping-white-3.png */,
				C3D7EAB11ACFEE9200A61851 /* goat-bumping-white-4.png */,
				C3D7EAB21ACFEE9200A61851 /* goat-bumping-white-5.png */,
			);
			path = White;
			sourceTree = "<group>";
		};
		C3D7EAB31ACFEE9200A61851 /* Button */ = {
			isa = PBXGroup;
			children = (
				C3D7EAB41ACFEE9200A61851 /* Black */,
				C3D7EABA1ACFEE9200A61851 /* White */,
			);
			path = Button;
			sourceTree = "<group>";
		};
		C3D7EAB41ACFEE9200A61851 /* Black */ = {
			isa = PBXGroup;
			children = (
				C3D7EAB51ACFEE9200A61851 /* goat-button-black-1.png */,
				C3D7EAB61ACFEE9200A61851 /* goat-button-black-2.png */,
				C3D7EAB71ACFEE9200A61851 /* goat-button-black-3.png */,
				C3D7EAB81ACFEE9200A61851 /* goat-button-black-4.png */,
				C3D7EAB91ACFEE9200A61851 /* goat-button-black-5.png */,
			);
			path = Black;
			sourceTree = "<group>";
		};
		C3D7EABA1ACFEE9200A61851 /* White */ = {
			isa = PBXGroup;
			children = (
				C3D7EABB1ACFEE9200A61851 /* goat-button-white-1.png */,
				C3D7EABC1ACFEE9200A61851 /* goat-button-white-2.png */,
				C3D7EABD1ACFEE9200A61851 /* goat-button-white-3.png */,
				C3D7EABE1ACFEE9200A61851 /* goat-button-white-4.png */,
				C3D7EABF1ACFEE9200A61851 /* goat-button-white-5.png */,
			);
			path = White;
			sourceTree = "<group>";
		};
		C3D7EAC01ACFEE9200A61851 /* Deployed */ = {
			isa = PBXGroup;
			children = (
				C3D7EAC11ACFEE9200A61851 /* Black */,
				C3D7EAC81ACFEE9200A61851 /* White */,
			);
			path = Deployed;
			sourceTree = "<group>";
		};
		C3D7EAC11ACFEE9200A61851 /* Black */ = {
			isa = PBXGroup;
			children = (
				C3D7EAC21ACFEE9200A61851 /* goat-deployed-black-1.png */,
				C3D7EAC31ACFEE9200A61851 /* goat-deployed-black-2.png */,
				C3D7EAC41ACFEE9200A61851 /* goat-deployed-black-3.png */,
				C3D7EAC51ACFEE9200A61851 /* goat-deployed-black-4.png */,
				C3D7EAC61ACFEE9200A61851 /* goat-deployed-black-5.png */,
			);
			path = Black;
			sourceTree = "<group>";
		};
		C3D7EAC81ACFEE9200A61851 /* White */ = {
			isa = PBXGroup;
			children = (
				C3D7EAC91ACFEE9200A61851 /* goat-deployed-white-1.png */,
				C3D7EACA1ACFEE9200A61851 /* goat-deployed-white-2.png */,
				C3D7EACB1ACFEE9200A61851 /* goat-deployed-white-3.png */,
				C3D7EACC1ACFEE9200A61851 /* goat-deployed-white-4.png */,
				C3D7EACD1ACFEE9200A61851 /* goat-deployed-white-5.png */,
			);
			path = White;
			sourceTree = "<group>";
		};
/* End PBXGroup section */

/* Begin PBXNativeTarget section */
		96972B3F1AC2C76F00FF2DC5 /* CattleBattle */ = {
			isa = PBXNativeTarget;
			buildConfigurationList = 96972B631AC2C77000FF2DC5 /* Build configuration list for PBXNativeTarget "CattleBattle" */;
			buildPhases = (
				96972B3C1AC2C76F00FF2DC5 /* Sources */,
				96972B3D1AC2C76F00FF2DC5 /* Frameworks */,
				96972B3E1AC2C76F00FF2DC5 /* Resources */,
			);
			buildRules = (
			);
			dependencies = (
			);
			name = CattleBattle;
			productName = CattleBattle;
			productReference = 96972B401AC2C77000FF2DC5 /* CattleBattle.app */;
			productType = "com.apple.product-type.application";
		};
		96972B581AC2C77000FF2DC5 /* CattleBattleTests */ = {
			isa = PBXNativeTarget;
			buildConfigurationList = 96972B661AC2C77000FF2DC5 /* Build configuration list for PBXNativeTarget "CattleBattleTests" */;
			buildPhases = (
				96972B551AC2C77000FF2DC5 /* Sources */,
				96972B561AC2C77000FF2DC5 /* Frameworks */,
				96972B571AC2C77000FF2DC5 /* Resources */,
			);
			buildRules = (
			);
			dependencies = (
				96972B5B1AC2C77000FF2DC5 /* PBXTargetDependency */,
			);
			name = CattleBattleTests;
			productName = CattleBattleTests;
			productReference = 96972B591AC2C77000FF2DC5 /* CattleBattleTests.xctest */;
			productType = "com.apple.product-type.bundle.unit-test";
		};
/* End PBXNativeTarget section */

/* Begin PBXProject section */
		96972B381AC2C76F00FF2DC5 /* Project object */ = {
			isa = PBXProject;
			attributes = {
				LastUpgradeCheck = 0630;
				ORGANIZATIONNAME = "Cattle Battle";
				TargetAttributes = {
					96972B3F1AC2C76F00FF2DC5 = {
						CreatedOnToolsVersion = 6.3;
						DevelopmentTeam = W76H98A34A;
					};
					96972B581AC2C77000FF2DC5 = {
						CreatedOnToolsVersion = 6.3;
						TestTargetID = 96972B3F1AC2C76F00FF2DC5;
					};
				};
			};
			buildConfigurationList = 96972B3B1AC2C76F00FF2DC5 /* Build configuration list for PBXProject "CattleBattle" */;
			compatibilityVersion = "Xcode 3.2";
			developmentRegion = English;
			hasScannedForEncodings = 0;
			knownRegions = (
				en,
				Base,
			);
			mainGroup = 96972B371AC2C76F00FF2DC5;
			productRefGroup = 96972B411AC2C77000FF2DC5 /* Products */;
			projectDirPath = "";
			projectRoot = "";
			targets = (
				96972B3F1AC2C76F00FF2DC5 /* CattleBattle */,
				96972B581AC2C77000FF2DC5 /* CattleBattleTests */,
			);
		};
/* End PBXProject section */

/* Begin PBXResourcesBuildPhase section */
		96972B3E1AC2C76F00FF2DC5 /* Resources */ = {
			isa = PBXResourcesBuildPhase;
			buildActionMask = 2147483647;
			files = (
				C33F322A1ADC001E00964B5D /* item-selected-upgrade.png in Resources */,
				3BBE77A01ADF00560071CFEE /* back-button-hi.png in Resources */,
				C3AE5D551ACB081B00E8E8F2 /* bridge.png in Resources */,
				C3D7EAE51ACFEE9200A61851 /* goat-deployed-black-4.png in Resources */,
				3A49F8431ADFA35C0008B2CB /* button-restart.png in Resources */,
				C3D7EAE81ACFEE9200A61851 /* goat-deployed-white-1.png in Resources */,
				C3D7EADE1ACFEE9200A61851 /* goat-button-white-2.png in Resources */,
				96972B541AC2C77000FF2DC5 /* LaunchScreen.xib in Resources */,
				C3D7EAD41ACFEE9200A61851 /* goat-bumping-white-2.png in Resources */,
				C33F322E1ADC001E00964B5D /* item-waiting-upgrade.png in Resources */,
				C3D7EAE91ACFEE9200A61851 /* goat-deployed-white-2.png in Resources */,
				C3D7EAE41ACFEE9200A61851 /* goat-deployed-black-3.png in Resources */,
				3A49F8411ADFA35C0008B2CB /* button-home.png in Resources */,
				3A49F8421ADFA35C0008B2CB /* button-pause.png in Resources */,
				96972B511AC2C77000FF2DC5 /* Images.xcassets in Resources */,
				3AD713171ADE5EB400E9544C /* fire.sks in Resources */,
				C3D7EAE01ACFEE9200A61851 /* goat-button-white-4.png in Resources */,
				3A7012A71ADA41EA002D2BB9 /* button-start-game.png in Resources */,
				C3D7EB001AD069D800A61851 /* category-left.png in Resources */,
				C3D7EAE61ACFEE9200A61851 /* goat-deployed-black-5.png in Resources */,
				C3D7EAD61ACFEE9200A61851 /* goat-bumping-white-4.png in Resources */,
				C3D7EAE31ACFEE9200A61851 /* goat-deployed-black-2.png in Resources */,
				C3D7EAD01ACFEE9200A61851 /* goat-bumping-black-3.png in Resources */,
				3A49F8401ADFA35C0008B2CB /* button-continue.png in Resources */,
				C3D7EAEA1ACFEE9200A61851 /* goat-deployed-white-3.png in Resources */,
				C3D7EAE11ACFEE9200A61851 /* goat-button-white-5.png in Resources */,
				3A7012A01ADA3CEC002D2BB9 /* background.jpg in Resources */,
				C33F322B1ADC001E00964B5D /* item-waiting-blackhole.png in Resources */,
				C3D7EADA1ACFEE9200A61851 /* goat-button-black-3.png in Resources */,
				3A7012A61ADA41EA002D2BB9 /* button-instruction.png in Resources */,
				3A3021451ADD6C3B00FBE3B2 /* freeze.sks in Resources */,
				C3D7EAE21ACFEE9200A61851 /* goat-deployed-black-1.png in Resources */,
				C3D7EAD81ACFEE9200A61851 /* goat-button-black-1.png in Resources */,
				C3D7EB011AD069D800A61851 /* category-right.png in Resources */,
				C3B37F311ADD62DE00CB747C /* animation-blackhole.png in Resources */,
				C3B37F321ADD62DE00CB747C /* animation-freezing1.png in Resources */,
				C33F32281ADC001E00964B5D /* item-selected-freeze.png in Resources */,
				C3D7EAD31ACFEE9200A61851 /* goat-bumping-white-1.png in Resources */,
				C3D7EADF1ACFEE9200A61851 /* goat-button-white-3.png in Resources */,
				C354415A1ACDC0AC00BA7369 /* bank-left.png in Resources */,
				C33F32271ADC001E00964B5D /* item-selected-blackhole.png in Resources */,
				96972B481AC2C77000FF2DC5 /* GameScene.sks in Resources */,
				C3D7EB051AD0704400A61851 /* river.gif in Resources */,
				C3D7EAD11ACFEE9200A61851 /* goat-bumping-black-4.png in Resources */,
				3AD4A3BE1ADA4D4B00E63495 /* goat-medium.png in Resources */,
				C33F32291ADC001E00964B5D /* item-selected-fire.png in Resources */,
				3AD4A3BD1ADA4D4B00E63495 /* goat-huge.png in Resources */,
				C3D7EADD1ACFEE9200A61851 /* goat-button-white-1.png in Resources */,
				C3D7EAD21ACFEE9200A61851 /* goat-bumping-black-5.png in Resources */,
				3AD713181ADE5EB400E9544C /* spark.png in Resources */,
				3AD4A3BC1ADA4D4B00E63495 /* goat-big.png in Resources */,
				C3D7EADB1ACFEE9200A61851 /* goat-button-black-4.png in Resources */,
				3A7687A01ADE9CBE00BA87F2 /* upgrade.sks in Resources */,
				C3D7EAD91ACFEE9200A61851 /* goat-button-black-2.png in Resources */,
				C3D7EACE1ACFEE9200A61851 /* goat-bumping-black-1.png in Resources */,
				C3D7EB031AD069D800A61851 /* topbar2.png in Resources */,
				96972B4F1AC2C77000FF2DC5 /* Main.storyboard in Resources */,
				C3B37F301ADD62DE00CB747C /* animation-freezing2.png in Resources */,
				3AD4A3BF1ADA4D4B00E63495 /* goat-small.png in Resources */,
				C35441591ACDC0AC00BA7369 /* arrow-right.png in Resources */,
				C3D7EADC1ACFEE9200A61851 /* goat-button-black-5.png in Resources */,
				C33F322D1ADC001E00964B5D /* item-waiting-fire.png in Resources */,
				3A3021481ADD779900FBE3B2 /* ice-fog.sks in Resources */,
				C3D7EAEB1ACFEE9200A61851 /* goat-deployed-white-4.png in Resources */,
				C33F322C1ADC001E00964B5D /* item-waiting-freeze.png in Resources */,
				3A49F83F1ADFA35C0008B2CB /* button-back.png in Resources */,
				C3D7EAEC1ACFEE9200A61851 /* goat-deployed-white-5.png in Resources */,
				3AD4A3C01ADA4D4B00E63495 /* goat-tiny.png in Resources */,
				C3D7EACF1ACFEE9200A61851 /* goat-bumping-black-2.png in Resources */,
				C354415B1ACDC0AC00BA7369 /* bank-right.png in Resources */,
				C3D7EAD71ACFEE9200A61851 /* goat-bumping-white-5.png in Resources */,
				C3D7EAD51ACFEE9200A61851 /* goat-bumping-white-3.png in Resources */,
				3AE20F831AD9A6FC00EE8CE0 /* topbar3.png in Resources */,
				C35441581ACDC0AC00BA7369 /* arrow-left.png in Resources */,
				C3D7EB021AD069D800A61851 /* topbar.png in Resources */,
			);
			runOnlyForDeploymentPostprocessing = 0;
		};
		96972B571AC2C77000FF2DC5 /* Resources */ = {
			isa = PBXResourcesBuildPhase;
			buildActionMask = 2147483647;
			files = (
			);
			runOnlyForDeploymentPostprocessing = 0;
		};
/* End PBXResourcesBuildPhase section */

/* Begin PBXSourcesBuildPhase section */
		96972B3C1AC2C76F00FF2DC5 /* Sources */ = {
			isa = PBXSourcesBuildPhase;
			buildActionMask = 2147483647;
			files = (
				96972B4A1AC2C77000FF2DC5 /* GameScene.swift in Sources */,
				96972B4C1AC2C77000FF2DC5 /* GameViewController.swift in Sources */,
				96972B461AC2C77000FF2DC5 /* AppDelegate.swift in Sources */,
				3A7012A21ADA4082002D2BB9 /* InstructionViewController.swift in Sources */,
				3BBBA6811ADD565F003A401D /* PageItemController.swift in Sources */,
				C33F32301ADC3B9300964B5D /* AnimationNode.swift in Sources */,
				3BD81EDF1AD6EE8900599E30 /* PowerUpNode.swift in Sources */,
				3A70129D1ADA3CA9002D2BB9 /* MenuViewController.swift in Sources */,
				C385F6A81AD14813003B4E74 /* SKNodeExtension.swift in Sources */,
				3AD4A4371ADB232700E63495 /* CategoryNode.swift in Sources */,
				3AD4A4241ADA50CD00E63495 /* PowerUp.swift in Sources */,
				3A055DBE1ADE36F10005B6E3 /* Animation.swift in Sources */,
				3A49F8471ADFA5F60008B2CB /* GameButton.swift in Sources */,
				967F6D891AC55C1B00B50207 /* Animal.swift in Sources */,
				C35441521ACD7EAE00BA7369 /* AnimalNode.swift in Sources */,
				9606B63D1ADFDCCA005442EF /* EasyAI.swift in Sources */,
				9660B9FF1AC44F4A00A053A2 /* LoadingNode.swift in Sources */,
				96CAA74B1AD0074B0094AC44 /* ArrowNode.swift in Sources */,
				9616925F1AC4621C0016523C /* GameModel.swift in Sources */,
				3A49F8451ADFA5680008B2CB /* ButtonNode.swift in Sources */,
			);
			runOnlyForDeploymentPostprocessing = 0;
		};
		96972B551AC2C77000FF2DC5 /* Sources */ = {
			isa = PBXSourcesBuildPhase;
			buildActionMask = 2147483647;
			files = (
				96972B601AC2C77000FF2DC5 /* CattleBattleTests.swift in Sources */,
			);
			runOnlyForDeploymentPostprocessing = 0;
		};
/* End PBXSourcesBuildPhase section */

/* Begin PBXTargetDependency section */
		96972B5B1AC2C77000FF2DC5 /* PBXTargetDependency */ = {
			isa = PBXTargetDependency;
			target = 96972B3F1AC2C76F00FF2DC5 /* CattleBattle */;
			targetProxy = 96972B5A1AC2C77000FF2DC5 /* PBXContainerItemProxy */;
		};
/* End PBXTargetDependency section */

/* Begin PBXVariantGroup section */
		96972B4D1AC2C77000FF2DC5 /* Main.storyboard */ = {
			isa = PBXVariantGroup;
			children = (
				96972B4E1AC2C77000FF2DC5 /* Base */,
			);
			name = Main.storyboard;
			sourceTree = "<group>";
		};
		96972B521AC2C77000FF2DC5 /* LaunchScreen.xib */ = {
			isa = PBXVariantGroup;
			children = (
				96972B531AC2C77000FF2DC5 /* Base */,
			);
			name = LaunchScreen.xib;
			sourceTree = "<group>";
		};
/* End PBXVariantGroup section */

/* Begin XCBuildConfiguration section */
		96972B611AC2C77000FF2DC5 /* Debug */ = {
			isa = XCBuildConfiguration;
			buildSettings = {
				ALWAYS_SEARCH_USER_PATHS = NO;
				CLANG_CXX_LANGUAGE_STANDARD = "gnu++0x";
				CLANG_CXX_LIBRARY = "libc++";
				CLANG_ENABLE_MODULES = YES;
				CLANG_ENABLE_OBJC_ARC = YES;
				CLANG_WARN_BOOL_CONVERSION = YES;
				CLANG_WARN_CONSTANT_CONVERSION = YES;
				CLANG_WARN_DIRECT_OBJC_ISA_USAGE = YES_ERROR;
				CLANG_WARN_EMPTY_BODY = YES;
				CLANG_WARN_ENUM_CONVERSION = YES;
				CLANG_WARN_INT_CONVERSION = YES;
				CLANG_WARN_OBJC_ROOT_CLASS = YES_ERROR;
				CLANG_WARN_UNREACHABLE_CODE = YES;
				CLANG_WARN__DUPLICATE_METHOD_MATCH = YES;
				"CODE_SIGN_IDENTITY[sdk=iphoneos*]" = "iPhone Developer";
				COPY_PHASE_STRIP = NO;
				DEBUG_INFORMATION_FORMAT = "dwarf-with-dsym";
				ENABLE_STRICT_OBJC_MSGSEND = YES;
				GCC_C_LANGUAGE_STANDARD = gnu99;
				GCC_DYNAMIC_NO_PIC = NO;
				GCC_NO_COMMON_BLOCKS = YES;
				GCC_OPTIMIZATION_LEVEL = 0;
				GCC_PREPROCESSOR_DEFINITIONS = (
					"DEBUG=1",
					"$(inherited)",
				);
				GCC_SYMBOLS_PRIVATE_EXTERN = NO;
				GCC_WARN_64_TO_32_BIT_CONVERSION = YES;
				GCC_WARN_ABOUT_RETURN_TYPE = YES_ERROR;
				GCC_WARN_UNDECLARED_SELECTOR = YES;
				GCC_WARN_UNINITIALIZED_AUTOS = YES_AGGRESSIVE;
				GCC_WARN_UNUSED_FUNCTION = YES;
				GCC_WARN_UNUSED_VARIABLE = YES;
				IPHONEOS_DEPLOYMENT_TARGET = 8.2;
				MTL_ENABLE_DEBUG_INFO = YES;
				ONLY_ACTIVE_ARCH = YES;
				SDKROOT = iphoneos;
				SWIFT_OPTIMIZATION_LEVEL = "-Onone";
				TARGETED_DEVICE_FAMILY = 2;
			};
			name = Debug;
		};
		96972B621AC2C77000FF2DC5 /* Release */ = {
			isa = XCBuildConfiguration;
			buildSettings = {
				ALWAYS_SEARCH_USER_PATHS = NO;
				CLANG_CXX_LANGUAGE_STANDARD = "gnu++0x";
				CLANG_CXX_LIBRARY = "libc++";
				CLANG_ENABLE_MODULES = YES;
				CLANG_ENABLE_OBJC_ARC = YES;
				CLANG_WARN_BOOL_CONVERSION = YES;
				CLANG_WARN_CONSTANT_CONVERSION = YES;
				CLANG_WARN_DIRECT_OBJC_ISA_USAGE = YES_ERROR;
				CLANG_WARN_EMPTY_BODY = YES;
				CLANG_WARN_ENUM_CONVERSION = YES;
				CLANG_WARN_INT_CONVERSION = YES;
				CLANG_WARN_OBJC_ROOT_CLASS = YES_ERROR;
				CLANG_WARN_UNREACHABLE_CODE = YES;
				CLANG_WARN__DUPLICATE_METHOD_MATCH = YES;
				"CODE_SIGN_IDENTITY[sdk=iphoneos*]" = "iPhone Developer";
				COPY_PHASE_STRIP = NO;
				DEBUG_INFORMATION_FORMAT = "dwarf-with-dsym";
				ENABLE_NS_ASSERTIONS = NO;
				ENABLE_STRICT_OBJC_MSGSEND = YES;
				GCC_C_LANGUAGE_STANDARD = gnu99;
				GCC_NO_COMMON_BLOCKS = YES;
				GCC_WARN_64_TO_32_BIT_CONVERSION = YES;
				GCC_WARN_ABOUT_RETURN_TYPE = YES_ERROR;
				GCC_WARN_UNDECLARED_SELECTOR = YES;
				GCC_WARN_UNINITIALIZED_AUTOS = YES_AGGRESSIVE;
				GCC_WARN_UNUSED_FUNCTION = YES;
				GCC_WARN_UNUSED_VARIABLE = YES;
				IPHONEOS_DEPLOYMENT_TARGET = 8.2;
				MTL_ENABLE_DEBUG_INFO = NO;
				SDKROOT = iphoneos;
				TARGETED_DEVICE_FAMILY = 2;
				VALIDATE_PRODUCT = YES;
			};
			name = Release;
		};
		96972B641AC2C77000FF2DC5 /* Debug */ = {
			isa = XCBuildConfiguration;
			buildSettings = {
				ASSETCATALOG_COMPILER_APPICON_NAME = AppIcon;
				CODE_SIGN_IDENTITY = "iPhone Developer";
				"CODE_SIGN_IDENTITY[sdk=iphoneos*]" = "iPhone Developer";
				INFOPLIST_FILE = CattleBattle/Info.plist;
				IPHONEOS_DEPLOYMENT_TARGET = 8.1;
				LD_RUNPATH_SEARCH_PATHS = "$(inherited) @executable_path/Frameworks";
				PRODUCT_NAME = "$(TARGET_NAME)";
				PROVISIONING_PROFILE = "";
				TARGETED_DEVICE_FAMILY = 2;
			};
			name = Debug;
		};
		96972B651AC2C77000FF2DC5 /* Release */ = {
			isa = XCBuildConfiguration;
			buildSettings = {
				ASSETCATALOG_COMPILER_APPICON_NAME = AppIcon;
				CODE_SIGN_IDENTITY = "iPhone Developer";
				"CODE_SIGN_IDENTITY[sdk=iphoneos*]" = "iPhone Developer";
				INFOPLIST_FILE = CattleBattle/Info.plist;
				IPHONEOS_DEPLOYMENT_TARGET = 8.1;
				LD_RUNPATH_SEARCH_PATHS = "$(inherited) @executable_path/Frameworks";
				PRODUCT_NAME = "$(TARGET_NAME)";
				PROVISIONING_PROFILE = "";
				TARGETED_DEVICE_FAMILY = 2;
			};
			name = Release;
		};
		96972B671AC2C77000FF2DC5 /* Debug */ = {
			isa = XCBuildConfiguration;
			buildSettings = {
				BUNDLE_LOADER = "$(TEST_HOST)";
				FRAMEWORK_SEARCH_PATHS = (
					"$(SDKROOT)/Developer/Library/Frameworks",
					"$(inherited)",
				);
				GCC_PREPROCESSOR_DEFINITIONS = (
					"DEBUG=1",
					"$(inherited)",
				);
				INFOPLIST_FILE = CattleBattleTests/Info.plist;
				IPHONEOS_DEPLOYMENT_TARGET = 8.2;
				LD_RUNPATH_SEARCH_PATHS = "$(inherited) @executable_path/Frameworks @loader_path/Frameworks";
				PRODUCT_NAME = "$(TARGET_NAME)";
				TEST_HOST = "$(BUILT_PRODUCTS_DIR)/CattleBattle.app/CattleBattle";
			};
			name = Debug;
		};
		96972B681AC2C77000FF2DC5 /* Release */ = {
			isa = XCBuildConfiguration;
			buildSettings = {
				BUNDLE_LOADER = "$(TEST_HOST)";
				FRAMEWORK_SEARCH_PATHS = (
					"$(SDKROOT)/Developer/Library/Frameworks",
					"$(inherited)",
				);
				INFOPLIST_FILE = CattleBattleTests/Info.plist;
				IPHONEOS_DEPLOYMENT_TARGET = 8.2;
				LD_RUNPATH_SEARCH_PATHS = "$(inherited) @executable_path/Frameworks @loader_path/Frameworks";
				PRODUCT_NAME = "$(TARGET_NAME)";
				TEST_HOST = "$(BUILT_PRODUCTS_DIR)/CattleBattle.app/CattleBattle";
			};
			name = Release;
		};
/* End XCBuildConfiguration section */

/* Begin XCConfigurationList section */
		96972B3B1AC2C76F00FF2DC5 /* Build configuration list for PBXProject "CattleBattle" */ = {
			isa = XCConfigurationList;
			buildConfigurations = (
				96972B611AC2C77000FF2DC5 /* Debug */,
				96972B621AC2C77000FF2DC5 /* Release */,
			);
			defaultConfigurationIsVisible = 0;
			defaultConfigurationName = Release;
		};
		96972B631AC2C77000FF2DC5 /* Build configuration list for PBXNativeTarget "CattleBattle" */ = {
			isa = XCConfigurationList;
			buildConfigurations = (
				96972B641AC2C77000FF2DC5 /* Debug */,
				96972B651AC2C77000FF2DC5 /* Release */,
			);
			defaultConfigurationIsVisible = 0;
			defaultConfigurationName = Release;
		};
		96972B661AC2C77000FF2DC5 /* Build configuration list for PBXNativeTarget "CattleBattleTests" */ = {
			isa = XCConfigurationList;
			buildConfigurations = (
				96972B671AC2C77000FF2DC5 /* Debug */,
				96972B681AC2C77000FF2DC5 /* Release */,
			);
			defaultConfigurationIsVisible = 0;
			defaultConfigurationName = Release;
		};
/* End XCConfigurationList section */
	};
	rootObject = 96972B381AC2C76F00FF2DC5 /* Project object */;
}
