// !$*UTF8*$!
{
	archiveVersion = 1;
	classes = {
	};
	objectVersion = 46;
	objects = {

/* Begin PBXBuildFile section */
		3A055DBE1ADE36F10005B6E3 /* Animation.swift in Sources */ = {isa = PBXBuildFile; fileRef = 3A055DBD1ADE36F10005B6E3 /* Animation.swift */; };
		3A3021451ADD6C3B00FBE3B2 /* freeze.sks in Resources */ = {isa = PBXBuildFile; fileRef = 3A3021431ADD6C3B00FBE3B2 /* freeze.sks */; };
		3A3021481ADD779900FBE3B2 /* ice-fog.sks in Resources */ = {isa = PBXBuildFile; fileRef = 3A3021471ADD779900FBE3B2 /* ice-fog.sks */; };
		3A49F83F1ADFA35C0008B2CB /* button-back.png in Resources */ = {isa = PBXBuildFile; fileRef = 3A49F83A1ADFA35C0008B2CB /* button-back.png */; };
		3A49F8401ADFA35C0008B2CB /* button-continue.png in Resources */ = {isa = PBXBuildFile; fileRef = 3A49F83B1ADFA35C0008B2CB /* button-continue.png */; };
		3A49F8411ADFA35C0008B2CB /* button-home.png in Resources */ = {isa = PBXBuildFile; fileRef = 3A49F83C1ADFA35C0008B2CB /* button-home.png */; };
		3A49F8421ADFA35C0008B2CB /* button-pause.png in Resources */ = {isa = PBXBuildFile; fileRef = 3A49F83D1ADFA35C0008B2CB /* button-pause.png */; };
		3A49F8431ADFA35C0008B2CB /* button-restart.png in Resources */ = {isa = PBXBuildFile; fileRef = 3A49F83E1ADFA35C0008B2CB /* button-restart.png */; };
		3A49F8451ADFA5680008B2CB /* MenuButtonNode.swift in Sources */ = {isa = PBXBuildFile; fileRef = 3A49F8441ADFA5680008B2CB /* MenuButtonNode.swift */; };
		3A49F8471ADFA5F60008B2CB /* MenuButton.swift in Sources */ = {isa = PBXBuildFile; fileRef = 3A49F8461ADFA5F60008B2CB /* MenuButton.swift */; };
		3A70129D1ADA3CA9002D2BB9 /* MenuViewController.swift in Sources */ = {isa = PBXBuildFile; fileRef = 3A70129C1ADA3CA9002D2BB9 /* MenuViewController.swift */; };
		3A7012A01ADA3CEC002D2BB9 /* background.jpg in Resources */ = {isa = PBXBuildFile; fileRef = 3A70129F1ADA3CEC002D2BB9 /* background.jpg */; };
		3A7012A21ADA4082002D2BB9 /* Instruction1.swift in Sources */ = {isa = PBXBuildFile; fileRef = 3A7012A11ADA4082002D2BB9 /* Instruction1.swift */; };
		3A7012A61ADA41EA002D2BB9 /* button-instruction.png in Resources */ = {isa = PBXBuildFile; fileRef = 3A7012A41ADA41EA002D2BB9 /* button-instruction.png */; };
		3A7012A71ADA41EA002D2BB9 /* button-start-game.png in Resources */ = {isa = PBXBuildFile; fileRef = 3A7012A51ADA41EA002D2BB9 /* button-start-game.png */; };
		3A7687A01ADE9CBE00BA87F2 /* upgrade.sks in Resources */ = {isa = PBXBuildFile; fileRef = 3A76879F1ADE9CBE00BA87F2 /* upgrade.sks */; };
		3A8B0EA51ADFD26F00D3AFF7 /* MinorScreen.swift in Sources */ = {isa = PBXBuildFile; fileRef = 3A8B0EA41ADFD26F00D3AFF7 /* MinorScreen.swift */; };
		3A96A8D01AE245E9007D6F90 /* mode-item.png in Resources */ = {isa = PBXBuildFile; fileRef = 3A96A8CD1AE245E9007D6F90 /* mode-item.png */; };
		3A96A8D11AE245E9007D6F90 /* mode-multiplayer.png in Resources */ = {isa = PBXBuildFile; fileRef = 3A96A8CE1AE245E9007D6F90 /* mode-multiplayer.png */; };
		3A96A8D21AE245E9007D6F90 /* mode-single-player.png in Resources */ = {isa = PBXBuildFile; fileRef = 3A96A8CF1AE245E9007D6F90 /* mode-single-player.png */; };
		3A96A8D41AE2479C007D6F90 /* button-previous-screen.png in Resources */ = {isa = PBXBuildFile; fileRef = 3A96A8D31AE2479C007D6F90 /* button-previous-screen.png */; };
		3A96A8D61AE24892007D6F90 /* GameSelectionViewController.swift in Sources */ = {isa = PBXBuildFile; fileRef = 3A96A8D51AE24892007D6F90 /* GameSelectionViewController.swift */; };
		3AB818921AE273450039E315 /* GameScene.sks in Resources */ = {isa = PBXBuildFile; fileRef = 3AB818911AE273450039E315 /* GameScene.sks */; };
		3AB818941AE273730039E315 /* RiverScene.sks in Resources */ = {isa = PBXBuildFile; fileRef = 3AB818931AE273730039E315 /* RiverScene.sks */; };
		3AC1E0121AE3A1FC00E016A2 /* button-volumn.png in Resources */ = {isa = PBXBuildFile; fileRef = 3AC1E0101AE3A1FC00E016A2 /* button-volumn.png */; };
		3AC1E0131AE3A1FC00E016A2 /* sign-board-standing.png in Resources */ = {isa = PBXBuildFile; fileRef = 3AC1E0111AE3A1FC00E016A2 /* sign-board-standing.png */; };
		3AD4A4241ADA50CD00E63495 /* PowerUp.swift in Sources */ = {isa = PBXBuildFile; fileRef = 3AD4A4231ADA50CD00E63495 /* PowerUp.swift */; };
		3AD4A4371ADB232700E63495 /* CategoryNode.swift in Sources */ = {isa = PBXBuildFile; fileRef = 3AD4A4361ADB232700E63495 /* CategoryNode.swift */; };
		3AD713171ADE5EB400E9544C /* fire.sks in Resources */ = {isa = PBXBuildFile; fileRef = 3AD713151ADE5EB400E9544C /* fire.sks */; };
		3AD713181ADE5EB400E9544C /* spark.png in Resources */ = {isa = PBXBuildFile; fileRef = 3AD713161ADE5EB400E9544C /* spark.png */; };
		3ADADDDA1ADFF5EF00DE17F3 /* lose.png in Resources */ = {isa = PBXBuildFile; fileRef = 3ADADDD81ADFF5EF00DE17F3 /* lose.png */; };
		3ADADDDB1ADFF5EF00DE17F3 /* win.png in Resources */ = {isa = PBXBuildFile; fileRef = 3ADADDD91ADFF5EF00DE17F3 /* win.png */; };
		3ADB3AFD1AE2678200B986D1 /* RiverScene.swift in Sources */ = {isa = PBXBuildFile; fileRef = 3ADB3AFC1AE2678200B986D1 /* RiverScene.swift */; };
		3ADDD0BC1AE0EC0300090FA0 /* spark.sks in Resources */ = {isa = PBXBuildFile; fileRef = 3ADDD0BB1AE0EC0300090FA0 /* spark.sks */; };
		3AE20F831AD9A6FC00EE8CE0 /* topbar3.png in Resources */ = {isa = PBXBuildFile; fileRef = 3AE20F811AD9A6FC00EE8CE0 /* topbar3.png */; };
		3B94EF001ADFE74200F4F488 /* background 1.jpg in Resources */ = {isa = PBXBuildFile; fileRef = 3B94EEFF1ADFE74200F4F488 /* background 1.jpg */; };
		3BBBA6811ADD565F003A401D /* Instruction2.swift in Sources */ = {isa = PBXBuildFile; fileRef = 3BBBA6801ADD565F003A401D /* Instruction2.swift */; };
		3BBE77A01ADF00560071CFEE /* back-button-hi.png in Resources */ = {isa = PBXBuildFile; fileRef = 3BBE779F1ADF00560071CFEE /* back-button-hi.png */; };
		3BD81EDF1AD6EE8900599E30 /* PowerUpNode.swift in Sources */ = {isa = PBXBuildFile; fileRef = 3BD81EDE1AD6EE8900599E30 /* PowerUpNode.swift */; };
		3BDC0E091AE016B600EAF13D /* InstructionViewController.swift in Sources */ = {isa = PBXBuildFile; fileRef = 3BDC0E081AE016B600EAF13D /* InstructionViewController.swift */; };
		9606B63D1ADFDCCA005442EF /* EasyAI.swift in Sources */ = {isa = PBXBuildFile; fileRef = 9606B63C1ADFDCCA005442EF /* EasyAI.swift */; };
		9616925F1AC4621C0016523C /* GameModel.swift in Sources */ = {isa = PBXBuildFile; fileRef = 9616925E1AC4621C0016523C /* GameModel.swift */; };
		9660B9FF1AC44F4A00A053A2 /* LoadingNode.swift in Sources */ = {isa = PBXBuildFile; fileRef = 9660B9FE1AC44F4A00A053A2 /* LoadingNode.swift */; };
		967F6D891AC55C1B00B50207 /* Animal.swift in Sources */ = {isa = PBXBuildFile; fileRef = 967F6D881AC55C1B00B50207 /* Animal.swift */; };
		96972B461AC2C77000FF2DC5 /* AppDelegate.swift in Sources */ = {isa = PBXBuildFile; fileRef = 96972B451AC2C77000FF2DC5 /* AppDelegate.swift */; };
		96972B4A1AC2C77000FF2DC5 /* GameScene.swift in Sources */ = {isa = PBXBuildFile; fileRef = 96972B491AC2C77000FF2DC5 /* GameScene.swift */; };
		96972B4C1AC2C77000FF2DC5 /* GameViewController.swift in Sources */ = {isa = PBXBuildFile; fileRef = 96972B4B1AC2C77000FF2DC5 /* GameViewController.swift */; };
		96972B4F1AC2C77000FF2DC5 /* Main.storyboard in Resources */ = {isa = PBXBuildFile; fileRef = 96972B4D1AC2C77000FF2DC5 /* Main.storyboard */; };
		96972B511AC2C77000FF2DC5 /* Images.xcassets in Resources */ = {isa = PBXBuildFile; fileRef = 96972B501AC2C77000FF2DC5 /* Images.xcassets */; };
		96972B541AC2C77000FF2DC5 /* LaunchScreen.xib in Resources */ = {isa = PBXBuildFile; fileRef = 96972B521AC2C77000FF2DC5 /* LaunchScreen.xib */; };
		96972B601AC2C77000FF2DC5 /* CattleBattleTests.swift in Sources */ = {isa = PBXBuildFile; fileRef = 96972B5F1AC2C77000FF2DC5 /* CattleBattleTests.swift */; };
		96CAA74B1AD0074B0094AC44 /* ArrowNode.swift in Sources */ = {isa = PBXBuildFile; fileRef = 96CAA74A1AD0074B0094AC44 /* ArrowNode.swift */; };
		C33F32271ADC001E00964B5D /* item-selected-blackhole.png in Resources */ = {isa = PBXBuildFile; fileRef = C33F321D1ADC001E00964B5D /* item-selected-blackhole.png */; };
		C33F32281ADC001E00964B5D /* item-selected-freeze.png in Resources */ = {isa = PBXBuildFile; fileRef = C33F321E1ADC001E00964B5D /* item-selected-freeze.png */; };
		C33F32291ADC001E00964B5D /* item-selected-fire.png in Resources */ = {isa = PBXBuildFile; fileRef = C33F321F1ADC001E00964B5D /* item-selected-fire.png */; };
		C33F322A1ADC001E00964B5D /* item-selected-upgrade.png in Resources */ = {isa = PBXBuildFile; fileRef = C33F32201ADC001E00964B5D /* item-selected-upgrade.png */; };
		C33F322B1ADC001E00964B5D /* item-waiting-blackhole.png in Resources */ = {isa = PBXBuildFile; fileRef = C33F32221ADC001E00964B5D /* item-waiting-blackhole.png */; };
		C33F322C1ADC001E00964B5D /* item-waiting-freeze.png in Resources */ = {isa = PBXBuildFile; fileRef = C33F32231ADC001E00964B5D /* item-waiting-freeze.png */; };
		C33F322D1ADC001E00964B5D /* item-waiting-fire.png in Resources */ = {isa = PBXBuildFile; fileRef = C33F32241ADC001E00964B5D /* item-waiting-fire.png */; };
		C33F322E1ADC001E00964B5D /* item-waiting-upgrade.png in Resources */ = {isa = PBXBuildFile; fileRef = C33F32251ADC001E00964B5D /* item-waiting-upgrade.png */; };
		C33F32301ADC3B9300964B5D /* AnimationNode.swift in Sources */ = {isa = PBXBuildFile; fileRef = C33F322F1ADC3B9300964B5D /* AnimationNode.swift */; };
		C35441521ACD7EAE00BA7369 /* AnimalNode.swift in Sources */ = {isa = PBXBuildFile; fileRef = C35441511ACD7EAE00BA7369 /* AnimalNode.swift */; };
		C35441581ACDC0AC00BA7369 /* arrow-left.png in Resources */ = {isa = PBXBuildFile; fileRef = C35441541ACDC0AC00BA7369 /* arrow-left.png */; };
		C35441591ACDC0AC00BA7369 /* arrow-right.png in Resources */ = {isa = PBXBuildFile; fileRef = C35441551ACDC0AC00BA7369 /* arrow-right.png */; };
		C354415A1ACDC0AC00BA7369 /* bank-left.png in Resources */ = {isa = PBXBuildFile; fileRef = C35441561ACDC0AC00BA7369 /* bank-left.png */; };
		C354415B1ACDC0AC00BA7369 /* bank-right.png in Resources */ = {isa = PBXBuildFile; fileRef = C35441571ACDC0AC00BA7369 /* bank-right.png */; };
		C385F6A81AD14813003B4E74 /* SKNodeExtension.swift in Sources */ = {isa = PBXBuildFile; fileRef = C385F6A71AD14813003B4E74 /* SKNodeExtension.swift */; };
		C38B42481AE2E23400938FC5 /* goat-bumping-left-1.png in Resources */ = {isa = PBXBuildFile; fileRef = C38B421D1AE2E23400938FC5 /* goat-bumping-left-1.png */; };
		C38B42491AE2E23400938FC5 /* goat-bumping-left-2.png in Resources */ = {isa = PBXBuildFile; fileRef = C38B421E1AE2E23400938FC5 /* goat-bumping-left-2.png */; };
		C38B424A1AE2E23400938FC5 /* goat-bumping-left-3.png in Resources */ = {isa = PBXBuildFile; fileRef = C38B421F1AE2E23400938FC5 /* goat-bumping-left-3.png */; };
		C38B424B1AE2E23400938FC5 /* goat-bumping-left-4.png in Resources */ = {isa = PBXBuildFile; fileRef = C38B42201AE2E23400938FC5 /* goat-bumping-left-4.png */; };
		C38B424C1AE2E23400938FC5 /* goat-bumping-left-5.png in Resources */ = {isa = PBXBuildFile; fileRef = C38B42211AE2E23400938FC5 /* goat-bumping-left-5.png */; };
		C38B424D1AE2E23400938FC5 /* goat-bumping-right-1.png in Resources */ = {isa = PBXBuildFile; fileRef = C38B42231AE2E23400938FC5 /* goat-bumping-right-1.png */; };
		C38B424E1AE2E23400938FC5 /* goat-bumping-right-2.png in Resources */ = {isa = PBXBuildFile; fileRef = C38B42241AE2E23400938FC5 /* goat-bumping-right-2.png */; };
		C38B424F1AE2E23400938FC5 /* goat-bumping-right-3.png in Resources */ = {isa = PBXBuildFile; fileRef = C38B42251AE2E23400938FC5 /* goat-bumping-right-3.png */; };
		C38B42501AE2E23400938FC5 /* goat-bumping-right-4.png in Resources */ = {isa = PBXBuildFile; fileRef = C38B42261AE2E23400938FC5 /* goat-bumping-right-4.png */; };
		C38B42511AE2E23400938FC5 /* goat-bumping-right-5.png in Resources */ = {isa = PBXBuildFile; fileRef = C38B42271AE2E23400938FC5 /* goat-bumping-right-5.png */; };
		C38B42521AE2E23400938FC5 /* goat-button-left-1.png in Resources */ = {isa = PBXBuildFile; fileRef = C38B422A1AE2E23400938FC5 /* goat-button-left-1.png */; };
		C38B42531AE2E23400938FC5 /* goat-button-left-2.png in Resources */ = {isa = PBXBuildFile; fileRef = C38B422B1AE2E23400938FC5 /* goat-button-left-2.png */; };
		C38B42541AE2E23400938FC5 /* goat-button-left-3.png in Resources */ = {isa = PBXBuildFile; fileRef = C38B422C1AE2E23400938FC5 /* goat-button-left-3.png */; };
		C38B42551AE2E23400938FC5 /* goat-button-left-4.png in Resources */ = {isa = PBXBuildFile; fileRef = C38B422D1AE2E23400938FC5 /* goat-button-left-4.png */; };
		C38B42561AE2E23400938FC5 /* goat-button-left-5.png in Resources */ = {isa = PBXBuildFile; fileRef = C38B422E1AE2E23400938FC5 /* goat-button-left-5.png */; };
		C38B42571AE2E23400938FC5 /* goat-button-right-1.png in Resources */ = {isa = PBXBuildFile; fileRef = C38B42301AE2E23400938FC5 /* goat-button-right-1.png */; };
		C38B42581AE2E23400938FC5 /* goat-button-right-2.png in Resources */ = {isa = PBXBuildFile; fileRef = C38B42311AE2E23400938FC5 /* goat-button-right-2.png */; };
		C38B42591AE2E23400938FC5 /* goat-button-right-3.png in Resources */ = {isa = PBXBuildFile; fileRef = C38B42321AE2E23400938FC5 /* goat-button-right-3.png */; };
		C38B425A1AE2E23400938FC5 /* goat-button-right-4.png in Resources */ = {isa = PBXBuildFile; fileRef = C38B42331AE2E23400938FC5 /* goat-button-right-4.png */; };
		C38B425B1AE2E23400938FC5 /* goat-button-right-5.png in Resources */ = {isa = PBXBuildFile; fileRef = C38B42341AE2E23400938FC5 /* goat-button-right-5.png */; };
		C38B425C1AE2E23400938FC5 /* goat-deployed-left-1.png in Resources */ = {isa = PBXBuildFile; fileRef = C38B42371AE2E23400938FC5 /* goat-deployed-left-1.png */; };
		C38B425D1AE2E23400938FC5 /* goat-deployed-left-2.png in Resources */ = {isa = PBXBuildFile; fileRef = C38B42381AE2E23400938FC5 /* goat-deployed-left-2.png */; };
		C38B425E1AE2E23400938FC5 /* goat-deployed-left-3.png in Resources */ = {isa = PBXBuildFile; fileRef = C38B42391AE2E23400938FC5 /* goat-deployed-left-3.png */; };
		C38B425F1AE2E23400938FC5 /* goat-deployed-left-4.png in Resources */ = {isa = PBXBuildFile; fileRef = C38B423A1AE2E23400938FC5 /* goat-deployed-left-4.png */; };
		C38B42601AE2E23400938FC5 /* goat-deployed-left-5.png in Resources */ = {isa = PBXBuildFile; fileRef = C38B423B1AE2E23400938FC5 /* goat-deployed-left-5.png */; };
		C38B42611AE2E23400938FC5 /* goat-deployed-right-1.png in Resources */ = {isa = PBXBuildFile; fileRef = C38B423D1AE2E23400938FC5 /* goat-deployed-right-1.png */; };
		C38B42621AE2E23400938FC5 /* goat-deployed-right-2.png in Resources */ = {isa = PBXBuildFile; fileRef = C38B423E1AE2E23400938FC5 /* goat-deployed-right-2.png */; };
		C38B42631AE2E23400938FC5 /* goat-deployed-right-3.png in Resources */ = {isa = PBXBuildFile; fileRef = C38B423F1AE2E23400938FC5 /* goat-deployed-right-3.png */; };
		C38B42641AE2E23400938FC5 /* goat-deployed-right-4.png in Resources */ = {isa = PBXBuildFile; fileRef = C38B42401AE2E23400938FC5 /* goat-deployed-right-4.png */; };
		C38B42651AE2E23400938FC5 /* goat-deployed-right-5.png in Resources */ = {isa = PBXBuildFile; fileRef = C38B42411AE2E23400938FC5 /* goat-deployed-right-5.png */; };
		C38B42661AE2E23400938FC5 /* goat-big.png in Resources */ = {isa = PBXBuildFile; fileRef = C38B42431AE2E23400938FC5 /* goat-big.png */; };
		C38B42671AE2E23400938FC5 /* goat-huge.png in Resources */ = {isa = PBXBuildFile; fileRef = C38B42441AE2E23400938FC5 /* goat-huge.png */; };
		C38B42681AE2E23400938FC5 /* goat-medium.png in Resources */ = {isa = PBXBuildFile; fileRef = C38B42451AE2E23400938FC5 /* goat-medium.png */; };
		C38B42691AE2E23400938FC5 /* goat-small.png in Resources */ = {isa = PBXBuildFile; fileRef = C38B42461AE2E23400938FC5 /* goat-small.png */; };
		C38B426A1AE2E23400938FC5 /* goat-tiny.png in Resources */ = {isa = PBXBuildFile; fileRef = C38B42471AE2E23400938FC5 /* goat-tiny.png */; };
		C3AE5D551ACB081B00E8E8F2 /* bridge.png in Resources */ = {isa = PBXBuildFile; fileRef = C3AE5D521ACB081B00E8E8F2 /* bridge.png */; };
		C3B37F301ADD62DE00CB747C /* animation-freezing2.png in Resources */ = {isa = PBXBuildFile; fileRef = C3B37F2D1ADD62DE00CB747C /* animation-freezing2.png */; };
		C3B37F311ADD62DE00CB747C /* animation-blackHole.png in Resources */ = {isa = PBXBuildFile; fileRef = C3B37F2E1ADD62DE00CB747C /* animation-blackHole.png */; };
		C3B37F321ADD62DE00CB747C /* animation-freezing1.png in Resources */ = {isa = PBXBuildFile; fileRef = C3B37F2F1ADD62DE00CB747C /* animation-freezing1.png */; };
		C3D7EB001AD069D800A61851 /* category-left.png in Resources */ = {isa = PBXBuildFile; fileRef = C3D7EAFC1AD069D800A61851 /* category-left.png */; };
		C3D7EB011AD069D800A61851 /* category-right.png in Resources */ = {isa = PBXBuildFile; fileRef = C3D7EAFD1AD069D800A61851 /* category-right.png */; };
		C3D7EB021AD069D800A61851 /* topbar.png in Resources */ = {isa = PBXBuildFile; fileRef = C3D7EAFE1AD069D800A61851 /* topbar.png */; };
		C3D7EB031AD069D800A61851 /* topbar2.png in Resources */ = {isa = PBXBuildFile; fileRef = C3D7EAFF1AD069D800A61851 /* topbar2.png */; };
		C3D7EB051AD0704400A61851 /* river.gif in Resources */ = {isa = PBXBuildFile; fileRef = C3D7EB041AD0704400A61851 /* river.gif */; };
/* End PBXBuildFile section */

/* Begin PBXContainerItemProxy section */
		96972B5A1AC2C77000FF2DC5 /* PBXContainerItemProxy */ = {
			isa = PBXContainerItemProxy;
			containerPortal = 96972B381AC2C76F00FF2DC5 /* Project object */;
			proxyType = 1;
			remoteGlobalIDString = 96972B3F1AC2C76F00FF2DC5;
			remoteInfo = CattleBattle;
		};
/* End PBXContainerItemProxy section */

/* Begin PBXFileReference section */
		3A055DBD1ADE36F10005B6E3 /* Animation.swift */ = {isa = PBXFileReference; fileEncoding = 4; lastKnownFileType = sourcecode.swift; path = Animation.swift; sourceTree = "<group>"; };
		3A3021431ADD6C3B00FBE3B2 /* freeze.sks */ = {isa = PBXFileReference; lastKnownFileType = file.sks; path = freeze.sks; sourceTree = "<group>"; };
		3A3021471ADD779900FBE3B2 /* ice-fog.sks */ = {isa = PBXFileReference; lastKnownFileType = file.sks; path = "ice-fog.sks"; sourceTree = "<group>"; };
		3A49F83A1ADFA35C0008B2CB /* button-back.png */ = {isa = PBXFileReference; lastKnownFileType = image.png; name = "button-back.png"; path = "Buttons/button-back.png"; sourceTree = "<group>"; };
		3A49F83B1ADFA35C0008B2CB /* button-continue.png */ = {isa = PBXFileReference; lastKnownFileType = image.png; name = "button-continue.png"; path = "Buttons/button-continue.png"; sourceTree = "<group>"; };
		3A49F83C1ADFA35C0008B2CB /* button-home.png */ = {isa = PBXFileReference; lastKnownFileType = image.png; name = "button-home.png"; path = "Buttons/button-home.png"; sourceTree = "<group>"; };
		3A49F83D1ADFA35C0008B2CB /* button-pause.png */ = {isa = PBXFileReference; lastKnownFileType = image.png; name = "button-pause.png"; path = "Buttons/button-pause.png"; sourceTree = "<group>"; };
		3A49F83E1ADFA35C0008B2CB /* button-restart.png */ = {isa = PBXFileReference; lastKnownFileType = image.png; name = "button-restart.png"; path = "Buttons/button-restart.png"; sourceTree = "<group>"; };
		3A49F8441ADFA5680008B2CB /* MenuButtonNode.swift */ = {isa = PBXFileReference; fileEncoding = 4; lastKnownFileType = sourcecode.swift; path = MenuButtonNode.swift; sourceTree = "<group>"; };
		3A49F8461ADFA5F60008B2CB /* MenuButton.swift */ = {isa = PBXFileReference; fileEncoding = 4; lastKnownFileType = sourcecode.swift; path = MenuButton.swift; sourceTree = "<group>"; };
		3A70129C1ADA3CA9002D2BB9 /* MenuViewController.swift */ = {isa = PBXFileReference; fileEncoding = 4; lastKnownFileType = sourcecode.swift; path = MenuViewController.swift; sourceTree = "<group>"; };
		3A70129F1ADA3CEC002D2BB9 /* background.jpg */ = {isa = PBXFileReference; lastKnownFileType = image.jpeg; path = background.jpg; sourceTree = "<group>"; };
		3A7012A11ADA4082002D2BB9 /* Instruction1.swift */ = {isa = PBXFileReference; fileEncoding = 4; lastKnownFileType = sourcecode.swift; path = Instruction1.swift; sourceTree = "<group>"; };
		3A7012A41ADA41EA002D2BB9 /* button-instruction.png */ = {isa = PBXFileReference; lastKnownFileType = image.png; name = "button-instruction.png"; path = "Buttons/button-instruction.png"; sourceTree = "<group>"; };
		3A7012A51ADA41EA002D2BB9 /* button-start-game.png */ = {isa = PBXFileReference; lastKnownFileType = image.png; name = "button-start-game.png"; path = "Buttons/button-start-game.png"; sourceTree = "<group>"; };
		3A76879F1ADE9CBE00BA87F2 /* upgrade.sks */ = {isa = PBXFileReference; lastKnownFileType = file.sks; path = upgrade.sks; sourceTree = "<group>"; };
		3A8B0EA41ADFD26F00D3AFF7 /* MinorScreen.swift */ = {isa = PBXFileReference; fileEncoding = 4; lastKnownFileType = sourcecode.swift; path = MinorScreen.swift; sourceTree = "<group>"; };
		3A96A8CD1AE245E9007D6F90 /* mode-item.png */ = {isa = PBXFileReference; lastKnownFileType = image.png; name = "mode-item.png"; path = "Buttons/mode-item.png"; sourceTree = "<group>"; };
		3A96A8CE1AE245E9007D6F90 /* mode-multiplayer.png */ = {isa = PBXFileReference; lastKnownFileType = image.png; name = "mode-multiplayer.png"; path = "Buttons/mode-multiplayer.png"; sourceTree = "<group>"; };
		3A96A8CF1AE245E9007D6F90 /* mode-single-player.png */ = {isa = PBXFileReference; lastKnownFileType = image.png; name = "mode-single-player.png"; path = "Buttons/mode-single-player.png"; sourceTree = "<group>"; };
		3A96A8D31AE2479C007D6F90 /* button-previous-screen.png */ = {isa = PBXFileReference; lastKnownFileType = image.png; name = "button-previous-screen.png"; path = "Buttons/button-previous-screen.png"; sourceTree = "<group>"; };
		3A96A8D51AE24892007D6F90 /* GameSelectionViewController.swift */ = {isa = PBXFileReference; fileEncoding = 4; lastKnownFileType = sourcecode.swift; path = GameSelectionViewController.swift; sourceTree = "<group>"; };
		3AB818911AE273450039E315 /* GameScene.sks */ = {isa = PBXFileReference; lastKnownFileType = file.sks; path = GameScene.sks; sourceTree = "<group>"; };
		3AB818931AE273730039E315 /* RiverScene.sks */ = {isa = PBXFileReference; lastKnownFileType = file.sks; path = RiverScene.sks; sourceTree = "<group>"; };
		3AC1E0101AE3A1FC00E016A2 /* button-volumn.png */ = {isa = PBXFileReference; lastKnownFileType = image.png; name = "button-volumn.png"; path = "CattleBattle/Images/Buttons/button-volumn.png"; sourceTree = SOURCE_ROOT; };
		3AC1E0111AE3A1FC00E016A2 /* sign-board-standing.png */ = {isa = PBXFileReference; lastKnownFileType = image.png; name = "sign-board-standing.png"; path = "CattleBattle/Images/Buttons/sign-board-standing.png"; sourceTree = SOURCE_ROOT; };
		3AD4A4231ADA50CD00E63495 /* PowerUp.swift */ = {isa = PBXFileReference; fileEncoding = 4; lastKnownFileType = sourcecode.swift; path = PowerUp.swift; sourceTree = "<group>"; };
		3AD4A4361ADB232700E63495 /* CategoryNode.swift */ = {isa = PBXFileReference; fileEncoding = 4; lastKnownFileType = sourcecode.swift; path = CategoryNode.swift; sourceTree = "<group>"; };
		3AD713151ADE5EB400E9544C /* fire.sks */ = {isa = PBXFileReference; lastKnownFileType = file.sks; path = fire.sks; sourceTree = "<group>"; };
		3AD713161ADE5EB400E9544C /* spark.png */ = {isa = PBXFileReference; lastKnownFileType = image.png; path = spark.png; sourceTree = "<group>"; };
		3ADADDD81ADFF5EF00DE17F3 /* lose.png */ = {isa = PBXFileReference; lastKnownFileType = image.png; name = lose.png; path = GameOver/lose.png; sourceTree = "<group>"; };
		3ADADDD91ADFF5EF00DE17F3 /* win.png */ = {isa = PBXFileReference; lastKnownFileType = image.png; name = win.png; path = GameOver/win.png; sourceTree = "<group>"; };
		3ADB3AFC1AE2678200B986D1 /* RiverScene.swift */ = {isa = PBXFileReference; fileEncoding = 4; lastKnownFileType = sourcecode.swift; path = RiverScene.swift; sourceTree = "<group>"; };
		3ADDD0BB1AE0EC0300090FA0 /* spark.sks */ = {isa = PBXFileReference; lastKnownFileType = file.sks; path = spark.sks; sourceTree = "<group>"; };
		3AE20F811AD9A6FC00EE8CE0 /* topbar3.png */ = {isa = PBXFileReference; lastKnownFileType = image.png; path = topbar3.png; sourceTree = "<group>"; };
		3B94EEFF1ADFE74200F4F488 /* background 1.jpg */ = {isa = PBXFileReference; lastKnownFileType = image.jpeg; path = "background 1.jpg"; sourceTree = "<group>"; };
		3BBBA6801ADD565F003A401D /* Instruction2.swift */ = {isa = PBXFileReference; fileEncoding = 4; lastKnownFileType = sourcecode.swift; path = Instruction2.swift; sourceTree = "<group>"; };
		3BBE779F1ADF00560071CFEE /* back-button-hi.png */ = {isa = PBXFileReference; lastKnownFileType = image.png; path = "back-button-hi.png"; sourceTree = "<group>"; };
		3BD81EDE1AD6EE8900599E30 /* PowerUpNode.swift */ = {isa = PBXFileReference; fileEncoding = 4; lastKnownFileType = sourcecode.swift; path = PowerUpNode.swift; sourceTree = "<group>"; };
		3BDC0E081AE016B600EAF13D /* InstructionViewController.swift */ = {isa = PBXFileReference; fileEncoding = 4; lastKnownFileType = sourcecode.swift; path = InstructionViewController.swift; sourceTree = "<group>"; };
		9606B63C1ADFDCCA005442EF /* EasyAI.swift */ = {isa = PBXFileReference; fileEncoding = 4; lastKnownFileType = sourcecode.swift; path = EasyAI.swift; sourceTree = "<group>"; };
		9616925E1AC4621C0016523C /* GameModel.swift */ = {isa = PBXFileReference; fileEncoding = 4; lastKnownFileType = sourcecode.swift; path = GameModel.swift; sourceTree = "<group>"; };
		9660B9FE1AC44F4A00A053A2 /* LoadingNode.swift */ = {isa = PBXFileReference; fileEncoding = 4; lastKnownFileType = sourcecode.swift; path = LoadingNode.swift; sourceTree = "<group>"; };
		967F6D881AC55C1B00B50207 /* Animal.swift */ = {isa = PBXFileReference; fileEncoding = 4; lastKnownFileType = sourcecode.swift; path = Animal.swift; sourceTree = "<group>"; };
		96972B401AC2C77000FF2DC5 /* CattleBattle.app */ = {isa = PBXFileReference; explicitFileType = wrapper.application; includeInIndex = 0; path = CattleBattle.app; sourceTree = BUILT_PRODUCTS_DIR; };
		96972B441AC2C77000FF2DC5 /* Info.plist */ = {isa = PBXFileReference; lastKnownFileType = text.plist.xml; path = Info.plist; sourceTree = "<group>"; };
		96972B451AC2C77000FF2DC5 /* AppDelegate.swift */ = {isa = PBXFileReference; lastKnownFileType = sourcecode.swift; path = AppDelegate.swift; sourceTree = "<group>"; };
		96972B491AC2C77000FF2DC5 /* GameScene.swift */ = {isa = PBXFileReference; lastKnownFileType = sourcecode.swift; path = GameScene.swift; sourceTree = "<group>"; };
		96972B4B1AC2C77000FF2DC5 /* GameViewController.swift */ = {isa = PBXFileReference; lastKnownFileType = sourcecode.swift; path = GameViewController.swift; sourceTree = "<group>"; };
		96972B4E1AC2C77000FF2DC5 /* Base */ = {isa = PBXFileReference; lastKnownFileType = file.storyboard; name = Base; path = Base.lproj/Main.storyboard; sourceTree = "<group>"; };
		96972B501AC2C77000FF2DC5 /* Images.xcassets */ = {isa = PBXFileReference; lastKnownFileType = folder.assetcatalog; path = Images.xcassets; sourceTree = "<group>"; };
		96972B531AC2C77000FF2DC5 /* Base */ = {isa = PBXFileReference; lastKnownFileType = file.xib; name = Base; path = Base.lproj/LaunchScreen.xib; sourceTree = "<group>"; };
		96972B591AC2C77000FF2DC5 /* CattleBattleTests.xctest */ = {isa = PBXFileReference; explicitFileType = wrapper.cfbundle; includeInIndex = 0; path = CattleBattleTests.xctest; sourceTree = BUILT_PRODUCTS_DIR; };
		96972B5E1AC2C77000FF2DC5 /* Info.plist */ = {isa = PBXFileReference; lastKnownFileType = text.plist.xml; path = Info.plist; sourceTree = "<group>"; };
		96972B5F1AC2C77000FF2DC5 /* CattleBattleTests.swift */ = {isa = PBXFileReference; lastKnownFileType = sourcecode.swift; path = CattleBattleTests.swift; sourceTree = "<group>"; };
		96CAA74A1AD0074B0094AC44 /* ArrowNode.swift */ = {isa = PBXFileReference; fileEncoding = 4; lastKnownFileType = sourcecode.swift; path = ArrowNode.swift; sourceTree = "<group>"; };
		C33F321D1ADC001E00964B5D /* item-selected-blackhole.png */ = {isa = PBXFileReference; lastKnownFileType = image.png; path = "item-selected-blackhole.png"; sourceTree = "<group>"; };
		C33F321E1ADC001E00964B5D /* item-selected-freeze.png */ = {isa = PBXFileReference; lastKnownFileType = image.png; path = "item-selected-freeze.png"; sourceTree = "<group>"; };
		C33F321F1ADC001E00964B5D /* item-selected-fire.png */ = {isa = PBXFileReference; lastKnownFileType = image.png; path = "item-selected-fire.png"; sourceTree = "<group>"; };
		C33F32201ADC001E00964B5D /* item-selected-upgrade.png */ = {isa = PBXFileReference; lastKnownFileType = image.png; path = "item-selected-upgrade.png"; sourceTree = "<group>"; };
		C33F32221ADC001E00964B5D /* item-waiting-blackhole.png */ = {isa = PBXFileReference; lastKnownFileType = image.png; path = "item-waiting-blackhole.png"; sourceTree = "<group>"; };
		C33F32231ADC001E00964B5D /* item-waiting-freeze.png */ = {isa = PBXFileReference; lastKnownFileType = image.png; path = "item-waiting-freeze.png"; sourceTree = "<group>"; };
		C33F32241ADC001E00964B5D /* item-waiting-fire.png */ = {isa = PBXFileReference; lastKnownFileType = image.png; path = "item-waiting-fire.png"; sourceTree = "<group>"; };
		C33F32251ADC001E00964B5D /* item-waiting-upgrade.png */ = {isa = PBXFileReference; lastKnownFileType = image.png; path = "item-waiting-upgrade.png"; sourceTree = "<group>"; };
		C33F322F1ADC3B9300964B5D /* AnimationNode.swift */ = {isa = PBXFileReference; fileEncoding = 4; lastKnownFileType = sourcecode.swift; path = AnimationNode.swift; sourceTree = "<group>"; };
		C35441511ACD7EAE00BA7369 /* AnimalNode.swift */ = {isa = PBXFileReference; fileEncoding = 4; lastKnownFileType = sourcecode.swift; path = AnimalNode.swift; sourceTree = "<group>"; };
		C35441541ACDC0AC00BA7369 /* arrow-left.png */ = {isa = PBXFileReference; lastKnownFileType = image.png; path = "arrow-left.png"; sourceTree = "<group>"; };
		C35441551ACDC0AC00BA7369 /* arrow-right.png */ = {isa = PBXFileReference; lastKnownFileType = image.png; path = "arrow-right.png"; sourceTree = "<group>"; };
		C35441561ACDC0AC00BA7369 /* bank-left.png */ = {isa = PBXFileReference; lastKnownFileType = image.png; path = "bank-left.png"; sourceTree = "<group>"; };
		C35441571ACDC0AC00BA7369 /* bank-right.png */ = {isa = PBXFileReference; lastKnownFileType = image.png; path = "bank-right.png"; sourceTree = "<group>"; };
		C385F6A71AD14813003B4E74 /* SKNodeExtension.swift */ = {isa = PBXFileReference; fileEncoding = 4; lastKnownFileType = sourcecode.swift; path = SKNodeExtension.swift; sourceTree = "<group>"; };
		C38B421D1AE2E23400938FC5 /* goat-bumping-left-1.png */ = {isa = PBXFileReference; lastKnownFileType = image.png; path = "goat-bumping-left-1.png"; sourceTree = "<group>"; };
		C38B421E1AE2E23400938FC5 /* goat-bumping-left-2.png */ = {isa = PBXFileReference; lastKnownFileType = image.png; path = "goat-bumping-left-2.png"; sourceTree = "<group>"; };
		C38B421F1AE2E23400938FC5 /* goat-bumping-left-3.png */ = {isa = PBXFileReference; lastKnownFileType = image.png; path = "goat-bumping-left-3.png"; sourceTree = "<group>"; };
		C38B42201AE2E23400938FC5 /* goat-bumping-left-4.png */ = {isa = PBXFileReference; lastKnownFileType = image.png; path = "goat-bumping-left-4.png"; sourceTree = "<group>"; };
		C38B42211AE2E23400938FC5 /* goat-bumping-left-5.png */ = {isa = PBXFileReference; lastKnownFileType = image.png; path = "goat-bumping-left-5.png"; sourceTree = "<group>"; };
		C38B42231AE2E23400938FC5 /* goat-bumping-right-1.png */ = {isa = PBXFileReference; lastKnownFileType = image.png; path = "goat-bumping-right-1.png"; sourceTree = "<group>"; };
		C38B42241AE2E23400938FC5 /* goat-bumping-right-2.png */ = {isa = PBXFileReference; lastKnownFileType = image.png; path = "goat-bumping-right-2.png"; sourceTree = "<group>"; };
		C38B42251AE2E23400938FC5 /* goat-bumping-right-3.png */ = {isa = PBXFileReference; lastKnownFileType = image.png; path = "goat-bumping-right-3.png"; sourceTree = "<group>"; };
		C38B42261AE2E23400938FC5 /* goat-bumping-right-4.png */ = {isa = PBXFileReference; lastKnownFileType = image.png; path = "goat-bumping-right-4.png"; sourceTree = "<group>"; };
		C38B42271AE2E23400938FC5 /* goat-bumping-right-5.png */ = {isa = PBXFileReference; lastKnownFileType = image.png; path = "goat-bumping-right-5.png"; sourceTree = "<group>"; };
		C38B422A1AE2E23400938FC5 /* goat-button-left-1.png */ = {isa = PBXFileReference; lastKnownFileType = image.png; path = "goat-button-left-1.png"; sourceTree = "<group>"; };
		C38B422B1AE2E23400938FC5 /* goat-button-left-2.png */ = {isa = PBXFileReference; lastKnownFileType = image.png; path = "goat-button-left-2.png"; sourceTree = "<group>"; };
		C38B422C1AE2E23400938FC5 /* goat-button-left-3.png */ = {isa = PBXFileReference; lastKnownFileType = image.png; path = "goat-button-left-3.png"; sourceTree = "<group>"; };
		C38B422D1AE2E23400938FC5 /* goat-button-left-4.png */ = {isa = PBXFileReference; lastKnownFileType = image.png; path = "goat-button-left-4.png"; sourceTree = "<group>"; };
		C38B422E1AE2E23400938FC5 /* goat-button-left-5.png */ = {isa = PBXFileReference; lastKnownFileType = image.png; path = "goat-button-left-5.png"; sourceTree = "<group>"; };
		C38B42301AE2E23400938FC5 /* goat-button-right-1.png */ = {isa = PBXFileReference; lastKnownFileType = image.png; path = "goat-button-right-1.png"; sourceTree = "<group>"; };
		C38B42311AE2E23400938FC5 /* goat-button-right-2.png */ = {isa = PBXFileReference; lastKnownFileType = image.png; path = "goat-button-right-2.png"; sourceTree = "<group>"; };
		C38B42321AE2E23400938FC5 /* goat-button-right-3.png */ = {isa = PBXFileReference; lastKnownFileType = image.png; path = "goat-button-right-3.png"; sourceTree = "<group>"; };
		C38B42331AE2E23400938FC5 /* goat-button-right-4.png */ = {isa = PBXFileReference; lastKnownFileType = image.png; path = "goat-button-right-4.png"; sourceTree = "<group>"; };
		C38B42341AE2E23400938FC5 /* goat-button-right-5.png */ = {isa = PBXFileReference; lastKnownFileType = image.png; path = "goat-button-right-5.png"; sourceTree = "<group>"; };
		C38B42371AE2E23400938FC5 /* goat-deployed-left-1.png */ = {isa = PBXFileReference; lastKnownFileType = image.png; path = "goat-deployed-left-1.png"; sourceTree = "<group>"; };
		C38B42381AE2E23400938FC5 /* goat-deployed-left-2.png */ = {isa = PBXFileReference; lastKnownFileType = image.png; path = "goat-deployed-left-2.png"; sourceTree = "<group>"; };
		C38B42391AE2E23400938FC5 /* goat-deployed-left-3.png */ = {isa = PBXFileReference; lastKnownFileType = image.png; path = "goat-deployed-left-3.png"; sourceTree = "<group>"; };
		C38B423A1AE2E23400938FC5 /* goat-deployed-left-4.png */ = {isa = PBXFileReference; lastKnownFileType = image.png; path = "goat-deployed-left-4.png"; sourceTree = "<group>"; };
		C38B423B1AE2E23400938FC5 /* goat-deployed-left-5.png */ = {isa = PBXFileReference; lastKnownFileType = image.png; path = "goat-deployed-left-5.png"; sourceTree = "<group>"; };
		C38B423D1AE2E23400938FC5 /* goat-deployed-right-1.png */ = {isa = PBXFileReference; lastKnownFileType = image.png; path = "goat-deployed-right-1.png"; sourceTree = "<group>"; };
		C38B423E1AE2E23400938FC5 /* goat-deployed-right-2.png */ = {isa = PBXFileReference; lastKnownFileType = image.png; path = "goat-deployed-right-2.png"; sourceTree = "<group>"; };
		C38B423F1AE2E23400938FC5 /* goat-deployed-right-3.png */ = {isa = PBXFileReference; lastKnownFileType = image.png; path = "goat-deployed-right-3.png"; sourceTree = "<group>"; };
		C38B42401AE2E23400938FC5 /* goat-deployed-right-4.png */ = {isa = PBXFileReference; lastKnownFileType = image.png; path = "goat-deployed-right-4.png"; sourceTree = "<group>"; };
		C38B42411AE2E23400938FC5 /* goat-deployed-right-5.png */ = {isa = PBXFileReference; lastKnownFileType = image.png; path = "goat-deployed-right-5.png"; sourceTree = "<group>"; };
		C38B42431AE2E23400938FC5 /* goat-big.png */ = {isa = PBXFileReference; lastKnownFileType = image.png; path = "goat-big.png"; sourceTree = "<group>"; };
		C38B42441AE2E23400938FC5 /* goat-huge.png */ = {isa = PBXFileReference; lastKnownFileType = image.png; path = "goat-huge.png"; sourceTree = "<group>"; };
		C38B42451AE2E23400938FC5 /* goat-medium.png */ = {isa = PBXFileReference; lastKnownFileType = image.png; path = "goat-medium.png"; sourceTree = "<group>"; };
		C38B42461AE2E23400938FC5 /* goat-small.png */ = {isa = PBXFileReference; lastKnownFileType = image.png; path = "goat-small.png"; sourceTree = "<group>"; };
		C38B42471AE2E23400938FC5 /* goat-tiny.png */ = {isa = PBXFileReference; lastKnownFileType = image.png; path = "goat-tiny.png"; sourceTree = "<group>"; };
		C3AE5D521ACB081B00E8E8F2 /* bridge.png */ = {isa = PBXFileReference; lastKnownFileType = image.png; path = bridge.png; sourceTree = "<group>"; };
		C3B37F2D1ADD62DE00CB747C /* animation-freezing2.png */ = {isa = PBXFileReference; lastKnownFileType = image.png; path = "animation-freezing2.png"; sourceTree = "<group>"; };
		C3B37F2E1ADD62DE00CB747C /* animation-blackHole.png */ = {isa = PBXFileReference; lastKnownFileType = image.png; path = "animation-blackHole.png"; sourceTree = "<group>"; };
		C3B37F2F1ADD62DE00CB747C /* animation-freezing1.png */ = {isa = PBXFileReference; lastKnownFileType = image.png; path = "animation-freezing1.png"; sourceTree = "<group>"; };
		C3D7EAFC1AD069D800A61851 /* category-left.png */ = {isa = PBXFileReference; lastKnownFileType = image.png; path = "category-left.png"; sourceTree = "<group>"; };
		C3D7EAFD1AD069D800A61851 /* category-right.png */ = {isa = PBXFileReference; lastKnownFileType = image.png; path = "category-right.png"; sourceTree = "<group>"; };
		C3D7EAFE1AD069D800A61851 /* topbar.png */ = {isa = PBXFileReference; lastKnownFileType = image.png; path = topbar.png; sourceTree = "<group>"; };
		C3D7EAFF1AD069D800A61851 /* topbar2.png */ = {isa = PBXFileReference; lastKnownFileType = image.png; path = topbar2.png; sourceTree = "<group>"; };
		C3D7EB041AD0704400A61851 /* river.gif */ = {isa = PBXFileReference; lastKnownFileType = image.gif; path = river.gif; sourceTree = "<group>"; };
/* End PBXFileReference section */

/* Begin PBXFrameworksBuildPhase section */
		96972B3D1AC2C76F00FF2DC5 /* Frameworks */ = {
			isa = PBXFrameworksBuildPhase;
			buildActionMask = 2147483647;
			files = (
			);
			runOnlyForDeploymentPostprocessing = 0;
		};
		96972B561AC2C77000FF2DC5 /* Frameworks */ = {
			isa = PBXFrameworksBuildPhase;
			buildActionMask = 2147483647;
			files = (
			);
			runOnlyForDeploymentPostprocessing = 0;
		};
/* End PBXFrameworksBuildPhase section */

/* Begin PBXGroup section */
		3A70129E1ADA3CB6002D2BB9 /* View Controller */ = {
			isa = PBXGroup;
			children = (
				3A70129C1ADA3CA9002D2BB9 /* MenuViewController.swift */,
				96972B4B1AC2C77000FF2DC5 /* GameViewController.swift */,
				3A96A8D51AE24892007D6F90 /* GameSelectionViewController.swift */,
				3BDC0E081AE016B600EAF13D /* InstructionViewController.swift */,
				3A7012A11ADA4082002D2BB9 /* Instruction1.swift */,
				3BBBA6801ADD565F003A401D /* Instruction2.swift */,
			);
			name = "View Controller";
			sourceTree = "<group>";
		};
		3A7012A31ADA41D4002D2BB9 /* Buttons */ = {
			isa = PBXGroup;
			children = (
				3A96A8D31AE2479C007D6F90 /* button-previous-screen.png */,
				3A96A8CD1AE245E9007D6F90 /* mode-item.png */,
				3A96A8CE1AE245E9007D6F90 /* mode-multiplayer.png */,
				3A96A8CF1AE245E9007D6F90 /* mode-single-player.png */,
				3A49F83A1ADFA35C0008B2CB /* button-back.png */,
				3A49F83B1ADFA35C0008B2CB /* button-continue.png */,
				3A49F83C1ADFA35C0008B2CB /* button-home.png */,
				3A49F83D1ADFA35C0008B2CB /* button-pause.png */,
				3A49F83E1ADFA35C0008B2CB /* button-restart.png */,
				3AC1E0101AE3A1FC00E016A2 /* button-volumn.png */,
				3A7012A41ADA41EA002D2BB9 /* button-instruction.png */,
				3A7012A51ADA41EA002D2BB9 /* button-start-game.png */,
			);
			name = Buttons;
			sourceTree = "<group>";
		};
		3AD4A4251ADA50D700E63495 /* PowerUp */ = {
			isa = PBXGroup;
			children = (
				3A055DBD1ADE36F10005B6E3 /* Animation.swift */,
				C33F322F1ADC3B9300964B5D /* AnimationNode.swift */,
				3AD4A4231ADA50CD00E63495 /* PowerUp.swift */,
				3BD81EDE1AD6EE8900599E30 /* PowerUpNode.swift */,
				C364D5C81AE296C000E09DAB /* Animation */,
			);
			path = PowerUp;
			sourceTree = "<group>";
		};
		3AD4A4261ADA50E200E63495 /* Animal */ = {
			isa = PBXGroup;
			children = (
				967F6D881AC55C1B00B50207 /* Animal.swift */,
				C35441511ACD7EAE00BA7369 /* AnimalNode.swift */,
			);
			path = Animal;
			sourceTree = "<group>";
		};
		3AD4A4271ADA6FBC00E63495 /* PowerUp */ = {
			isa = PBXGroup;
			children = (
				C3B37F2C1ADD62DE00CB747C /* Effect */,
				C33F321A1ADC001E00964B5D /* Item */,
			);
			path = PowerUp;
			sourceTree = "<group>";
		};
		3ADADDDC1ADFF5F700DE17F3 /* GameOver */ = {
			isa = PBXGroup;
			children = (
				3ADADDD81ADFF5EF00DE17F3 /* lose.png */,
				3ADADDD91ADFF5EF00DE17F3 /* win.png */,
			);
			name = GameOver;
			sourceTree = "<group>";
		};
		96972B371AC2C76F00FF2DC5 = {
			isa = PBXGroup;
			children = (
				96972B421AC2C77000FF2DC5 /* CattleBattle */,
				96972B5C1AC2C77000FF2DC5 /* CattleBattleTests */,
				96972B411AC2C77000FF2DC5 /* Products */,
			);
			sourceTree = "<group>";
		};
		96972B411AC2C77000FF2DC5 /* Products */ = {
			isa = PBXGroup;
			children = (
				96972B401AC2C77000FF2DC5 /* CattleBattle.app */,
				96972B591AC2C77000FF2DC5 /* CattleBattleTests.xctest */,
			);
			name = Products;
			sourceTree = "<group>";
		};
		96972B421AC2C77000FF2DC5 /* CattleBattle */ = {
			isa = PBXGroup;
			children = (
				96972B491AC2C77000FF2DC5 /* GameScene.swift */,
				3AB818911AE273450039E315 /* GameScene.sks */,
				3ADB3AFC1AE2678200B986D1 /* RiverScene.swift */,
				3AB818931AE273730039E315 /* RiverScene.sks */,
				3A8B0EA41ADFD26F00D3AFF7 /* MinorScreen.swift */,
				9616925E1AC4621C0016523C /* GameModel.swift */,
				96CAA74A1AD0074B0094AC44 /* ArrowNode.swift */,
				9660B9FE1AC44F4A00A053A2 /* LoadingNode.swift */,
				3AD4A4361ADB232700E63495 /* CategoryNode.swift */,
				9606B63C1ADFDCCA005442EF /* EasyAI.swift */,
				3A70129E1ADA3CB6002D2BB9 /* View Controller */,
				C364D5CA1AE299D000E09DAB /* MenuButton */,
				3AD4A4261ADA50E200E63495 /* Animal */,
				3AD4A4251ADA50D700E63495 /* PowerUp */,
				C34E580A1AC98E96000E282B /* Images */,
				C385F6A71AD14813003B4E74 /* SKNodeExtension.swift */,
				C35441531ACDB14700BA7369 /* TemporaryCode */,
				96972B4D1AC2C77000FF2DC5 /* Main.storyboard */,
				96972B501AC2C77000FF2DC5 /* Images.xcassets */,
				96972B451AC2C77000FF2DC5 /* AppDelegate.swift */,
				96972B521AC2C77000FF2DC5 /* LaunchScreen.xib */,
				96972B431AC2C77000FF2DC5 /* Supporting Files */,
			);
			path = CattleBattle;
			sourceTree = "<group>";
		};
		96972B431AC2C77000FF2DC5 /* Supporting Files */ = {
			isa = PBXGroup;
			children = (
				96972B441AC2C77000FF2DC5 /* Info.plist */,
			);
			name = "Supporting Files";
			sourceTree = "<group>";
		};
		96972B5C1AC2C77000FF2DC5 /* CattleBattleTests */ = {
			isa = PBXGroup;
			children = (
				96972B5F1AC2C77000FF2DC5 /* CattleBattleTests.swift */,
				96972B5D1AC2C77000FF2DC5 /* Supporting Files */,
			);
			path = CattleBattleTests;
			sourceTree = "<group>";
		};
		96972B5D1AC2C77000FF2DC5 /* Supporting Files */ = {
			isa = PBXGroup;
			children = (
				96972B5E1AC2C77000FF2DC5 /* Info.plist */,
			);
			name = "Supporting Files";
			sourceTree = "<group>";
		};
		C33F321A1ADC001E00964B5D /* Item */ = {
			isa = PBXGroup;
			children = (
				C33F321C1ADC001E00964B5D /* Selected */,
				C33F32211ADC001E00964B5D /* Waiting */,
			);
			path = Item;
			sourceTree = "<group>";
		};
		C33F321C1ADC001E00964B5D /* Selected */ = {
			isa = PBXGroup;
			children = (
				C33F321D1ADC001E00964B5D /* item-selected-blackhole.png */,
				C33F321E1ADC001E00964B5D /* item-selected-freeze.png */,
				C33F321F1ADC001E00964B5D /* item-selected-fire.png */,
				C33F32201ADC001E00964B5D /* item-selected-upgrade.png */,
			);
			path = Selected;
			sourceTree = "<group>";
		};
		C33F32211ADC001E00964B5D /* Waiting */ = {
			isa = PBXGroup;
			children = (
				C33F32221ADC001E00964B5D /* item-waiting-blackhole.png */,
				C33F32231ADC001E00964B5D /* item-waiting-freeze.png */,
				C33F32241ADC001E00964B5D /* item-waiting-fire.png */,
				C33F32251ADC001E00964B5D /* item-waiting-upgrade.png */,
			);
			path = Waiting;
			sourceTree = "<group>";
		};
		C34E580A1AC98E96000E282B /* Images */ = {
			isa = PBXGroup;
			children = (
				C38B421A1AE2E23400938FC5 /* Goat */,
				3ADADDDC1ADFF5F700DE17F3 /* GameOver */,
				3AD4A4271ADA6FBC00E63495 /* PowerUp */,
				3A7012A31ADA41D4002D2BB9 /* Buttons */,
				C3AE5D511ACB081B00E8E8F2 /* Background */,
			);
			path = Images;
			sourceTree = "<group>";
		};
		C35441531ACDB14700BA7369 /* TemporaryCode */ = {
			isa = PBXGroup;
			children = (
			);
			name = TemporaryCode;
			sourceTree = "<group>";
		};
		C364D5C81AE296C000E09DAB /* Animation */ = {
			isa = PBXGroup;
			children = (
				3A76879F1ADE9CBE00BA87F2 /* upgrade.sks */,
				3A3021431ADD6C3B00FBE3B2 /* freeze.sks */,
				3AD713151ADE5EB400E9544C /* fire.sks */,
				3ADDD0BB1AE0EC0300090FA0 /* spark.sks */,
				3A3021471ADD779900FBE3B2 /* ice-fog.sks */,
			);
			path = Animation;
			sourceTree = "<group>";
		};
		C364D5CA1AE299D000E09DAB /* MenuButton */ = {
			isa = PBXGroup;
			children = (
				3A49F8441ADFA5680008B2CB /* MenuButtonNode.swift */,
				3A49F8461ADFA5F60008B2CB /* MenuButton.swift */,
			);
			path = MenuButton;
			sourceTree = "<group>";
		};
		C38B421A1AE2E23400938FC5 /* Goat */ = {
			isa = PBXGroup;
			children = (
				C38B421B1AE2E23400938FC5 /* Bumping */,
				C38B42281AE2E23400938FC5 /* Button */,
				C38B42351AE2E23400938FC5 /* Deployed */,
				C38B42421AE2E23400938FC5 /* Modal */,
			);
			path = Goat;
			sourceTree = "<group>";
		};
		C38B421B1AE2E23400938FC5 /* Bumping */ = {
			isa = PBXGroup;
			children = (
				C38B421C1AE2E23400938FC5 /* Left */,
				C38B42221AE2E23400938FC5 /* Right */,
			);
			path = Bumping;
			sourceTree = "<group>";
		};
		C38B421C1AE2E23400938FC5 /* Left */ = {
			isa = PBXGroup;
			children = (
				C38B421D1AE2E23400938FC5 /* goat-bumping-left-1.png */,
				C38B421E1AE2E23400938FC5 /* goat-bumping-left-2.png */,
				C38B421F1AE2E23400938FC5 /* goat-bumping-left-3.png */,
				C38B42201AE2E23400938FC5 /* goat-bumping-left-4.png */,
				C38B42211AE2E23400938FC5 /* goat-bumping-left-5.png */,
			);
			path = Left;
			sourceTree = "<group>";
		};
		C38B42221AE2E23400938FC5 /* Right */ = {
			isa = PBXGroup;
			children = (
				C38B42231AE2E23400938FC5 /* goat-bumping-right-1.png */,
				C38B42241AE2E23400938FC5 /* goat-bumping-right-2.png */,
				C38B42251AE2E23400938FC5 /* goat-bumping-right-3.png */,
				C38B42261AE2E23400938FC5 /* goat-bumping-right-4.png */,
				C38B42271AE2E23400938FC5 /* goat-bumping-right-5.png */,
			);
			path = Right;
			sourceTree = "<group>";
		};
		C38B42281AE2E23400938FC5 /* Button */ = {
			isa = PBXGroup;
			children = (
				C38B42291AE2E23400938FC5 /* Left */,
				C38B422F1AE2E23400938FC5 /* Right */,
			);
			path = Button;
			sourceTree = "<group>";
		};
		C38B42291AE2E23400938FC5 /* Left */ = {
			isa = PBXGroup;
			children = (
				C38B422A1AE2E23400938FC5 /* goat-button-left-1.png */,
				C38B422B1AE2E23400938FC5 /* goat-button-left-2.png */,
				C38B422C1AE2E23400938FC5 /* goat-button-left-3.png */,
				C38B422D1AE2E23400938FC5 /* goat-button-left-4.png */,
				C38B422E1AE2E23400938FC5 /* goat-button-left-5.png */,
			);
			path = Left;
			sourceTree = "<group>";
		};
		C38B422F1AE2E23400938FC5 /* Right */ = {
			isa = PBXGroup;
			children = (
				C38B42301AE2E23400938FC5 /* goat-button-right-1.png */,
				C38B42311AE2E23400938FC5 /* goat-button-right-2.png */,
				C38B42321AE2E23400938FC5 /* goat-button-right-3.png */,
				C38B42331AE2E23400938FC5 /* goat-button-right-4.png */,
				C38B42341AE2E23400938FC5 /* goat-button-right-5.png */,
			);
			path = Right;
			sourceTree = "<group>";
		};
		C38B42351AE2E23400938FC5 /* Deployed */ = {
			isa = PBXGroup;
			children = (
				C38B42361AE2E23400938FC5 /* Left */,
				C38B423C1AE2E23400938FC5 /* Right */,
			);
			path = Deployed;
			sourceTree = "<group>";
		};
		C38B42361AE2E23400938FC5 /* Left */ = {
			isa = PBXGroup;
			children = (
				C38B42371AE2E23400938FC5 /* goat-deployed-left-1.png */,
				C38B42381AE2E23400938FC5 /* goat-deployed-left-2.png */,
				C38B42391AE2E23400938FC5 /* goat-deployed-left-3.png */,
				C38B423A1AE2E23400938FC5 /* goat-deployed-left-4.png */,
				C38B423B1AE2E23400938FC5 /* goat-deployed-left-5.png */,
			);
			path = Left;
			sourceTree = "<group>";
		};
		C38B423C1AE2E23400938FC5 /* Right */ = {
			isa = PBXGroup;
			children = (
				C38B423D1AE2E23400938FC5 /* goat-deployed-right-1.png */,
				C38B423E1AE2E23400938FC5 /* goat-deployed-right-2.png */,
				C38B423F1AE2E23400938FC5 /* goat-deployed-right-3.png */,
				C38B42401AE2E23400938FC5 /* goat-deployed-right-4.png */,
				C38B42411AE2E23400938FC5 /* goat-deployed-right-5.png */,
			);
			path = Right;
			sourceTree = "<group>";
		};
		C38B42421AE2E23400938FC5 /* Modal */ = {
			isa = PBXGroup;
			children = (
				C38B42431AE2E23400938FC5 /* goat-big.png */,
				C38B42441AE2E23400938FC5 /* goat-huge.png */,
				C38B42451AE2E23400938FC5 /* goat-medium.png */,
				C38B42461AE2E23400938FC5 /* goat-small.png */,
				C38B42471AE2E23400938FC5 /* goat-tiny.png */,
			);
			path = Modal;
			sourceTree = "<group>";
		};
		C3AE5D511ACB081B00E8E8F2 /* Background */ = {
			isa = PBXGroup;
			children = (
				3AC1E0111AE3A1FC00E016A2 /* sign-board-standing.png */,
				3BBE779F1ADF00560071CFEE /* back-button-hi.png */,
				3B94EEFF1ADFE74200F4F488 /* background 1.jpg */,
				3A70129F1ADA3CEC002D2BB9 /* background.jpg */,
				3AE20F811AD9A6FC00EE8CE0 /* topbar3.png */,
				C3D7EB041AD0704400A61851 /* river.gif */,
				C3D7EAFC1AD069D800A61851 /* category-left.png */,
				C3D7EAFD1AD069D800A61851 /* category-right.png */,
				C3D7EAFE1AD069D800A61851 /* topbar.png */,
				C3D7EAFF1AD069D800A61851 /* topbar2.png */,
				C35441541ACDC0AC00BA7369 /* arrow-left.png */,
				C35441551ACDC0AC00BA7369 /* arrow-right.png */,
				C35441561ACDC0AC00BA7369 /* bank-left.png */,
				C35441571ACDC0AC00BA7369 /* bank-right.png */,
				C3AE5D521ACB081B00E8E8F2 /* bridge.png */,
			);
			path = Background;
			sourceTree = "<group>";
		};
		C3B37F2C1ADD62DE00CB747C /* Effect */ = {
			isa = PBXGroup;
			children = (
				3AD713161ADE5EB400E9544C /* spark.png */,
				C3B37F2D1ADD62DE00CB747C /* animation-freezing2.png */,
				C3B37F2E1ADD62DE00CB747C /* animation-blackHole.png */,
				C3B37F2F1ADD62DE00CB747C /* animation-freezing1.png */,
			);
			path = Effect;
			sourceTree = "<group>";
		};
/* End PBXGroup section */

/* Begin PBXNativeTarget section */
		96972B3F1AC2C76F00FF2DC5 /* CattleBattle */ = {
			isa = PBXNativeTarget;
			buildConfigurationList = 96972B631AC2C77000FF2DC5 /* Build configuration list for PBXNativeTarget "CattleBattle" */;
			buildPhases = (
				96972B3C1AC2C76F00FF2DC5 /* Sources */,
				96972B3D1AC2C76F00FF2DC5 /* Frameworks */,
				96972B3E1AC2C76F00FF2DC5 /* Resources */,
			);
			buildRules = (
			);
			dependencies = (
			);
			name = CattleBattle;
			productName = CattleBattle;
			productReference = 96972B401AC2C77000FF2DC5 /* CattleBattle.app */;
			productType = "com.apple.product-type.application";
		};
		96972B581AC2C77000FF2DC5 /* CattleBattleTests */ = {
			isa = PBXNativeTarget;
			buildConfigurationList = 96972B661AC2C77000FF2DC5 /* Build configuration list for PBXNativeTarget "CattleBattleTests" */;
			buildPhases = (
				96972B551AC2C77000FF2DC5 /* Sources */,
				96972B561AC2C77000FF2DC5 /* Frameworks */,
				96972B571AC2C77000FF2DC5 /* Resources */,
			);
			buildRules = (
			);
			dependencies = (
				96972B5B1AC2C77000FF2DC5 /* PBXTargetDependency */,
			);
			name = CattleBattleTests;
			productName = CattleBattleTests;
			productReference = 96972B591AC2C77000FF2DC5 /* CattleBattleTests.xctest */;
			productType = "com.apple.product-type.bundle.unit-test";
		};
/* End PBXNativeTarget section */

/* Begin PBXProject section */
		96972B381AC2C76F00FF2DC5 /* Project object */ = {
			isa = PBXProject;
			attributes = {
				LastUpgradeCheck = 0630;
				ORGANIZATIONNAME = "Cattle Battle";
				TargetAttributes = {
					96972B3F1AC2C76F00FF2DC5 = {
						CreatedOnToolsVersion = 6.3;
						DevelopmentTeam = W76H98A34A;
					};
					96972B581AC2C77000FF2DC5 = {
						CreatedOnToolsVersion = 6.3;
						TestTargetID = 96972B3F1AC2C76F00FF2DC5;
					};
				};
			};
			buildConfigurationList = 96972B3B1AC2C76F00FF2DC5 /* Build configuration list for PBXProject "CattleBattle" */;
			compatibilityVersion = "Xcode 3.2";
			developmentRegion = English;
			hasScannedForEncodings = 0;
			knownRegions = (
				en,
				Base,
			);
			mainGroup = 96972B371AC2C76F00FF2DC5;
			productRefGroup = 96972B411AC2C77000FF2DC5 /* Products */;
			projectDirPath = "";
			projectRoot = "";
			targets = (
				96972B3F1AC2C76F00FF2DC5 /* CattleBattle */,
				96972B581AC2C77000FF2DC5 /* CattleBattleTests */,
			);
		};
/* End PBXProject section */

/* Begin PBXResourcesBuildPhase section */
		96972B3E1AC2C76F00FF2DC5 /* Resources */ = {
			isa = PBXResourcesBuildPhase;
			buildActionMask = 2147483647;
			files = (
				C33F322A1ADC001E00964B5D /* item-selected-upgrade.png in Resources */,
				C38B42631AE2E23400938FC5 /* goat-deployed-right-3.png in Resources */,
				3BBE77A01ADF00560071CFEE /* back-button-hi.png in Resources */,
				C3AE5D551ACB081B00E8E8F2 /* bridge.png in Resources */,
				3A49F8431ADFA35C0008B2CB /* button-restart.png in Resources */,
				3ADDD0BC1AE0EC0300090FA0 /* spark.sks in Resources */,
				96972B541AC2C77000FF2DC5 /* LaunchScreen.xib in Resources */,
				3AC1E0131AE3A1FC00E016A2 /* sign-board-standing.png in Resources */,
				C33F322E1ADC001E00964B5D /* item-waiting-upgrade.png in Resources */,
				3AC1E0121AE3A1FC00E016A2 /* button-volumn.png in Resources */,
				C38B424D1AE2E23400938FC5 /* goat-bumping-right-1.png in Resources */,
				3A96A8D21AE245E9007D6F90 /* mode-single-player.png in Resources */,
				3A96A8D41AE2479C007D6F90 /* button-previous-screen.png in Resources */,
				3B94EF001ADFE74200F4F488 /* background 1.jpg in Resources */,
				3A49F8411ADFA35C0008B2CB /* button-home.png in Resources */,
				C38B42621AE2E23400938FC5 /* goat-deployed-right-2.png in Resources */,
				3A49F8421ADFA35C0008B2CB /* button-pause.png in Resources */,
				96972B511AC2C77000FF2DC5 /* Images.xcassets in Resources */,
				C38B42641AE2E23400938FC5 /* goat-deployed-right-4.png in Resources */,
				C38B42591AE2E23400938FC5 /* goat-button-right-3.png in Resources */,
				3AD713171ADE5EB400E9544C /* fire.sks in Resources */,
				C38B425D1AE2E23400938FC5 /* goat-deployed-left-2.png in Resources */,
				3A7012A71ADA41EA002D2BB9 /* button-start-game.png in Resources */,
				C3D7EB001AD069D800A61851 /* category-left.png in Resources */,
				C38B425B1AE2E23400938FC5 /* goat-button-right-5.png in Resources */,
				3A49F8401ADFA35C0008B2CB /* button-continue.png in Resources */,
				3A96A8D11AE245E9007D6F90 /* mode-multiplayer.png in Resources */,
				C38B42651AE2E23400938FC5 /* goat-deployed-right-5.png in Resources */,
				3A7012A01ADA3CEC002D2BB9 /* background.jpg in Resources */,
				C33F322B1ADC001E00964B5D /* item-waiting-blackhole.png in Resources */,
				C38B426A1AE2E23400938FC5 /* goat-tiny.png in Resources */,
				C38B42541AE2E23400938FC5 /* goat-button-left-3.png in Resources */,
				C38B42511AE2E23400938FC5 /* goat-bumping-right-5.png in Resources */,
				C38B424A1AE2E23400938FC5 /* goat-bumping-left-3.png in Resources */,
				3A7012A61ADA41EA002D2BB9 /* button-instruction.png in Resources */,
				C38B424F1AE2E23400938FC5 /* goat-bumping-right-3.png in Resources */,
				3AB818941AE273730039E315 /* RiverScene.sks in Resources */,
				C38B42501AE2E23400938FC5 /* goat-bumping-right-4.png in Resources */,
				3A3021451ADD6C3B00FBE3B2 /* freeze.sks in Resources */,
				C3D7EB011AD069D800A61851 /* category-right.png in Resources */,
				C3B37F311ADD62DE00CB747C /* animation-blackHole.png in Resources */,
				C38B424C1AE2E23400938FC5 /* goat-bumping-left-5.png in Resources */,
				C3B37F321ADD62DE00CB747C /* animation-freezing1.png in Resources */,
				C33F32281ADC001E00964B5D /* item-selected-freeze.png in Resources */,
				C38B42571AE2E23400938FC5 /* goat-button-right-1.png in Resources */,
				C354415A1ACDC0AC00BA7369 /* bank-left.png in Resources */,
				C33F32271ADC001E00964B5D /* item-selected-blackhole.png in Resources */,
				C3D7EB051AD0704400A61851 /* river.gif in Resources */,
				C38B42681AE2E23400938FC5 /* goat-medium.png in Resources */,
				C33F32291ADC001E00964B5D /* item-selected-fire.png in Resources */,
				C38B42671AE2E23400938FC5 /* goat-huge.png in Resources */,
				C38B425C1AE2E23400938FC5 /* goat-deployed-left-1.png in Resources */,
				3AD713181ADE5EB400E9544C /* spark.png in Resources */,
				C38B42491AE2E23400938FC5 /* goat-bumping-left-2.png in Resources */,
				C38B42521AE2E23400938FC5 /* goat-button-left-1.png in Resources */,
				C38B42611AE2E23400938FC5 /* goat-deployed-right-1.png in Resources */,
				C38B42581AE2E23400938FC5 /* goat-button-right-2.png in Resources */,
				3ADADDDA1ADFF5EF00DE17F3 /* lose.png in Resources */,
				C38B42691AE2E23400938FC5 /* goat-small.png in Resources */,
				3A7687A01ADE9CBE00BA87F2 /* upgrade.sks in Resources */,
				C38B425E1AE2E23400938FC5 /* goat-deployed-left-3.png in Resources */,
				3AB818921AE273450039E315 /* GameScene.sks in Resources */,
				C38B424E1AE2E23400938FC5 /* goat-bumping-right-2.png in Resources */,
				C3D7EB031AD069D800A61851 /* topbar2.png in Resources */,
				C38B42481AE2E23400938FC5 /* goat-bumping-left-1.png in Resources */,
				96972B4F1AC2C77000FF2DC5 /* Main.storyboard in Resources */,
				C3B37F301ADD62DE00CB747C /* animation-freezing2.png in Resources */,
				C35441591ACDC0AC00BA7369 /* arrow-right.png in Resources */,
				C38B42531AE2E23400938FC5 /* goat-button-left-2.png in Resources */,
				C33F322D1ADC001E00964B5D /* item-waiting-fire.png in Resources */,
				C38B425F1AE2E23400938FC5 /* goat-deployed-left-4.png in Resources */,
				C38B424B1AE2E23400938FC5 /* goat-bumping-left-4.png in Resources */,
				3A96A8D01AE245E9007D6F90 /* mode-item.png in Resources */,
				3A3021481ADD779900FBE3B2 /* ice-fog.sks in Resources */,
				C38B42561AE2E23400938FC5 /* goat-button-left-5.png in Resources */,
				C33F322C1ADC001E00964B5D /* item-waiting-freeze.png in Resources */,
				C38B42601AE2E23400938FC5 /* goat-deployed-left-5.png in Resources */,
				3ADADDDB1ADFF5EF00DE17F3 /* win.png in Resources */,
				3A49F83F1ADFA35C0008B2CB /* button-back.png in Resources */,
				C38B42661AE2E23400938FC5 /* goat-big.png in Resources */,
				C38B425A1AE2E23400938FC5 /* goat-button-right-4.png in Resources */,
				C354415B1ACDC0AC00BA7369 /* bank-right.png in Resources */,
				3AE20F831AD9A6FC00EE8CE0 /* topbar3.png in Resources */,
				C38B42551AE2E23400938FC5 /* goat-button-left-4.png in Resources */,
				C35441581ACDC0AC00BA7369 /* arrow-left.png in Resources */,
				C3D7EB021AD069D800A61851 /* topbar.png in Resources */,
			);
			runOnlyForDeploymentPostprocessing = 0;
		};
		96972B571AC2C77000FF2DC5 /* Resources */ = {
			isa = PBXResourcesBuildPhase;
			buildActionMask = 2147483647;
			files = (
			);
			runOnlyForDeploymentPostprocessing = 0;
		};
/* End PBXResourcesBuildPhase section */

/* Begin PBXSourcesBuildPhase section */
		96972B3C1AC2C76F00FF2DC5 /* Sources */ = {
			isa = PBXSourcesBuildPhase;
			buildActionMask = 2147483647;
			files = (
				96972B4A1AC2C77000FF2DC5 /* GameScene.swift in Sources */,
				96972B4C1AC2C77000FF2DC5 /* GameViewController.swift in Sources */,
				96972B461AC2C77000FF2DC5 /* AppDelegate.swift in Sources */,
				3A7012A21ADA4082002D2BB9 /* Instruction1.swift in Sources */,
				3BBBA6811ADD565F003A401D /* Instruction2.swift in Sources */,
				3A8B0EA51ADFD26F00D3AFF7 /* MinorScreen.swift in Sources */,
				C33F32301ADC3B9300964B5D /* AnimationNode.swift in Sources */,
				3A96A8D61AE24892007D6F90 /* GameSelectionViewController.swift in Sources */,
				3BD81EDF1AD6EE8900599E30 /* PowerUpNode.swift in Sources */,
				3A70129D1ADA3CA9002D2BB9 /* MenuViewController.swift in Sources */,
				3BDC0E091AE016B600EAF13D /* InstructionViewController.swift in Sources */,
				C385F6A81AD14813003B4E74 /* SKNodeExtension.swift in Sources */,
				3AD4A4371ADB232700E63495 /* CategoryNode.swift in Sources */,
				3AD4A4241ADA50CD00E63495 /* PowerUp.swift in Sources */,
				3A055DBE1ADE36F10005B6E3 /* Animation.swift in Sources */,
				3A49F8471ADFA5F60008B2CB /* MenuButton.swift in Sources */,
				967F6D891AC55C1B00B50207 /* Animal.swift in Sources */,
				3ADB3AFD1AE2678200B986D1 /* RiverScene.swift in Sources */,
				C35441521ACD7EAE00BA7369 /* AnimalNode.swift in Sources */,
				9606B63D1ADFDCCA005442EF /* EasyAI.swift in Sources */,
				9660B9FF1AC44F4A00A053A2 /* LoadingNode.swift in Sources */,
				96CAA74B1AD0074B0094AC44 /* ArrowNode.swift in Sources */,
				9616925F1AC4621C0016523C /* GameModel.swift in Sources */,
				3A49F8451ADFA5680008B2CB /* MenuButtonNode.swift in Sources */,
			);
			runOnlyForDeploymentPostprocessing = 0;
		};
		96972B551AC2C77000FF2DC5 /* Sources */ = {
			isa = PBXSourcesBuildPhase;
			buildActionMask = 2147483647;
			files = (
				96972B601AC2C77000FF2DC5 /* CattleBattleTests.swift in Sources */,
			);
			runOnlyForDeploymentPostprocessing = 0;
		};
/* End PBXSourcesBuildPhase section */

/* Begin PBXTargetDependency section */
		96972B5B1AC2C77000FF2DC5 /* PBXTargetDependency */ = {
			isa = PBXTargetDependency;
			target = 96972B3F1AC2C76F00FF2DC5 /* CattleBattle */;
			targetProxy = 96972B5A1AC2C77000FF2DC5 /* PBXContainerItemProxy */;
		};
/* End PBXTargetDependency section */

/* Begin PBXVariantGroup section */
		96972B4D1AC2C77000FF2DC5 /* Main.storyboard */ = {
			isa = PBXVariantGroup;
			children = (
				96972B4E1AC2C77000FF2DC5 /* Base */,
			);
			name = Main.storyboard;
			sourceTree = "<group>";
		};
		96972B521AC2C77000FF2DC5 /* LaunchScreen.xib */ = {
			isa = PBXVariantGroup;
			children = (
				96972B531AC2C77000FF2DC5 /* Base */,
			);
			name = LaunchScreen.xib;
			sourceTree = "<group>";
		};
/* End PBXVariantGroup section */

/* Begin XCBuildConfiguration section */
		96972B611AC2C77000FF2DC5 /* Debug */ = {
			isa = XCBuildConfiguration;
			buildSettings = {
				ALWAYS_SEARCH_USER_PATHS = NO;
				CLANG_CXX_LANGUAGE_STANDARD = "gnu++0x";
				CLANG_CXX_LIBRARY = "libc++";
				CLANG_ENABLE_MODULES = YES;
				CLANG_ENABLE_OBJC_ARC = YES;
				CLANG_WARN_BOOL_CONVERSION = YES;
				CLANG_WARN_CONSTANT_CONVERSION = YES;
				CLANG_WARN_DIRECT_OBJC_ISA_USAGE = YES_ERROR;
				CLANG_WARN_EMPTY_BODY = YES;
				CLANG_WARN_ENUM_CONVERSION = YES;
				CLANG_WARN_INT_CONVERSION = YES;
				CLANG_WARN_OBJC_ROOT_CLASS = YES_ERROR;
				CLANG_WARN_UNREACHABLE_CODE = YES;
				CLANG_WARN__DUPLICATE_METHOD_MATCH = YES;
				"CODE_SIGN_IDENTITY[sdk=iphoneos*]" = "iPhone Developer";
				COPY_PHASE_STRIP = NO;
				DEBUG_INFORMATION_FORMAT = "dwarf-with-dsym";
				ENABLE_STRICT_OBJC_MSGSEND = YES;
				GCC_C_LANGUAGE_STANDARD = gnu99;
				GCC_DYNAMIC_NO_PIC = NO;
				GCC_NO_COMMON_BLOCKS = YES;
				GCC_OPTIMIZATION_LEVEL = 0;
				GCC_PREPROCESSOR_DEFINITIONS = (
					"DEBUG=1",
					"$(inherited)",
				);
				GCC_SYMBOLS_PRIVATE_EXTERN = NO;
				GCC_WARN_64_TO_32_BIT_CONVERSION = YES;
				GCC_WARN_ABOUT_RETURN_TYPE = YES_ERROR;
				GCC_WARN_UNDECLARED_SELECTOR = YES;
				GCC_WARN_UNINITIALIZED_AUTOS = YES_AGGRESSIVE;
				GCC_WARN_UNUSED_FUNCTION = YES;
				GCC_WARN_UNUSED_VARIABLE = YES;
				IPHONEOS_DEPLOYMENT_TARGET = 8.2;
				MTL_ENABLE_DEBUG_INFO = YES;
				ONLY_ACTIVE_ARCH = YES;
				SDKROOT = iphoneos;
				SWIFT_OPTIMIZATION_LEVEL = "-Onone";
				TARGETED_DEVICE_FAMILY = 2;
			};
			name = Debug;
		};
		96972B621AC2C77000FF2DC5 /* Release */ = {
			isa = XCBuildConfiguration;
			buildSettings = {
				ALWAYS_SEARCH_USER_PATHS = NO;
				CLANG_CXX_LANGUAGE_STANDARD = "gnu++0x";
				CLANG_CXX_LIBRARY = "libc++";
				CLANG_ENABLE_MODULES = YES;
				CLANG_ENABLE_OBJC_ARC = YES;
				CLANG_WARN_BOOL_CONVERSION = YES;
				CLANG_WARN_CONSTANT_CONVERSION = YES;
				CLANG_WARN_DIRECT_OBJC_ISA_USAGE = YES_ERROR;
				CLANG_WARN_EMPTY_BODY = YES;
				CLANG_WARN_ENUM_CONVERSION = YES;
				CLANG_WARN_INT_CONVERSION = YES;
				CLANG_WARN_OBJC_ROOT_CLASS = YES_ERROR;
				CLANG_WARN_UNREACHABLE_CODE = YES;
				CLANG_WARN__DUPLICATE_METHOD_MATCH = YES;
				"CODE_SIGN_IDENTITY[sdk=iphoneos*]" = "iPhone Developer";
				COPY_PHASE_STRIP = NO;
				DEBUG_INFORMATION_FORMAT = "dwarf-with-dsym";
				ENABLE_NS_ASSERTIONS = NO;
				ENABLE_STRICT_OBJC_MSGSEND = YES;
				GCC_C_LANGUAGE_STANDARD = gnu99;
				GCC_NO_COMMON_BLOCKS = YES;
				GCC_WARN_64_TO_32_BIT_CONVERSION = YES;
				GCC_WARN_ABOUT_RETURN_TYPE = YES_ERROR;
				GCC_WARN_UNDECLARED_SELECTOR = YES;
				GCC_WARN_UNINITIALIZED_AUTOS = YES_AGGRESSIVE;
				GCC_WARN_UNUSED_FUNCTION = YES;
				GCC_WARN_UNUSED_VARIABLE = YES;
				IPHONEOS_DEPLOYMENT_TARGET = 8.2;
				MTL_ENABLE_DEBUG_INFO = NO;
				SDKROOT = iphoneos;
				TARGETED_DEVICE_FAMILY = 2;
				VALIDATE_PRODUCT = YES;
			};
			name = Release;
		};
		96972B641AC2C77000FF2DC5 /* Debug */ = {
			isa = XCBuildConfiguration;
			buildSettings = {
				ASSETCATALOG_COMPILER_APPICON_NAME = AppIcon;
				CODE_SIGN_IDENTITY = "iPhone Developer";
				"CODE_SIGN_IDENTITY[sdk=iphoneos*]" = "iPhone Developer";
				INFOPLIST_FILE = CattleBattle/Info.plist;
				IPHONEOS_DEPLOYMENT_TARGET = 8.1;
				LD_RUNPATH_SEARCH_PATHS = "$(inherited) @executable_path/Frameworks";
				PRODUCT_NAME = "$(TARGET_NAME)";
				PROVISIONING_PROFILE = "";
				TARGETED_DEVICE_FAMILY = 2;
			};
			name = Debug;
		};
		96972B651AC2C77000FF2DC5 /* Release */ = {
			isa = XCBuildConfiguration;
			buildSettings = {
				ASSETCATALOG_COMPILER_APPICON_NAME = AppIcon;
				CODE_SIGN_IDENTITY = "iPhone Developer";
				"CODE_SIGN_IDENTITY[sdk=iphoneos*]" = "iPhone Developer";
				INFOPLIST_FILE = CattleBattle/Info.plist;
				IPHONEOS_DEPLOYMENT_TARGET = 8.1;
				LD_RUNPATH_SEARCH_PATHS = "$(inherited) @executable_path/Frameworks";
				PRODUCT_NAME = "$(TARGET_NAME)";
				PROVISIONING_PROFILE = "";
				TARGETED_DEVICE_FAMILY = 2;
			};
			name = Release;
		};
		96972B671AC2C77000FF2DC5 /* Debug */ = {
			isa = XCBuildConfiguration;
			buildSettings = {
				BUNDLE_LOADER = "$(TEST_HOST)";
				FRAMEWORK_SEARCH_PATHS = (
					"$(SDKROOT)/Developer/Library/Frameworks",
					"$(inherited)",
				);
				GCC_PREPROCESSOR_DEFINITIONS = (
					"DEBUG=1",
					"$(inherited)",
				);
				INFOPLIST_FILE = CattleBattleTests/Info.plist;
				IPHONEOS_DEPLOYMENT_TARGET = 8.2;
				LD_RUNPATH_SEARCH_PATHS = "$(inherited) @executable_path/Frameworks @loader_path/Frameworks";
				PRODUCT_NAME = "$(TARGET_NAME)";
				TEST_HOST = "$(BUILT_PRODUCTS_DIR)/CattleBattle.app/CattleBattle";
			};
			name = Debug;
		};
		96972B681AC2C77000FF2DC5 /* Release */ = {
			isa = XCBuildConfiguration;
			buildSettings = {
				BUNDLE_LOADER = "$(TEST_HOST)";
				FRAMEWORK_SEARCH_PATHS = (
					"$(SDKROOT)/Developer/Library/Frameworks",
					"$(inherited)",
				);
				INFOPLIST_FILE = CattleBattleTests/Info.plist;
				IPHONEOS_DEPLOYMENT_TARGET = 8.2;
				LD_RUNPATH_SEARCH_PATHS = "$(inherited) @executable_path/Frameworks @loader_path/Frameworks";
				PRODUCT_NAME = "$(TARGET_NAME)";
				TEST_HOST = "$(BUILT_PRODUCTS_DIR)/CattleBattle.app/CattleBattle";
			};
			name = Release;
		};
/* End XCBuildConfiguration section */

/* Begin XCConfigurationList section */
		96972B3B1AC2C76F00FF2DC5 /* Build configuration list for PBXProject "CattleBattle" */ = {
			isa = XCConfigurationList;
			buildConfigurations = (
				96972B611AC2C77000FF2DC5 /* Debug */,
				96972B621AC2C77000FF2DC5 /* Release */,
			);
			defaultConfigurationIsVisible = 0;
			defaultConfigurationName = Release;
		};
		96972B631AC2C77000FF2DC5 /* Build configuration list for PBXNativeTarget "CattleBattle" */ = {
			isa = XCConfigurationList;
			buildConfigurations = (
				96972B641AC2C77000FF2DC5 /* Debug */,
				96972B651AC2C77000FF2DC5 /* Release */,
			);
			defaultConfigurationIsVisible = 0;
			defaultConfigurationName = Release;
		};
		96972B661AC2C77000FF2DC5 /* Build configuration list for PBXNativeTarget "CattleBattleTests" */ = {
			isa = XCConfigurationList;
			buildConfigurations = (
				96972B671AC2C77000FF2DC5 /* Debug */,
				96972B681AC2C77000FF2DC5 /* Release */,
			);
			defaultConfigurationIsVisible = 0;
			defaultConfigurationName = Release;
		};
/* End XCConfigurationList section */
	};
	rootObject = 96972B381AC2C76F00FF2DC5 /* Project object */;
}
