// !$*UTF8*$!
{
	archiveVersion = 1;
	classes = {
	};
	objectVersion = 46;
	objects = {

/* Begin PBXBuildFile section */
		9601A6C91AC5B34700B44CF1 /* greenStar.png in Resources */ = {isa = PBXBuildFile; fileRef = 9601A6C81AC5B34700B44CF1 /* greenStar.png */; };
		9601A6CB1AC5BC0800B44CF1 /* blueStar.png in Resources */ = {isa = PBXBuildFile; fileRef = 9601A6CA1AC5BC0800B44CF1 /* blueStar.png */; };
		9601A6CD1AC5BC2000B44CF1 /* yellowStar.png in Resources */ = {isa = PBXBuildFile; fileRef = 9601A6CC1AC5BC2000B44CF1 /* yellowStar.png */; };
		9602289D1AC57378002CE21F /* redStar.png in Resources */ = {isa = PBXBuildFile; fileRef = 9602289A1AC57378002CE21F /* redStar.png */; };
		9602289F1AC57378002CE21F /* purpleStar.png in Resources */ = {isa = PBXBuildFile; fileRef = 9602289C1AC57378002CE21F /* purpleStar.png */; };
		960228A11AC59355002CE21F /* misc.swift in Sources */ = {isa = PBXBuildFile; fileRef = 960228A01AC59355002CE21F /* misc.swift */; };
		9603D71A1AC3F7E3004D3C48 /* Bridge-new.png in Resources */ = {isa = PBXBuildFile; fileRef = 9603D7191AC3F7E3004D3C48 /* Bridge-new.png */; };
		9616925F1AC4621C0016523C /* GameModel.swift in Sources */ = {isa = PBXBuildFile; fileRef = 9616925E1AC4621C0016523C /* GameModel.swift */; };
		96265A4E1AC3DF080009809F /* StarNode.swift in Sources */ = {isa = PBXBuildFile; fileRef = 96265A4D1AC3DF080009809F /* StarNode.swift */; };
		9660B9FF1AC44F4A00A053A2 /* LoadingCattleNode.swift in Sources */ = {isa = PBXBuildFile; fileRef = 9660B9FE1AC44F4A00A053A2 /* LoadingCattleNode.swift */; };
		967F6D891AC55C1B00B50207 /* Animal.swift in Sources */ = {isa = PBXBuildFile; fileRef = 967F6D881AC55C1B00B50207 /* Animal.swift */; };
		96972B461AC2C77000FF2DC5 /* AppDelegate.swift in Sources */ = {isa = PBXBuildFile; fileRef = 96972B451AC2C77000FF2DC5 /* AppDelegate.swift */; };
		96972B481AC2C77000FF2DC5 /* GameScene.sks in Resources */ = {isa = PBXBuildFile; fileRef = 96972B471AC2C77000FF2DC5 /* GameScene.sks */; };
		96972B4A1AC2C77000FF2DC5 /* GameScene.swift in Sources */ = {isa = PBXBuildFile; fileRef = 96972B491AC2C77000FF2DC5 /* GameScene.swift */; };
		96972B4C1AC2C77000FF2DC5 /* GameViewController.swift in Sources */ = {isa = PBXBuildFile; fileRef = 96972B4B1AC2C77000FF2DC5 /* GameViewController.swift */; };
		96972B4F1AC2C77000FF2DC5 /* Main.storyboard in Resources */ = {isa = PBXBuildFile; fileRef = 96972B4D1AC2C77000FF2DC5 /* Main.storyboard */; };
		96972B511AC2C77000FF2DC5 /* Images.xcassets in Resources */ = {isa = PBXBuildFile; fileRef = 96972B501AC2C77000FF2DC5 /* Images.xcassets */; };
		96972B541AC2C77000FF2DC5 /* LaunchScreen.xib in Resources */ = {isa = PBXBuildFile; fileRef = 96972B521AC2C77000FF2DC5 /* LaunchScreen.xib */; };
		96972B601AC2C77000FF2DC5 /* CattleBattleTests.swift in Sources */ = {isa = PBXBuildFile; fileRef = 96972B5F1AC2C77000FF2DC5 /* CattleBattleTests.swift */; };
		96B4937F1AC7E77A00F24D0B /* Constant.swift in Sources */ = {isa = PBXBuildFile; fileRef = 96B4937E1AC7E77A00F24D0B /* Constant.swift */; };
		C305980E1ACA98A300DF94D8 /* goat_black_1.png in Resources */ = {isa = PBXBuildFile; fileRef = C30598051ACA98A300DF94D8 /* goat_black_1.png */; };
		C305980F1ACA98A300DF94D8 /* goat_black_2.png in Resources */ = {isa = PBXBuildFile; fileRef = C30598061ACA98A300DF94D8 /* goat_black_2.png */; };
		C30598101ACA98A300DF94D8 /* goat_black_3.png in Resources */ = {isa = PBXBuildFile; fileRef = C30598071ACA98A300DF94D8 /* goat_black_3.png */; };
		C30598111ACA98A300DF94D8 /* goat_black_4.png in Resources */ = {isa = PBXBuildFile; fileRef = C30598081ACA98A300DF94D8 /* goat_black_4.png */; };
		C30598121ACA98A300DF94D8 /* goat_white_1.png in Resources */ = {isa = PBXBuildFile; fileRef = C305980A1ACA98A300DF94D8 /* goat_white_1.png */; };
		C30598131ACA98A300DF94D8 /* goat_white_2.png in Resources */ = {isa = PBXBuildFile; fileRef = C305980B1ACA98A300DF94D8 /* goat_white_2.png */; };
		C30598141ACA98A300DF94D8 /* goat_white_3.png in Resources */ = {isa = PBXBuildFile; fileRef = C305980C1ACA98A300DF94D8 /* goat_white_3.png */; };
		C30598151ACA98A300DF94D8 /* goat_white_4.png in Resources */ = {isa = PBXBuildFile; fileRef = C305980D1ACA98A300DF94D8 /* goat_white_4.png */; };
		C3AE5D361ACAAD5400E8E8F2 /* goat_black_5.png in Resources */ = {isa = PBXBuildFile; fileRef = C3AE5D351ACAAD5400E8E8F2 /* goat_black_5.png */; };
		C3AE5D381ACAAD7500E8E8F2 /* goat_white_5.png in Resources */ = {isa = PBXBuildFile; fileRef = C3AE5D371ACAAD7500E8E8F2 /* goat_white_5.png */; };
/* End PBXBuildFile section */

/* Begin PBXContainerItemProxy section */
		96972B5A1AC2C77000FF2DC5 /* PBXContainerItemProxy */ = {
			isa = PBXContainerItemProxy;
			containerPortal = 96972B381AC2C76F00FF2DC5 /* Project object */;
			proxyType = 1;
			remoteGlobalIDString = 96972B3F1AC2C76F00FF2DC5;
			remoteInfo = CattleBattle;
		};
/* End PBXContainerItemProxy section */

/* Begin PBXFileReference section */
		9601A6C81AC5B34700B44CF1 /* greenStar.png */ = {isa = PBXFileReference; lastKnownFileType = image.png; path = greenStar.png; sourceTree = "<group>"; };
		9601A6CA1AC5BC0800B44CF1 /* blueStar.png */ = {isa = PBXFileReference; lastKnownFileType = image.png; path = blueStar.png; sourceTree = "<group>"; };
		9601A6CC1AC5BC2000B44CF1 /* yellowStar.png */ = {isa = PBXFileReference; lastKnownFileType = image.png; path = yellowStar.png; sourceTree = "<group>"; };
		9602289A1AC57378002CE21F /* redStar.png */ = {isa = PBXFileReference; lastKnownFileType = image.png; path = redStar.png; sourceTree = "<group>"; };
		9602289C1AC57378002CE21F /* purpleStar.png */ = {isa = PBXFileReference; lastKnownFileType = image.png; path = purpleStar.png; sourceTree = "<group>"; };
		960228A01AC59355002CE21F /* misc.swift */ = {isa = PBXFileReference; fileEncoding = 4; lastKnownFileType = sourcecode.swift; path = misc.swift; sourceTree = "<group>"; };
		9603D7191AC3F7E3004D3C48 /* Bridge-new.png */ = {isa = PBXFileReference; lastKnownFileType = image.png; path = "Bridge-new.png"; sourceTree = "<group>"; };
		9616925E1AC4621C0016523C /* GameModel.swift */ = {isa = PBXFileReference; fileEncoding = 4; lastKnownFileType = sourcecode.swift; path = GameModel.swift; sourceTree = "<group>"; };
		96265A4D1AC3DF080009809F /* StarNode.swift */ = {isa = PBXFileReference; fileEncoding = 4; lastKnownFileType = sourcecode.swift; path = StarNode.swift; sourceTree = "<group>"; };
		9660B9FE1AC44F4A00A053A2 /* LoadingCattleNode.swift */ = {isa = PBXFileReference; fileEncoding = 4; lastKnownFileType = sourcecode.swift; path = LoadingCattleNode.swift; sourceTree = "<group>"; };
		967F6D881AC55C1B00B50207 /* Animal.swift */ = {isa = PBXFileReference; fileEncoding = 4; lastKnownFileType = sourcecode.swift; path = Animal.swift; sourceTree = "<group>"; };
		96972B401AC2C77000FF2DC5 /* CattleBattle.app */ = {isa = PBXFileReference; explicitFileType = wrapper.application; includeInIndex = 0; path = CattleBattle.app; sourceTree = BUILT_PRODUCTS_DIR; };
		96972B441AC2C77000FF2DC5 /* Info.plist */ = {isa = PBXFileReference; lastKnownFileType = text.plist.xml; path = Info.plist; sourceTree = "<group>"; };
		96972B451AC2C77000FF2DC5 /* AppDelegate.swift */ = {isa = PBXFileReference; lastKnownFileType = sourcecode.swift; path = AppDelegate.swift; sourceTree = "<group>"; };
		96972B471AC2C77000FF2DC5 /* GameScene.sks */ = {isa = PBXFileReference; lastKnownFileType = file.sks; path = GameScene.sks; sourceTree = "<group>"; };
		96972B491AC2C77000FF2DC5 /* GameScene.swift */ = {isa = PBXFileReference; lastKnownFileType = sourcecode.swift; path = GameScene.swift; sourceTree = "<group>"; };
		96972B4B1AC2C77000FF2DC5 /* GameViewController.swift */ = {isa = PBXFileReference; lastKnownFileType = sourcecode.swift; path = GameViewController.swift; sourceTree = "<group>"; };
		96972B4E1AC2C77000FF2DC5 /* Base */ = {isa = PBXFileReference; lastKnownFileType = file.storyboard; name = Base; path = Base.lproj/Main.storyboard; sourceTree = "<group>"; };
		96972B501AC2C77000FF2DC5 /* Images.xcassets */ = {isa = PBXFileReference; lastKnownFileType = folder.assetcatalog; path = Images.xcassets; sourceTree = "<group>"; };
		96972B531AC2C77000FF2DC5 /* Base */ = {isa = PBXFileReference; lastKnownFileType = file.xib; name = Base; path = Base.lproj/LaunchScreen.xib; sourceTree = "<group>"; };
		96972B591AC2C77000FF2DC5 /* CattleBattleTests.xctest */ = {isa = PBXFileReference; explicitFileType = wrapper.cfbundle; includeInIndex = 0; path = CattleBattleTests.xctest; sourceTree = BUILT_PRODUCTS_DIR; };
		96972B5E1AC2C77000FF2DC5 /* Info.plist */ = {isa = PBXFileReference; lastKnownFileType = text.plist.xml; path = Info.plist; sourceTree = "<group>"; };
		96972B5F1AC2C77000FF2DC5 /* CattleBattleTests.swift */ = {isa = PBXFileReference; lastKnownFileType = sourcecode.swift; path = CattleBattleTests.swift; sourceTree = "<group>"; };
		96B4937E1AC7E77A00F24D0B /* Constant.swift */ = {isa = PBXFileReference; fileEncoding = 4; lastKnownFileType = sourcecode.swift; path = Constant.swift; sourceTree = "<group>"; };
		C30598051ACA98A300DF94D8 /* goat_black_1.png */ = {isa = PBXFileReference; lastKnownFileType = image.png; path = goat_black_1.png; sourceTree = "<group>"; };
		C30598061ACA98A300DF94D8 /* goat_black_2.png */ = {isa = PBXFileReference; lastKnownFileType = image.png; path = goat_black_2.png; sourceTree = "<group>"; };
		C30598071ACA98A300DF94D8 /* goat_black_3.png */ = {isa = PBXFileReference; lastKnownFileType = image.png; path = goat_black_3.png; sourceTree = "<group>"; };
		C30598081ACA98A300DF94D8 /* goat_black_4.png */ = {isa = PBXFileReference; lastKnownFileType = image.png; path = goat_black_4.png; sourceTree = "<group>"; };
		C305980A1ACA98A300DF94D8 /* goat_white_1.png */ = {isa = PBXFileReference; lastKnownFileType = image.png; path = goat_white_1.png; sourceTree = "<group>"; };
		C305980B1ACA98A300DF94D8 /* goat_white_2.png */ = {isa = PBXFileReference; lastKnownFileType = image.png; path = goat_white_2.png; sourceTree = "<group>"; };
		C305980C1ACA98A300DF94D8 /* goat_white_3.png */ = {isa = PBXFileReference; lastKnownFileType = image.png; path = goat_white_3.png; sourceTree = "<group>"; };
		C305980D1ACA98A300DF94D8 /* goat_white_4.png */ = {isa = PBXFileReference; lastKnownFileType = image.png; path = goat_white_4.png; sourceTree = "<group>"; };
		C3AE5D351ACAAD5400E8E8F2 /* goat_black_5.png */ = {isa = PBXFileReference; lastKnownFileType = image.png; path = goat_black_5.png; sourceTree = "<group>"; };
		C3AE5D371ACAAD7500E8E8F2 /* goat_white_5.png */ = {isa = PBXFileReference; lastKnownFileType = image.png; path = goat_white_5.png; sourceTree = "<group>"; };
/* End PBXFileReference section */

/* Begin PBXFrameworksBuildPhase section */
		96972B3D1AC2C76F00FF2DC5 /* Frameworks */ = {
			isa = PBXFrameworksBuildPhase;
			buildActionMask = 2147483647;
			files = (
			);
			runOnlyForDeploymentPostprocessing = 0;
		};
		96972B561AC2C77000FF2DC5 /* Frameworks */ = {
			isa = PBXFrameworksBuildPhase;
			buildActionMask = 2147483647;
			files = (
			);
			runOnlyForDeploymentPostprocessing = 0;
		};
/* End PBXFrameworksBuildPhase section */

/* Begin PBXGroup section */
		96972B371AC2C76F00FF2DC5 = {
			isa = PBXGroup;
			children = (
				96972B421AC2C77000FF2DC5 /* CattleBattle */,
				96972B5C1AC2C77000FF2DC5 /* CattleBattleTests */,
				96972B411AC2C77000FF2DC5 /* Products */,
			);
			sourceTree = "<group>";
		};
		96972B411AC2C77000FF2DC5 /* Products */ = {
			isa = PBXGroup;
			children = (
				96972B401AC2C77000FF2DC5 /* CattleBattle.app */,
				96972B591AC2C77000FF2DC5 /* CattleBattleTests.xctest */,
			);
			name = Products;
			sourceTree = "<group>";
		};
		96972B421AC2C77000FF2DC5 /* CattleBattle */ = {
			isa = PBXGroup;
			children = (
				96972B451AC2C77000FF2DC5 /* AppDelegate.swift */,
				96972B471AC2C77000FF2DC5 /* GameScene.sks */,
				96972B491AC2C77000FF2DC5 /* GameScene.swift */,
				96972B4B1AC2C77000FF2DC5 /* GameViewController.swift */,
				96265A4D1AC3DF080009809F /* StarNode.swift */,
				9616925E1AC4621C0016523C /* GameModel.swift */,
				9660B9FE1AC44F4A00A053A2 /* LoadingCattleNode.swift */,
				967F6D881AC55C1B00B50207 /* Animal.swift */,
				96B4937E1AC7E77A00F24D0B /* Constant.swift */,
				960228A01AC59355002CE21F /* misc.swift */,
				96972B4D1AC2C77000FF2DC5 /* Main.storyboard */,
				96972B501AC2C77000FF2DC5 /* Images.xcassets */,
				96972B521AC2C77000FF2DC5 /* LaunchScreen.xib */,
				C34E580A1AC98E96000E282B /* Images */,
				96972B431AC2C77000FF2DC5 /* Supporting Files */,
			);
			path = CattleBattle;
			sourceTree = "<group>";
		};
		96972B431AC2C77000FF2DC5 /* Supporting Files */ = {
			isa = PBXGroup;
			children = (
				96972B441AC2C77000FF2DC5 /* Info.plist */,
			);
			name = "Supporting Files";
			sourceTree = "<group>";
		};
		96972B5C1AC2C77000FF2DC5 /* CattleBattleTests */ = {
			isa = PBXGroup;
			children = (
				96972B5F1AC2C77000FF2DC5 /* CattleBattleTests.swift */,
				96972B5D1AC2C77000FF2DC5 /* Supporting Files */,
			);
			path = CattleBattleTests;
			sourceTree = "<group>";
		};
		96972B5D1AC2C77000FF2DC5 /* Supporting Files */ = {
			isa = PBXGroup;
			children = (
				96972B5E1AC2C77000FF2DC5 /* Info.plist */,
			);
			name = "Supporting Files";
			sourceTree = "<group>";
		};
		C30598031ACA98A300DF94D8 /* Goat */ = {
			isa = PBXGroup;
			children = (
				C30598041ACA98A300DF94D8 /* Black */,
				C30598091ACA98A300DF94D8 /* White */,
			);
			path = Goat;
			sourceTree = "<group>";
		};
		C30598041ACA98A300DF94D8 /* Black */ = {
			isa = PBXGroup;
			children = (
				C30598051ACA98A300DF94D8 /* goat_black_1.png */,
				C30598061ACA98A300DF94D8 /* goat_black_2.png */,
				C30598071ACA98A300DF94D8 /* goat_black_3.png */,
				C30598081ACA98A300DF94D8 /* goat_black_4.png */,
				C3AE5D351ACAAD5400E8E8F2 /* goat_black_5.png */,
			);
			path = Black;
			sourceTree = "<group>";
		};
		C30598091ACA98A300DF94D8 /* White */ = {
			isa = PBXGroup;
			children = (
				C305980A1ACA98A300DF94D8 /* goat_white_1.png */,
				C305980B1ACA98A300DF94D8 /* goat_white_2.png */,
				C305980C1ACA98A300DF94D8 /* goat_white_3.png */,
				C305980D1ACA98A300DF94D8 /* goat_white_4.png */,
				C3AE5D371ACAAD7500E8E8F2 /* goat_white_5.png */,
			);
			path = White;
			sourceTree = "<group>";
		};
		C34E580A1AC98E96000E282B /* Images */ = {
			isa = PBXGroup;
			children = (
				C30598031ACA98A300DF94D8 /* Goat */,
				9603D7191AC3F7E3004D3C48 /* Bridge-new.png */,
				9602289A1AC57378002CE21F /* redStar.png */,
				9602289C1AC57378002CE21F /* purpleStar.png */,
				9601A6CC1AC5BC2000B44CF1 /* yellowStar.png */,
				9601A6CA1AC5BC0800B44CF1 /* blueStar.png */,
				9601A6C81AC5B34700B44CF1 /* greenStar.png */,
			);
			path = Images;
			sourceTree = "<group>";
		};
/* End PBXGroup section */

/* Begin PBXNativeTarget section */
		96972B3F1AC2C76F00FF2DC5 /* CattleBattle */ = {
			isa = PBXNativeTarget;
			buildConfigurationList = 96972B631AC2C77000FF2DC5 /* Build configuration list for PBXNativeTarget "CattleBattle" */;
			buildPhases = (
				96972B3C1AC2C76F00FF2DC5 /* Sources */,
				96972B3D1AC2C76F00FF2DC5 /* Frameworks */,
				96972B3E1AC2C76F00FF2DC5 /* Resources */,
			);
			buildRules = (
			);
			dependencies = (
			);
			name = CattleBattle;
			productName = CattleBattle;
			productReference = 96972B401AC2C77000FF2DC5 /* CattleBattle.app */;
			productType = "com.apple.product-type.application";
		};
		96972B581AC2C77000FF2DC5 /* CattleBattleTests */ = {
			isa = PBXNativeTarget;
			buildConfigurationList = 96972B661AC2C77000FF2DC5 /* Build configuration list for PBXNativeTarget "CattleBattleTests" */;
			buildPhases = (
				96972B551AC2C77000FF2DC5 /* Sources */,
				96972B561AC2C77000FF2DC5 /* Frameworks */,
				96972B571AC2C77000FF2DC5 /* Resources */,
			);
			buildRules = (
			);
			dependencies = (
				96972B5B1AC2C77000FF2DC5 /* PBXTargetDependency */,
			);
			name = CattleBattleTests;
			productName = CattleBattleTests;
			productReference = 96972B591AC2C77000FF2DC5 /* CattleBattleTests.xctest */;
			productType = "com.apple.product-type.bundle.unit-test";
		};
/* End PBXNativeTarget section */

/* Begin PBXProject section */
		96972B381AC2C76F00FF2DC5 /* Project object */ = {
			isa = PBXProject;
			attributes = {
				LastUpgradeCheck = 0630;
				ORGANIZATIONNAME = "Cattle Battle";
				TargetAttributes = {
					96972B3F1AC2C76F00FF2DC5 = {
						CreatedOnToolsVersion = 6.3;
						DevelopmentTeam = W76H98A34A;
					};
					96972B581AC2C77000FF2DC5 = {
						CreatedOnToolsVersion = 6.3;
						TestTargetID = 96972B3F1AC2C76F00FF2DC5;
					};
				};
			};
			buildConfigurationList = 96972B3B1AC2C76F00FF2DC5 /* Build configuration list for PBXProject "CattleBattle" */;
			compatibilityVersion = "Xcode 3.2";
			developmentRegion = English;
			hasScannedForEncodings = 0;
			knownRegions = (
				en,
				Base,
			);
			mainGroup = 96972B371AC2C76F00FF2DC5;
			productRefGroup = 96972B411AC2C77000FF2DC5 /* Products */;
			projectDirPath = "";
			projectRoot = "";
			targets = (
				96972B3F1AC2C76F00FF2DC5 /* CattleBattle */,
				96972B581AC2C77000FF2DC5 /* CattleBattleTests */,
			);
		};
/* End PBXProject section */

/* Begin PBXResourcesBuildPhase section */
		96972B3E1AC2C76F00FF2DC5 /* Resources */ = {
			isa = PBXResourcesBuildPhase;
			buildActionMask = 2147483647;
			files = (
				9602289F1AC57378002CE21F /* purpleStar.png in Resources */,
				C30598151ACA98A300DF94D8 /* goat_white_4.png in Resources */,
				9601A6C91AC5B34700B44CF1 /* greenStar.png in Resources */,
				9602289D1AC57378002CE21F /* redStar.png in Resources */,
				C305980F1ACA98A300DF94D8 /* goat_black_2.png in Resources */,
				C30598121ACA98A300DF94D8 /* goat_white_1.png in Resources */,
				9601A6CD1AC5BC2000B44CF1 /* yellowStar.png in Resources */,
				C30598141ACA98A300DF94D8 /* goat_white_3.png in Resources */,
				96972B541AC2C77000FF2DC5 /* LaunchScreen.xib in Resources */,
				C305980E1ACA98A300DF94D8 /* goat_black_1.png in Resources */,
				9603D71A1AC3F7E3004D3C48 /* Bridge-new.png in Resources */,
				96972B511AC2C77000FF2DC5 /* Images.xcassets in Resources */,
				96972B481AC2C77000FF2DC5 /* GameScene.sks in Resources */,
				C30598101ACA98A300DF94D8 /* goat_black_3.png in Resources */,
				C3AE5D381ACAAD7500E8E8F2 /* goat_white_5.png in Resources */,
				C30598111ACA98A300DF94D8 /* goat_black_4.png in Resources */,
				96972B4F1AC2C77000FF2DC5 /* Main.storyboard in Resources */,
				C3AE5D361ACAAD5400E8E8F2 /* goat_black_5.png in Resources */,
				9601A6CB1AC5BC0800B44CF1 /* blueStar.png in Resources */,
				C30598131ACA98A300DF94D8 /* goat_white_2.png in Resources */,
			);
			runOnlyForDeploymentPostprocessing = 0;
		};
		96972B571AC2C77000FF2DC5 /* Resources */ = {
			isa = PBXResourcesBuildPhase;
			buildActionMask = 2147483647;
			files = (
			);
			runOnlyForDeploymentPostprocessing = 0;
		};
/* End PBXResourcesBuildPhase section */

/* Begin PBXSourcesBuildPhase section */
		96972B3C1AC2C76F00FF2DC5 /* Sources */ = {
			isa = PBXSourcesBuildPhase;
			buildActionMask = 2147483647;
			files = (
				96265A4E1AC3DF080009809F /* StarNode.swift in Sources */,
				960228A11AC59355002CE21F /* misc.swift in Sources */,
				96B4937F1AC7E77A00F24D0B /* Constant.swift in Sources */,
				96972B4A1AC2C77000FF2DC5 /* GameScene.swift in Sources */,
				96972B4C1AC2C77000FF2DC5 /* GameViewController.swift in Sources */,
				96972B461AC2C77000FF2DC5 /* AppDelegate.swift in Sources */,
				967F6D891AC55C1B00B50207 /* Animal.swift in Sources */,
				9660B9FF1AC44F4A00A053A2 /* LoadingCattleNode.swift in Sources */,
				9616925F1AC4621C0016523C /* GameModel.swift in Sources */,
			);
			runOnlyForDeploymentPostprocessing = 0;
		};
		96972B551AC2C77000FF2DC5 /* Sources */ = {
			isa = PBXSourcesBuildPhase;
			buildActionMask = 2147483647;
			files = (
				96972B601AC2C77000FF2DC5 /* CattleBattleTests.swift in Sources */,
			);
			runOnlyForDeploymentPostprocessing = 0;
		};
/* End PBXSourcesBuildPhase section */

/* Begin PBXTargetDependency section */
		96972B5B1AC2C77000FF2DC5 /* PBXTargetDependency */ = {
			isa = PBXTargetDependency;
			target = 96972B3F1AC2C76F00FF2DC5 /* CattleBattle */;
			targetProxy = 96972B5A1AC2C77000FF2DC5 /* PBXContainerItemProxy */;
		};
/* End PBXTargetDependency section */

/* Begin PBXVariantGroup section */
		96972B4D1AC2C77000FF2DC5 /* Main.storyboard */ = {
			isa = PBXVariantGroup;
			children = (
				96972B4E1AC2C77000FF2DC5 /* Base */,
			);
			name = Main.storyboard;
			sourceTree = "<group>";
		};
		96972B521AC2C77000FF2DC5 /* LaunchScreen.xib */ = {
			isa = PBXVariantGroup;
			children = (
				96972B531AC2C77000FF2DC5 /* Base */,
			);
			name = LaunchScreen.xib;
			sourceTree = "<group>";
		};
/* End PBXVariantGroup section */

/* Begin XCBuildConfiguration section */
		96972B611AC2C77000FF2DC5 /* Debug */ = {
			isa = XCBuildConfiguration;
			buildSettings = {
				ALWAYS_SEARCH_USER_PATHS = NO;
				CLANG_CXX_LANGUAGE_STANDARD = "gnu++0x";
				CLANG_CXX_LIBRARY = "libc++";
				CLANG_ENABLE_MODULES = YES;
				CLANG_ENABLE_OBJC_ARC = YES;
				CLANG_WARN_BOOL_CONVERSION = YES;
				CLANG_WARN_CONSTANT_CONVERSION = YES;
				CLANG_WARN_DIRECT_OBJC_ISA_USAGE = YES_ERROR;
				CLANG_WARN_EMPTY_BODY = YES;
				CLANG_WARN_ENUM_CONVERSION = YES;
				CLANG_WARN_INT_CONVERSION = YES;
				CLANG_WARN_OBJC_ROOT_CLASS = YES_ERROR;
				CLANG_WARN_UNREACHABLE_CODE = YES;
				CLANG_WARN__DUPLICATE_METHOD_MATCH = YES;
				"CODE_SIGN_IDENTITY[sdk=iphoneos*]" = "iPhone Developer";
				COPY_PHASE_STRIP = NO;
				DEBUG_INFORMATION_FORMAT = "dwarf-with-dsym";
				ENABLE_STRICT_OBJC_MSGSEND = YES;
				GCC_C_LANGUAGE_STANDARD = gnu99;
				GCC_DYNAMIC_NO_PIC = NO;
				GCC_NO_COMMON_BLOCKS = YES;
				GCC_OPTIMIZATION_LEVEL = 0;
				GCC_PREPROCESSOR_DEFINITIONS = (
					"DEBUG=1",
					"$(inherited)",
				);
				GCC_SYMBOLS_PRIVATE_EXTERN = NO;
				GCC_WARN_64_TO_32_BIT_CONVERSION = YES;
				GCC_WARN_ABOUT_RETURN_TYPE = YES_ERROR;
				GCC_WARN_UNDECLARED_SELECTOR = YES;
				GCC_WARN_UNINITIALIZED_AUTOS = YES_AGGRESSIVE;
				GCC_WARN_UNUSED_FUNCTION = YES;
				GCC_WARN_UNUSED_VARIABLE = YES;
				IPHONEOS_DEPLOYMENT_TARGET = 8.2;
				MTL_ENABLE_DEBUG_INFO = YES;
				ONLY_ACTIVE_ARCH = YES;
				SDKROOT = iphoneos;
				SWIFT_OPTIMIZATION_LEVEL = "-Onone";
				TARGETED_DEVICE_FAMILY = 2;
			};
			name = Debug;
		};
		96972B621AC2C77000FF2DC5 /* Release */ = {
			isa = XCBuildConfiguration;
			buildSettings = {
				ALWAYS_SEARCH_USER_PATHS = NO;
				CLANG_CXX_LANGUAGE_STANDARD = "gnu++0x";
				CLANG_CXX_LIBRARY = "libc++";
				CLANG_ENABLE_MODULES = YES;
				CLANG_ENABLE_OBJC_ARC = YES;
				CLANG_WARN_BOOL_CONVERSION = YES;
				CLANG_WARN_CONSTANT_CONVERSION = YES;
				CLANG_WARN_DIRECT_OBJC_ISA_USAGE = YES_ERROR;
				CLANG_WARN_EMPTY_BODY = YES;
				CLANG_WARN_ENUM_CONVERSION = YES;
				CLANG_WARN_INT_CONVERSION = YES;
				CLANG_WARN_OBJC_ROOT_CLASS = YES_ERROR;
				CLANG_WARN_UNREACHABLE_CODE = YES;
				CLANG_WARN__DUPLICATE_METHOD_MATCH = YES;
				"CODE_SIGN_IDENTITY[sdk=iphoneos*]" = "iPhone Developer";
				COPY_PHASE_STRIP = NO;
				DEBUG_INFORMATION_FORMAT = "dwarf-with-dsym";
				ENABLE_NS_ASSERTIONS = NO;
				ENABLE_STRICT_OBJC_MSGSEND = YES;
				GCC_C_LANGUAGE_STANDARD = gnu99;
				GCC_NO_COMMON_BLOCKS = YES;
				GCC_WARN_64_TO_32_BIT_CONVERSION = YES;
				GCC_WARN_ABOUT_RETURN_TYPE = YES_ERROR;
				GCC_WARN_UNDECLARED_SELECTOR = YES;
				GCC_WARN_UNINITIALIZED_AUTOS = YES_AGGRESSIVE;
				GCC_WARN_UNUSED_FUNCTION = YES;
				GCC_WARN_UNUSED_VARIABLE = YES;
				IPHONEOS_DEPLOYMENT_TARGET = 8.2;
				MTL_ENABLE_DEBUG_INFO = NO;
				SDKROOT = iphoneos;
				TARGETED_DEVICE_FAMILY = 2;
				VALIDATE_PRODUCT = YES;
			};
			name = Release;
		};
		96972B641AC2C77000FF2DC5 /* Debug */ = {
			isa = XCBuildConfiguration;
			buildSettings = {
				ASSETCATALOG_COMPILER_APPICON_NAME = AppIcon;
				CODE_SIGN_IDENTITY = "iPhone Developer";
				INFOPLIST_FILE = CattleBattle/Info.plist;
				IPHONEOS_DEPLOYMENT_TARGET = 8.2;
				LD_RUNPATH_SEARCH_PATHS = "$(inherited) @executable_path/Frameworks";
				PRODUCT_NAME = "$(TARGET_NAME)";
				TARGETED_DEVICE_FAMILY = 2;
			};
			name = Debug;
		};
		96972B651AC2C77000FF2DC5 /* Release */ = {
			isa = XCBuildConfiguration;
			buildSettings = {
				ASSETCATALOG_COMPILER_APPICON_NAME = AppIcon;
				CODE_SIGN_IDENTITY = "iPhone Developer";
				INFOPLIST_FILE = CattleBattle/Info.plist;
				IPHONEOS_DEPLOYMENT_TARGET = 8.2;
				LD_RUNPATH_SEARCH_PATHS = "$(inherited) @executable_path/Frameworks";
				PRODUCT_NAME = "$(TARGET_NAME)";
				TARGETED_DEVICE_FAMILY = 2;
			};
			name = Release;
		};
		96972B671AC2C77000FF2DC5 /* Debug */ = {
			isa = XCBuildConfiguration;
			buildSettings = {
				BUNDLE_LOADER = "$(TEST_HOST)";
				FRAMEWORK_SEARCH_PATHS = (
					"$(SDKROOT)/Developer/Library/Frameworks",
					"$(inherited)",
				);
				GCC_PREPROCESSOR_DEFINITIONS = (
					"DEBUG=1",
					"$(inherited)",
				);
				INFOPLIST_FILE = CattleBattleTests/Info.plist;
				IPHONEOS_DEPLOYMENT_TARGET = 8.2;
				LD_RUNPATH_SEARCH_PATHS = "$(inherited) @executable_path/Frameworks @loader_path/Frameworks";
				PRODUCT_NAME = "$(TARGET_NAME)";
				TEST_HOST = "$(BUILT_PRODUCTS_DIR)/CattleBattle.app/CattleBattle";
			};
			name = Debug;
		};
		96972B681AC2C77000FF2DC5 /* Release */ = {
			isa = XCBuildConfiguration;
			buildSettings = {
				BUNDLE_LOADER = "$(TEST_HOST)";
				FRAMEWORK_SEARCH_PATHS = (
					"$(SDKROOT)/Developer/Library/Frameworks",
					"$(inherited)",
				);
				INFOPLIST_FILE = CattleBattleTests/Info.plist;
				IPHONEOS_DEPLOYMENT_TARGET = 8.2;
				LD_RUNPATH_SEARCH_PATHS = "$(inherited) @executable_path/Frameworks @loader_path/Frameworks";
				PRODUCT_NAME = "$(TARGET_NAME)";
				TEST_HOST = "$(BUILT_PRODUCTS_DIR)/CattleBattle.app/CattleBattle";
			};
			name = Release;
		};
/* End XCBuildConfiguration section */

/* Begin XCConfigurationList section */
		96972B3B1AC2C76F00FF2DC5 /* Build configuration list for PBXProject "CattleBattle" */ = {
			isa = XCConfigurationList;
			buildConfigurations = (
				96972B611AC2C77000FF2DC5 /* Debug */,
				96972B621AC2C77000FF2DC5 /* Release */,
			);
			defaultConfigurationIsVisible = 0;
			defaultConfigurationName = Release;
		};
		96972B631AC2C77000FF2DC5 /* Build configuration list for PBXNativeTarget "CattleBattle" */ = {
			isa = XCConfigurationList;
			buildConfigurations = (
				96972B641AC2C77000FF2DC5 /* Debug */,
				96972B651AC2C77000FF2DC5 /* Release */,
			);
			defaultConfigurationIsVisible = 0;
			defaultConfigurationName = Release;
		};
		96972B661AC2C77000FF2DC5 /* Build configuration list for PBXNativeTarget "CattleBattleTests" */ = {
			isa = XCConfigurationList;
			buildConfigurations = (
				96972B671AC2C77000FF2DC5 /* Debug */,
				96972B681AC2C77000FF2DC5 /* Release */,
			);
			defaultConfigurationIsVisible = 0;
			defaultConfigurationName = Release;
		};
/* End XCConfigurationList section */
	};
	rootObject = 96972B381AC2C76F00FF2DC5 /* Project object */;
}
